Microsoft Visual Studio Solution File, Format Version 10.00
# Visual Studio 2008
Project("{2150E333-8FDC-42A3-9474-1A3956D46DE8}") = "NIDLs", "NIDLs", "{798777e9-b38c-4974-bee3-b1cd45f6a1e6}"
EndProject
Project("{2150E333-8FDC-42A3-9474-1A3956D46DE8}") = "Libs", "Libs", "{832A854F-2030-4EA4-86FE-EDEEC017E78E}"
EndProject
Project("{8BC9CEB8-8B4A-11D0-8D11-00A0C91BC942}") = "attr_win32", "attr_win32.vcproj", "{6D6B810D-F4A1-478D-88AA-5403F5BACFD4}"
EndProject
Project("{8BC9CEB8-8B4A-11D0-8D11-00A0C91BC942}") = "audio2_nidls_win32", "audio2_nidls_win32.vcproj", "{3D8BF9D0-BA49-428B-A1DD-C68DBA4D842D}"
EndProject
Project("{8BC9CEB8-8B4A-11D0-8D11-00A0C91BC942}") = "audio2_win32", "audio2_win32.vcproj", "{BFAD990B-8CBF-4E5B-BC6A-3C31986EF047}"
	ProjectSection(ProjectDependencies) = postProject
		{3D8BF9D0-BA49-428B-A1DD-C68DBA4D842D} = {3D8BF9D0-BA49-428B-A1DD-C68DBA4D842D}
	EndProjectSection
EndProject
Project("{8BC9CEB8-8B4A-11D0-8D11-00A0C91BC942}") = "db_win32", "db_win32.vcproj", "{2D896152-9351-44EF-8305-BD51B28B21D7}"
EndProject
Project("{8BC9CEB8-8B4A-11D0-8D11-00A0C91BC942}") = "physics_win32", "physics_win32.vcproj", "{1450DAF5-CBE9-47B1-A067-F014E092AF89}"
EndProject
Project("{8BC9CEB8-8B4A-11D0-8D11-00A0C91BC942}") = "network_nidls_win32", "network_nidls_win32.vcproj", "{A1E21D74-AF16-4FD8-ABE3-85ACAF4F7233}"
EndProject
Project("{8BC9CEB8-8B4A-11D0-8D11-00A0C91BC942}") = "network_win32", "network_win32.vcproj", "{DCEA9C68-AA59-4DEF-ACBB-F940CD321915}"
	ProjectSection(ProjectDependencies) = postProject
		{A1E21D74-AF16-4FD8-ABE3-85ACAF4F7233} = {A1E21D74-AF16-4FD8-ABE3-85ACAF4F7233}
		{43189CC0-11C5-4995-ACDB-EBCFD9BAC127} = {43189CC0-11C5-4995-ACDB-EBCFD9BAC127}
	EndProjectSection
EndProject
Project("{8BC9CEB8-8B4A-11D0-8D11-00A0C91BC942}") = "scripting_nidls_win32", "scripting_nidls_win32.vcproj", "{109E0E0E-44CE-4B62-A5B7-14CBC65F064B}"
EndProject
Project("{8BC9CEB8-8B4A-11D0-8D11-00A0C91BC942}") = "scripting_win32", "scripting_win32.vcproj", "{BFEEE2BA-8171-4969-8633-EDDE330BB42E}"
	ProjectSection(ProjectDependencies) = postProject
		{109E0E0E-44CE-4B62-A5B7-14CBC65F064B} = {109E0E0E-44CE-4B62-A5B7-14CBC65F064B}
	EndProjectSection
EndProject
Project("{8BC9CEB8-8B4A-11D0-8D11-00A0C91BC942}") = "remote_nidls_win32", "remote_nidls_win32.vcproj", "{9A3E1222-B59A-424C-B3F7-A2D2BB7B4B4A}"
EndProject
Project("{8BC9CEB8-8B4A-11D0-8D11-00A0C91BC942}") = "remote_win32", "remote_win32.vcproj", "{F7980AD9-6E07-493A-8B10-261FF07EF74F}"
	ProjectSection(ProjectDependencies) = postProject
		{9A3E1222-B59A-424C-B3F7-A2D2BB7B4B4A} = {9A3E1222-B59A-424C-B3F7-A2D2BB7B4B4A}
	EndProjectSection
EndProject
Project("{8BC9CEB8-8B4A-11D0-8D11-00A0C91BC942}") = "sui_nidls_win32", "sui_nidls_win32.vcproj", "{767F40DD-65C3-4A64-9B38-FF2795CC9A81}"
EndProject
Project("{8BC9CEB8-8B4A-11D0-8D11-00A0C91BC942}") = "sui_win32", "sui_win32.vcproj", "{E9840C41-4119-4654-91D4-B70A150E3855}"
	ProjectSection(ProjectDependencies) = postProject
		{767F40DD-65C3-4A64-9B38-FF2795CC9A81} = {767F40DD-65C3-4A64-9B38-FF2795CC9A81}
	EndProjectSection
EndProject
Project("{8BC9CEB8-8B4A-11D0-8D11-00A0C91BC942}") = "ui_nidls_win32", "ui_nidls_win32.vcproj", "{9EA7D601-AA16-493B-BF99-332AB89E55BE}"
EndProject
Project("{8BC9CEB8-8B4A-11D0-8D11-00A0C91BC942}") = "ui_win32", "ui_win32.vcproj", "{69642D72-CBD9-4ACE-9ED7-C5C86AB6D79E}"
	ProjectSection(ProjectDependencies) = postProject
		{9EA7D601-AA16-493B-BF99-332AB89E55BE} = {9EA7D601-AA16-493B-BF99-332AB89E55BE}
	EndProjectSection
EndProject
Project("{8BC9CEB8-8B4A-11D0-8D11-00A0C91BC942}") = "vibration_nidls_win32", "vibration_nidls_win32.vcproj", "{B646F1F1-67DA-4078-A69F-83191DDAA25F}"
EndProject
Project("{8BC9CEB8-8B4A-11D0-8D11-00A0C91BC942}") = "vibration_win32", "vibration_win32.vcproj", "{1B670862-5DBA-4D5D-B3BA-CB4F1763DB42}"
	ProjectSection(ProjectDependencies) = postProject
		{B646F1F1-67DA-4078-A69F-83191DDAA25F} = {B646F1F1-67DA-4078-A69F-83191DDAA25F}
	EndProjectSection
EndProject
Project("{8BC9CEB8-8B4A-11D0-8D11-00A0C91BC942}") = "video_nidls_win32", "video_nidls_win32.vcproj", "{1D9EFFEC-7681-4D00-990A-D14C03F06284}"
EndProject
Project("{8BC9CEB8-8B4A-11D0-8D11-00A0C91BC942}") = "video_win32", "video_win32.vcproj", "{1BB70FB9-21FC-4C87-9ED4-C8345F56CC2B}"
	ProjectSection(ProjectDependencies) = postProject
		{1D9EFFEC-7681-4D00-990A-D14C03F06284} = {1D9EFFEC-7681-4D00-990A-D14C03F06284}
	EndProjectSection
EndProject
Project("{8BC9CEB8-8B4A-11D0-8D11-00A0C91BC942}") = "fx_nidls_win32", "fx_nidls_win32.vcproj", "{B9F01128-ABC7-4BB8-BD7F-7B34889CCD78}"
EndProject
Project("{8BC9CEB8-8B4A-11D0-8D11-00A0C91BC942}") = "fx_win32", "fx_win32.vcproj", "{E5AC77C5-9A77-47E4-B63B-33EDED5B7CC4}"
	ProjectSection(ProjectDependencies) = postProject
		{B9F01128-ABC7-4BB8-BD7F-7B34889CCD78} = {B9F01128-ABC7-4BB8-BD7F-7B34889CCD78}
	EndProjectSection
EndProject
Project("{8BC9CEB8-8B4A-11D0-8D11-00A0C91BC942}") = "posteffect_nidls_win32", "posteffect_nidls_win32.vcproj", "{769F52AF-D8A1-4DDF-911A-CA74580C485A}"
EndProject
Project("{8BC9CEB8-8B4A-11D0-8D11-00A0C91BC942}") = "posteffect_win32", "posteffect_win32.vcproj", "{23CC628D-C0BD-445E-935C-AF1553D00E27}"
	ProjectSection(ProjectDependencies) = postProject
		{769F52AF-D8A1-4DDF-911A-CA74580C485A} = {769F52AF-D8A1-4DDF-911A-CA74580C485A}
	EndProjectSection
EndProject
Project("{8BC9CEB8-8B4A-11D0-8D11-00A0C91BC942}") = "framecapture_nidls_win32", "framecapture_nidls_win32.vcproj", "{32DCC454-D363-41F1-9554-590F65E85D13}"
EndProject
Project("{8BC9CEB8-8B4A-11D0-8D11-00A0C91BC942}") = "framecapture_win32", "framecapture_win32.vcproj", "{30C77E9A-5251-4F2F-98F3-B927FE6B96E9}"
	ProjectSection(ProjectDependencies) = postProject
		{32DCC454-D363-41F1-9554-590F65E85D13} = {32DCC454-D363-41F1-9554-590F65E85D13}
	EndProjectSection
EndProject
Project("{8BC9CEB8-8B4A-11D0-8D11-00A0C91BC942}") = "forest_nidls_win32", "forest_nidls_win32.vcproj", "{097A3DFE-F62A-4D43-8EFB-8D14B63CD3AC}"
EndProject
Project("{8BC9CEB8-8B4A-11D0-8D11-00A0C91BC942}") = "forest_win32", "forest_win32.vcproj", "{3A9B89BF-C1AF-4A3A-9699-B7B2ED33E678}"
	ProjectSection(ProjectDependencies) = postProject
		{097A3DFE-F62A-4D43-8EFB-8D14B63CD3AC} = {097A3DFE-F62A-4D43-8EFB-8D14B63CD3AC}
	EndProjectSection
EndProject
Project("{8BC9CEB8-8B4A-11D0-8D11-00A0C91BC942}") = "nebula2_addons_win32", "nebula2_addons_win32.vcproj", "{FDC5758A-6615-4C38-9037-88ECC9D70C8A}"
EndProject
Global
	GlobalSection(SolutionConfigurationPlatforms) = preSolution
		Debug|Win32 = Debug|Win32
		Release|Win32 = Release|Win32
		Maya_Debug|Win32 = Maya_Debug|Win32
		Maya_Release|Win32 = Maya_Release|Win32
	EndGlobalSection
	GlobalSection(ProjectConfigurationPlatforms) = postSolution
		{6D6B810D-F4A1-478D-88AA-5403F5BACFD4}.Debug|Win32.ActiveCfg = Debug|Win32
		{6D6B810D-F4A1-478D-88AA-5403F5BACFD4}.Debug|Win32.Build.0 = Debug|Win32
		{6D6B810D-F4A1-478D-88AA-5403F5BACFD4}.Release|Win32.ActiveCfg = Release|Win32
		{6D6B810D-F4A1-478D-88AA-5403F5BACFD4}.Release|Win32.Build.0 = Release|Win32
		{6D6B810D-F4A1-478D-88AA-5403F5BACFD4}.Maya_Debug|Win32.ActiveCfg = Maya_Debug|Win32
		{6D6B810D-F4A1-478D-88AA-5403F5BACFD4}.Maya_Debug|Win32.Build.0 = Maya_Debug|Win32
		{6D6B810D-F4A1-478D-88AA-5403F5BACFD4}.Maya_Release|Win32.ActiveCfg = Maya_Release|Win32
		{6D6B810D-F4A1-478D-88AA-5403F5BACFD4}.Maya_Release|Win32.Build.0 = Maya_Release|Win32
		{3D8BF9D0-BA49-428B-A1DD-C68DBA4D842D}.Debug|Win32.ActiveCfg = Debug|Win32
		{3D8BF9D0-BA49-428B-A1DD-C68DBA4D842D}.Debug|Win32.Build.0 = Debug|Win32
		{3D8BF9D0-BA49-428B-A1DD-C68DBA4D842D}.Release|Win32.ActiveCfg = Release|Win32
		{3D8BF9D0-BA49-428B-A1DD-C68DBA4D842D}.Release|Win32.Build.0 = Release|Win32
		{3D8BF9D0-BA49-428B-A1DD-C68DBA4D842D}.Maya_Debug|Win32.ActiveCfg = Maya_Debug|Win32
		{3D8BF9D0-BA49-428B-A1DD-C68DBA4D842D}.Maya_Debug|Win32.Build.0 = Maya_Debug|Win32
		{3D8BF9D0-BA49-428B-A1DD-C68DBA4D842D}.Maya_Release|Win32.ActiveCfg = Maya_Release|Win32
		{3D8BF9D0-BA49-428B-A1DD-C68DBA4D842D}.Maya_Release|Win32.Build.0 = Maya_Release|Win32
		{BFAD990B-8CBF-4E5B-BC6A-3C31986EF047}.Debug|Win32.ActiveCfg = Debug|Win32
		{BFAD990B-8CBF-4E5B-BC6A-3C31986EF047}.Debug|Win32.Build.0 = Debug|Win32
		{BFAD990B-8CBF-4E5B-BC6A-3C31986EF047}.Release|Win32.ActiveCfg = Release|Win32
		{BFAD990B-8CBF-4E5B-BC6A-3C31986EF047}.Release|Win32.Build.0 = Release|Win32
		{BFAD990B-8CBF-4E5B-BC6A-3C31986EF047}.Maya_Debug|Win32.ActiveCfg = Maya_Debug|Win32
		{BFAD990B-8CBF-4E5B-BC6A-3C31986EF047}.Maya_Debug|Win32.Build.0 = Maya_Debug|Win32
		{BFAD990B-8CBF-4E5B-BC6A-3C31986EF047}.Maya_Release|Win32.ActiveCfg = Maya_Release|Win32
		{BFAD990B-8CBF-4E5B-BC6A-3C31986EF047}.Maya_Release|Win32.Build.0 = Maya_Release|Win32
		{2D896152-9351-44EF-8305-BD51B28B21D7}.Debug|Win32.ActiveCfg = Debug|Win32
		{2D896152-9351-44EF-8305-BD51B28B21D7}.Debug|Win32.Build.0 = Debug|Win32
		{2D896152-9351-44EF-8305-BD51B28B21D7}.Release|Win32.ActiveCfg = Release|Win32
		{2D896152-9351-44EF-8305-BD51B28B21D7}.Release|Win32.Build.0 = Release|Win32
		{2D896152-9351-44EF-8305-BD51B28B21D7}.Maya_Debug|Win32.ActiveCfg = Maya_Debug|Win32
		{2D896152-9351-44EF-8305-BD51B28B21D7}.Maya_Debug|Win32.Build.0 = Maya_Debug|Win32
		{2D896152-9351-44EF-8305-BD51B28B21D7}.Maya_Release|Win32.ActiveCfg = Maya_Release|Win32
		{2D896152-9351-44EF-8305-BD51B28B21D7}.Maya_Release|Win32.Build.0 = Maya_Release|Win32
		{1450DAF5-CBE9-47B1-A067-F014E092AF89}.Debug|Win32.ActiveCfg = Debug|Win32
		{1450DAF5-CBE9-47B1-A067-F014E092AF89}.Debug|Win32.Build.0 = Debug|Win32
		{1450DAF5-CBE9-47B1-A067-F014E092AF89}.Release|Win32.ActiveCfg = Release|Win32
		{1450DAF5-CBE9-47B1-A067-F014E092AF89}.Release|Win32.Build.0 = Release|Win32
		{1450DAF5-CBE9-47B1-A067-F014E092AF89}.Maya_Debug|Win32.ActiveCfg = Maya_Debug|Win32
		{1450DAF5-CBE9-47B1-A067-F014E092AF89}.Maya_Debug|Win32.Build.0 = Maya_Debug|Win32
		{1450DAF5-CBE9-47B1-A067-F014E092AF89}.Maya_Release|Win32.ActiveCfg = Maya_Release|Win32
		{1450DAF5-CBE9-47B1-A067-F014E092AF89}.Maya_Release|Win32.Build.0 = Maya_Release|Win32
		{A1E21D74-AF16-4FD8-ABE3-85ACAF4F7233}.Debug|Win32.ActiveCfg = Debug|Win32
		{A1E21D74-AF16-4FD8-ABE3-85ACAF4F7233}.Debug|Win32.Build.0 = Debug|Win32
		{A1E21D74-AF16-4FD8-ABE3-85ACAF4F7233}.Release|Win32.ActiveCfg = Release|Win32
		{A1E21D74-AF16-4FD8-ABE3-85ACAF4F7233}.Release|Win32.Build.0 = Release|Win32
		{A1E21D74-AF16-4FD8-ABE3-85ACAF4F7233}.Maya_Debug|Win32.ActiveCfg = Maya_Debug|Win32
		{A1E21D74-AF16-4FD8-ABE3-85ACAF4F7233}.Maya_Debug|Win32.Build.0 = Maya_Debug|Win32
		{A1E21D74-AF16-4FD8-ABE3-85ACAF4F7233}.Maya_Release|Win32.ActiveCfg = Maya_Release|Win32
		{A1E21D74-AF16-4FD8-ABE3-85ACAF4F7233}.Maya_Release|Win32.Build.0 = Maya_Release|Win32
		{DCEA9C68-AA59-4DEF-ACBB-F940CD321915}.Debug|Win32.ActiveCfg = Debug|Win32
		{DCEA9C68-AA59-4DEF-ACBB-F940CD321915}.Debug|Win32.Build.0 = Debug|Win32
		{DCEA9C68-AA59-4DEF-ACBB-F940CD321915}.Release|Win32.ActiveCfg = Release|Win32
		{DCEA9C68-AA59-4DEF-ACBB-F940CD321915}.Release|Win32.Build.0 = Release|Win32
		{DCEA9C68-AA59-4DEF-ACBB-F940CD321915}.Maya_Debug|Win32.ActiveCfg = Maya_Debug|Win32
		{DCEA9C68-AA59-4DEF-ACBB-F940CD321915}.Maya_Debug|Win32.Build.0 = Maya_Debug|Win32
		{DCEA9C68-AA59-4DEF-ACBB-F940CD321915}.Maya_Release|Win32.ActiveCfg = Maya_Release|Win32
		{DCEA9C68-AA59-4DEF-ACBB-F940CD321915}.Maya_Release|Win32.Build.0 = Maya_Release|Win32
		{109E0E0E-44CE-4B62-A5B7-14CBC65F064B}.Debug|Win32.ActiveCfg = Debug|Win32
		{109E0E0E-44CE-4B62-A5B7-14CBC65F064B}.Debug|Win32.Build.0 = Debug|Win32
		{109E0E0E-44CE-4B62-A5B7-14CBC65F064B}.Release|Win32.ActiveCfg = Release|Win32
		{109E0E0E-44CE-4B62-A5B7-14CBC65F064B}.Release|Win32.Build.0 = Release|Win32
		{109E0E0E-44CE-4B62-A5B7-14CBC65F064B}.Maya_Debug|Win32.ActiveCfg = Maya_Debug|Win32
		{109E0E0E-44CE-4B62-A5B7-14CBC65F064B}.Maya_Debug|Win32.Build.0 = Maya_Debug|Win32
		{109E0E0E-44CE-4B62-A5B7-14CBC65F064B}.Maya_Release|Win32.ActiveCfg = Maya_Release|Win32
		{109E0E0E-44CE-4B62-A5B7-14CBC65F064B}.Maya_Release|Win32.Build.0 = Maya_Release|Win32
		{BFEEE2BA-8171-4969-8633-EDDE330BB42E}.Debug|Win32.ActiveCfg = Debug|Win32
		{BFEEE2BA-8171-4969-8633-EDDE330BB42E}.Debug|Win32.Build.0 = Debug|Win32
		{BFEEE2BA-8171-4969-8633-EDDE330BB42E}.Release|Win32.ActiveCfg = Release|Win32
		{BFEEE2BA-8171-4969-8633-EDDE330BB42E}.Release|Win32.Build.0 = Release|Win32
		{BFEEE2BA-8171-4969-8633-EDDE330BB42E}.Maya_Debug|Win32.ActiveCfg = Maya_Debug|Win32
		{BFEEE2BA-8171-4969-8633-EDDE330BB42E}.Maya_Debug|Win32.Build.0 = Maya_Debug|Win32
		{BFEEE2BA-8171-4969-8633-EDDE330BB42E}.Maya_Release|Win32.ActiveCfg = Maya_Release|Win32
		{BFEEE2BA-8171-4969-8633-EDDE330BB42E}.Maya_Release|Win32.Build.0 = Maya_Release|Win32
		{9A3E1222-B59A-424C-B3F7-A2D2BB7B4B4A}.Debug|Win32.ActiveCfg = Debug|Win32
		{9A3E1222-B59A-424C-B3F7-A2D2BB7B4B4A}.Debug|Win32.Build.0 = Debug|Win32
		{9A3E1222-B59A-424C-B3F7-A2D2BB7B4B4A}.Release|Win32.ActiveCfg = Release|Win32
		{9A3E1222-B59A-424C-B3F7-A2D2BB7B4B4A}.Release|Win32.Build.0 = Release|Win32
		{9A3E1222-B59A-424C-B3F7-A2D2BB7B4B4A}.Maya_Debug|Win32.ActiveCfg = Maya_Debug|Win32
		{9A3E1222-B59A-424C-B3F7-A2D2BB7B4B4A}.Maya_Debug|Win32.Build.0 = Maya_Debug|Win32
		{9A3E1222-B59A-424C-B3F7-A2D2BB7B4B4A}.Maya_Release|Win32.ActiveCfg = Maya_Release|Win32
		{9A3E1222-B59A-424C-B3F7-A2D2BB7B4B4A}.Maya_Release|Win32.Build.0 = Maya_Release|Win32
		{F7980AD9-6E07-493A-8B10-261FF07EF74F}.Debug|Win32.ActiveCfg = Debug|Win32
		{F7980AD9-6E07-493A-8B10-261FF07EF74F}.Debug|Win32.Build.0 = Debug|Win32
		{F7980AD9-6E07-493A-8B10-261FF07EF74F}.Release|Win32.ActiveCfg = Release|Win32
		{F7980AD9-6E07-493A-8B10-261FF07EF74F}.Release|Win32.Build.0 = Release|Win32
		{F7980AD9-6E07-493A-8B10-261FF07EF74F}.Maya_Debug|Win32.ActiveCfg = Maya_Debug|Win32
		{F7980AD9-6E07-493A-8B10-261FF07EF74F}.Maya_Debug|Win32.Build.0 = Maya_Debug|Win32
		{F7980AD9-6E07-493A-8B10-261FF07EF74F}.Maya_Release|Win32.ActiveCfg = Maya_Release|Win32
		{F7980AD9-6E07-493A-8B10-261FF07EF74F}.Maya_Release|Win32.Build.0 = Maya_Release|Win32
		{767F40DD-65C3-4A64-9B38-FF2795CC9A81}.Debug|Win32.ActiveCfg = Debug|Win32
		{767F40DD-65C3-4A64-9B38-FF2795CC9A81}.Debug|Win32.Build.0 = Debug|Win32
		{767F40DD-65C3-4A64-9B38-FF2795CC9A81}.Release|Win32.ActiveCfg = Release|Win32
		{767F40DD-65C3-4A64-9B38-FF2795CC9A81}.Release|Win32.Build.0 = Release|Win32
		{767F40DD-65C3-4A64-9B38-FF2795CC9A81}.Maya_Debug|Win32.ActiveCfg = Maya_Debug|Win32
		{767F40DD-65C3-4A64-9B38-FF2795CC9A81}.Maya_Debug|Win32.Build.0 = Maya_Debug|Win32
		{767F40DD-65C3-4A64-9B38-FF2795CC9A81}.Maya_Release|Win32.ActiveCfg = Maya_Release|Win32
		{767F40DD-65C3-4A64-9B38-FF2795CC9A81}.Maya_Release|Win32.Build.0 = Maya_Release|Win32
		{E9840C41-4119-4654-91D4-B70A150E3855}.Debug|Win32.ActiveCfg = Debug|Win32
		{E9840C41-4119-4654-91D4-B70A150E3855}.Debug|Win32.Build.0 = Debug|Win32
		{E9840C41-4119-4654-91D4-B70A150E3855}.Release|Win32.ActiveCfg = Release|Win32
		{E9840C41-4119-4654-91D4-B70A150E3855}.Release|Win32.Build.0 = Release|Win32
		{E9840C41-4119-4654-91D4-B70A150E3855}.Maya_Debug|Win32.ActiveCfg = Maya_Debug|Win32
		{E9840C41-4119-4654-91D4-B70A150E3855}.Maya_Debug|Win32.Build.0 = Maya_Debug|Win32
		{E9840C41-4119-4654-91D4-B70A150E3855}.Maya_Release|Win32.ActiveCfg = Maya_Release|Win32
		{E9840C41-4119-4654-91D4-B70A150E3855}.Maya_Release|Win32.Build.0 = Maya_Release|Win32
		{9EA7D601-AA16-493B-BF99-332AB89E55BE}.Debug|Win32.ActiveCfg = Debug|Win32
		{9EA7D601-AA16-493B-BF99-332AB89E55BE}.Debug|Win32.Build.0 = Debug|Win32
		{9EA7D601-AA16-493B-BF99-332AB89E55BE}.Release|Win32.ActiveCfg = Release|Win32
		{9EA7D601-AA16-493B-BF99-332AB89E55BE}.Release|Win32.Build.0 = Release|Win32
		{9EA7D601-AA16-493B-BF99-332AB89E55BE}.Maya_Debug|Win32.ActiveCfg = Maya_Debug|Win32
		{9EA7D601-AA16-493B-BF99-332AB89E55BE}.Maya_Debug|Win32.Build.0 = Maya_Debug|Win32
		{9EA7D601-AA16-493B-BF99-332AB89E55BE}.Maya_Release|Win32.ActiveCfg = Maya_Release|Win32
		{9EA7D601-AA16-493B-BF99-332AB89E55BE}.Maya_Release|Win32.Build.0 = Maya_Release|Win32
		{69642D72-CBD9-4ACE-9ED7-C5C86AB6D79E}.Debug|Win32.ActiveCfg = Debug|Win32
		{69642D72-CBD9-4ACE-9ED7-C5C86AB6D79E}.Debug|Win32.Build.0 = Debug|Win32
		{69642D72-CBD9-4ACE-9ED7-C5C86AB6D79E}.Release|Win32.ActiveCfg = Release|Win32
		{69642D72-CBD9-4ACE-9ED7-C5C86AB6D79E}.Release|Win32.Build.0 = Release|Win32
		{69642D72-CBD9-4ACE-9ED7-C5C86AB6D79E}.Maya_Debug|Win32.ActiveCfg = Maya_Debug|Win32
		{69642D72-CBD9-4ACE-9ED7-C5C86AB6D79E}.Maya_Debug|Win32.Build.0 = Maya_Debug|Win32
		{69642D72-CBD9-4ACE-9ED7-C5C86AB6D79E}.Maya_Release|Win32.ActiveCfg = Maya_Release|Win32
		{69642D72-CBD9-4ACE-9ED7-C5C86AB6D79E}.Maya_Release|Win32.Build.0 = Maya_Release|Win32
		{B646F1F1-67DA-4078-A69F-83191DDAA25F}.Debug|Win32.ActiveCfg = Debug|Win32
		{B646F1F1-67DA-4078-A69F-83191DDAA25F}.Debug|Win32.Build.0 = Debug|Win32
		{B646F1F1-67DA-4078-A69F-83191DDAA25F}.Release|Win32.ActiveCfg = Release|Win32
		{B646F1F1-67DA-4078-A69F-83191DDAA25F}.Release|Win32.Build.0 = Release|Win32
		{B646F1F1-67DA-4078-A69F-83191DDAA25F}.Maya_Debug|Win32.ActiveCfg = Maya_Debug|Win32
		{B646F1F1-67DA-4078-A69F-83191DDAA25F}.Maya_Debug|Win32.Build.0 = Maya_Debug|Win32
		{B646F1F1-67DA-4078-A69F-83191DDAA25F}.Maya_Release|Win32.ActiveCfg = Maya_Release|Win32
		{B646F1F1-67DA-4078-A69F-83191DDAA25F}.Maya_Release|Win32.Build.0 = Maya_Release|Win32
		{1B670862-5DBA-4D5D-B3BA-CB4F1763DB42}.Debug|Win32.ActiveCfg = Debug|Win32
		{1B670862-5DBA-4D5D-B3BA-CB4F1763DB42}.Debug|Win32.Build.0 = Debug|Win32
		{1B670862-5DBA-4D5D-B3BA-CB4F1763DB42}.Release|Win32.ActiveCfg = Release|Win32
		{1B670862-5DBA-4D5D-B3BA-CB4F1763DB42}.Release|Win32.Build.0 = Release|Win32
		{1B670862-5DBA-4D5D-B3BA-CB4F1763DB42}.Maya_Debug|Win32.ActiveCfg = Maya_Debug|Win32
		{1B670862-5DBA-4D5D-B3BA-CB4F1763DB42}.Maya_Debug|Win32.Build.0 = Maya_Debug|Win32
		{1B670862-5DBA-4D5D-B3BA-CB4F1763DB42}.Maya_Release|Win32.ActiveCfg = Maya_Release|Win32
		{1B670862-5DBA-4D5D-B3BA-CB4F1763DB42}.Maya_Release|Win32.Build.0 = Maya_Release|Win32
		{1D9EFFEC-7681-4D00-990A-D14C03F06284}.Debug|Win32.ActiveCfg = Debug|Win32
		{1D9EFFEC-7681-4D00-990A-D14C03F06284}.Debug|Win32.Build.0 = Debug|Win32
		{1D9EFFEC-7681-4D00-990A-D14C03F06284}.Release|Win32.ActiveCfg = Release|Win32
		{1D9EFFEC-7681-4D00-990A-D14C03F06284}.Release|Win32.Build.0 = Release|Win32
		{1D9EFFEC-7681-4D00-990A-D14C03F06284}.Maya_Debug|Win32.ActiveCfg = Maya_Debug|Win32
		{1D9EFFEC-7681-4D00-990A-D14C03F06284}.Maya_Debug|Win32.Build.0 = Maya_Debug|Win32
		{1D9EFFEC-7681-4D00-990A-D14C03F06284}.Maya_Release|Win32.ActiveCfg = Maya_Release|Win32
		{1D9EFFEC-7681-4D00-990A-D14C03F06284}.Maya_Release|Win32.Build.0 = Maya_Release|Win32
		{1BB70FB9-21FC-4C87-9ED4-C8345F56CC2B}.Debug|Win32.ActiveCfg = Debug|Win32
		{1BB70FB9-21FC-4C87-9ED4-C8345F56CC2B}.Debug|Win32.Build.0 = Debug|Win32
		{1BB70FB9-21FC-4C87-9ED4-C8345F56CC2B}.Release|Win32.ActiveCfg = Release|Win32
		{1BB70FB9-21FC-4C87-9ED4-C8345F56CC2B}.Release|Win32.Build.0 = Release|Win32
		{1BB70FB9-21FC-4C87-9ED4-C8345F56CC2B}.Maya_Debug|Win32.ActiveCfg = Maya_Debug|Win32
		{1BB70FB9-21FC-4C87-9ED4-C8345F56CC2B}.Maya_Debug|Win32.Build.0 = Maya_Debug|Win32
		{1BB70FB9-21FC-4C87-9ED4-C8345F56CC2B}.Maya_Release|Win32.ActiveCfg = Maya_Release|Win32
		{1BB70FB9-21FC-4C87-9ED4-C8345F56CC2B}.Maya_Release|Win32.Build.0 = Maya_Release|Win32
		{B9F01128-ABC7-4BB8-BD7F-7B34889CCD78}.Debug|Win32.ActiveCfg = Debug|Win32
		{B9F01128-ABC7-4BB8-BD7F-7B34889CCD78}.Debug|Win32.Build.0 = Debug|Win32
		{B9F01128-ABC7-4BB8-BD7F-7B34889CCD78}.Release|Win32.ActiveCfg = Release|Win32
		{B9F01128-ABC7-4BB8-BD7F-7B34889CCD78}.Release|Win32.Build.0 = Release|Win32
		{B9F01128-ABC7-4BB8-BD7F-7B34889CCD78}.Maya_Debug|Win32.ActiveCfg = Maya_Debug|Win32
		{B9F01128-ABC7-4BB8-BD7F-7B34889CCD78}.Maya_Debug|Win32.Build.0 = Maya_Debug|Win32
		{B9F01128-ABC7-4BB8-BD7F-7B34889CCD78}.Maya_Release|Win32.ActiveCfg = Maya_Release|Win32
		{B9F01128-ABC7-4BB8-BD7F-7B34889CCD78}.Maya_Release|Win32.Build.0 = Maya_Release|Win32
		{E5AC77C5-9A77-47E4-B63B-33EDED5B7CC4}.Debug|Win32.ActiveCfg = Debug|Win32
		{E5AC77C5-9A77-47E4-B63B-33EDED5B7CC4}.Debug|Win32.Build.0 = Debug|Win32
		{E5AC77C5-9A77-47E4-B63B-33EDED5B7CC4}.Release|Win32.ActiveCfg = Release|Win32
		{E5AC77C5-9A77-47E4-B63B-33EDED5B7CC4}.Release|Win32.Build.0 = Release|Win32
		{E5AC77C5-9A77-47E4-B63B-33EDED5B7CC4}.Maya_Debug|Win32.ActiveCfg = Maya_Debug|Win32
		{E5AC77C5-9A77-47E4-B63B-33EDED5B7CC4}.Maya_Debug|Win32.Build.0 = Maya_Debug|Win32
		{E5AC77C5-9A77-47E4-B63B-33EDED5B7CC4}.Maya_Release|Win32.ActiveCfg = Maya_Release|Win32
		{E5AC77C5-9A77-47E4-B63B-33EDED5B7CC4}.Maya_Release|Win32.Build.0 = Maya_Release|Win32
		{769F52AF-D8A1-4DDF-911A-CA74580C485A}.Debug|Win32.ActiveCfg = Debug|Win32
		{769F52AF-D8A1-4DDF-911A-CA74580C485A}.Debug|Win32.Build.0 = Debug|Win32
		{769F52AF-D8A1-4DDF-911A-CA74580C485A}.Release|Win32.ActiveCfg = Release|Win32
		{769F52AF-D8A1-4DDF-911A-CA74580C485A}.Release|Win32.Build.0 = Release|Win32
		{769F52AF-D8A1-4DDF-911A-CA74580C485A}.Maya_Debug|Win32.ActiveCfg = Maya_Debug|Win32
		{769F52AF-D8A1-4DDF-911A-CA74580C485A}.Maya_Debug|Win32.Build.0 = Maya_Debug|Win32
		{769F52AF-D8A1-4DDF-911A-CA74580C485A}.Maya_Release|Win32.ActiveCfg = Maya_Release|Win32
		{769F52AF-D8A1-4DDF-911A-CA74580C485A}.Maya_Release|Win32.Build.0 = Maya_Release|Win32
		{23CC628D-C0BD-445E-935C-AF1553D00E27}.Debug|Win32.ActiveCfg = Debug|Win32
		{23CC628D-C0BD-445E-935C-AF1553D00E27}.Debug|Win32.Build.0 = Debug|Win32
		{23CC628D-C0BD-445E-935C-AF1553D00E27}.Release|Win32.ActiveCfg = Release|Win32
		{23CC628D-C0BD-445E-935C-AF1553D00E27}.Release|Win32.Build.0 = Release|Win32
		{23CC628D-C0BD-445E-935C-AF1553D00E27}.Maya_Debug|Win32.ActiveCfg = Maya_Debug|Win32
		{23CC628D-C0BD-445E-935C-AF1553D00E27}.Maya_Debug|Win32.Build.0 = Maya_Debug|Win32
		{23CC628D-C0BD-445E-935C-AF1553D00E27}.Maya_Release|Win32.ActiveCfg = Maya_Release|Win32
		{23CC628D-C0BD-445E-935C-AF1553D00E27}.Maya_Release|Win32.Build.0 = Maya_Release|Win32
		{32DCC454-D363-41F1-9554-590F65E85D13}.Debug|Win32.ActiveCfg = Debug|Win32
		{32DCC454-D363-41F1-9554-590F65E85D13}.Debug|Win32.Build.0 = Debug|Win32
		{32DCC454-D363-41F1-9554-590F65E85D13}.Release|Win32.ActiveCfg = Release|Win32
		{32DCC454-D363-41F1-9554-590F65E85D13}.Release|Win32.Build.0 = Release|Win32
		{32DCC454-D363-41F1-9554-590F65E85D13}.Maya_Debug|Win32.ActiveCfg = Maya_Debug|Win32
		{32DCC454-D363-41F1-9554-590F65E85D13}.Maya_Debug|Win32.Build.0 = Maya_Debug|Win32
		{32DCC454-D363-41F1-9554-590F65E85D13}.Maya_Release|Win32.ActiveCfg = Maya_Release|Win32
		{32DCC454-D363-41F1-9554-590F65E85D13}.Maya_Release|Win32.Build.0 = Maya_Release|Win32
		{30C77E9A-5251-4F2F-98F3-B927FE6B96E9}.Debug|Win32.ActiveCfg = Debug|Win32
		{30C77E9A-5251-4F2F-98F3-B927FE6B96E9}.Debug|Win32.Build.0 = Debug|Win32
		{30C77E9A-5251-4F2F-98F3-B927FE6B96E9}.Release|Win32.ActiveCfg = Release|Win32
		{30C77E9A-5251-4F2F-98F3-B927FE6B96E9}.Release|Win32.Build.0 = Release|Win32
		{30C77E9A-5251-4F2F-98F3-B927FE6B96E9}.Maya_Debug|Win32.ActiveCfg = Maya_Debug|Win32
		{30C77E9A-5251-4F2F-98F3-B927FE6B96E9}.Maya_Debug|Win32.Build.0 = Maya_Debug|Win32
		{30C77E9A-5251-4F2F-98F3-B927FE6B96E9}.Maya_Release|Win32.ActiveCfg = Maya_Release|Win32
		{30C77E9A-5251-4F2F-98F3-B927FE6B96E9}.Maya_Release|Win32.Build.0 = Maya_Release|Win32
		{097A3DFE-F62A-4D43-8EFB-8D14B63CD3AC}.Debug|Win32.ActiveCfg = Debug|Win32
		{097A3DFE-F62A-4D43-8EFB-8D14B63CD3AC}.Debug|Win32.Build.0 = Debug|Win32
		{097A3DFE-F62A-4D43-8EFB-8D14B63CD3AC}.Release|Win32.ActiveCfg = Release|Win32
		{097A3DFE-F62A-4D43-8EFB-8D14B63CD3AC}.Release|Win32.Build.0 = Release|Win32
		{097A3DFE-F62A-4D43-8EFB-8D14B63CD3AC}.Maya_Debug|Win32.ActiveCfg = Maya_Debug|Win32
		{097A3DFE-F62A-4D43-8EFB-8D14B63CD3AC}.Maya_Debug|Win32.Build.0 = Maya_Debug|Win32
		{097A3DFE-F62A-4D43-8EFB-8D14B63CD3AC}.Maya_Release|Win32.ActiveCfg = Maya_Release|Win32
		{097A3DFE-F62A-4D43-8EFB-8D14B63CD3AC}.Maya_Release|Win32.Build.0 = Maya_Release|Win32
		{3A9B89BF-C1AF-4A3A-9699-B7B2ED33E678}.Debug|Win32.ActiveCfg = Debug|Win32
		{3A9B89BF-C1AF-4A3A-9699-B7B2ED33E678}.Debug|Win32.Build.0 = Debug|Win32
		{3A9B89BF-C1AF-4A3A-9699-B7B2ED33E678}.Release|Win32.ActiveCfg = Release|Win32
		{3A9B89BF-C1AF-4A3A-9699-B7B2ED33E678}.Release|Win32.Build.0 = Release|Win32
		{3A9B89BF-C1AF-4A3A-9699-B7B2ED33E678}.Maya_Debug|Win32.ActiveCfg = Maya_Debug|Win32
		{3A9B89BF-C1AF-4A3A-9699-B7B2ED33E678}.Maya_Debug|Win32.Build.0 = Maya_Debug|Win32
		{3A9B89BF-C1AF-4A3A-9699-B7B2ED33E678}.Maya_Release|Win32.ActiveCfg = Maya_Release|Win32
		{3A9B89BF-C1AF-4A3A-9699-B7B2ED33E678}.Maya_Release|Win32.Build.0 = Maya_Release|Win32
		{FDC5758A-6615-4C38-9037-88ECC9D70C8A}.Debug|Win32.ActiveCfg = Debug|Win32
		{FDC5758A-6615-4C38-9037-88ECC9D70C8A}.Debug|Win32.Build.0 = Debug|Win32
		{FDC5758A-6615-4C38-9037-88ECC9D70C8A}.Release|Win32.ActiveCfg = Release|Win32
		{FDC5758A-6615-4C38-9037-88ECC9D70C8A}.Release|Win32.Build.0 = Release|Win32
		{FDC5758A-6615-4C38-9037-88ECC9D70C8A}.Maya_Debug|Win32.ActiveCfg = Maya_Debug|Win32
		{FDC5758A-6615-4C38-9037-88ECC9D70C8A}.Maya_Debug|Win32.Build.0 = Maya_Debug|Win32
		{FDC5758A-6615-4C38-9037-88ECC9D70C8A}.Maya_Release|Win32.ActiveCfg = Maya_Release|Win32
		{FDC5758A-6615-4C38-9037-88ECC9D70C8A}.Maya_Release|Win32.Build.0 = Maya_Release|Win32
	EndGlobalSection
	GlobalSection(SolutionProperties) = preSolution
		HideSolutionNode = FALSE
	EndGlobalSection
	GlobalSection(NestedProjects) = preSolution
		{6D6B810D-F4A1-478D-88AA-5403F5BACFD4} = {832A854F-2030-4EA4-86FE-EDEEC017E78E}
		{3D8BF9D0-BA49-428B-A1DD-C68DBA4D842D} = {798777e9-b38c-4974-bee3-b1cd45f6a1e6}
		{BFAD990B-8CBF-4E5B-BC6A-3C31986EF047} = {832A854F-2030-4EA4-86FE-EDEEC017E78E}
		{2D896152-9351-44EF-8305-BD51B28B21D7} = {832A854F-2030-4EA4-86FE-EDEEC017E78E}
		{1450DAF5-CBE9-47B1-A067-F014E092AF89} = {832A854F-2030-4EA4-86FE-EDEEC017E78E}
		{A1E21D74-AF16-4FD8-ABE3-85ACAF4F7233} = {798777e9-b38c-4974-bee3-b1cd45f6a1e6}
		{DCEA9C68-AA59-4DEF-ACBB-F940CD321915} = {832A854F-2030-4EA4-86FE-EDEEC017E78E}
		{109E0E0E-44CE-4B62-A5B7-14CBC65F064B} = {798777e9-b38c-4974-bee3-b1cd45f6a1e6}
		{BFEEE2BA-8171-4969-8633-EDDE330BB42E} = {832A854F-2030-4EA4-86FE-EDEEC017E78E}
		{9A3E1222-B59A-424C-B3F7-A2D2BB7B4B4A} = {798777e9-b38c-4974-bee3-b1cd45f6a1e6}
		{F7980AD9-6E07-493A-8B10-261FF07EF74F} = {832A854F-2030-4EA4-86FE-EDEEC017E78E}
		{767F40DD-65C3-4A64-9B38-FF2795CC9A81} = {798777e9-b38c-4974-bee3-b1cd45f6a1e6}
		{E9840C41-4119-4654-91D4-B70A150E3855} = {832A854F-2030-4EA4-86FE-EDEEC017E78E}
		{9EA7D601-AA16-493B-BF99-332AB89E55BE} = {798777e9-b38c-4974-bee3-b1cd45f6a1e6}
		{69642D72-CBD9-4ACE-9ED7-C5C86AB6D79E} = {832A854F-2030-4EA4-86FE-EDEEC017E78E}
		{B646F1F1-67DA-4078-A69F-83191DDAA25F} = {798777e9-b38c-4974-bee3-b1cd45f6a1e6}
		{1B670862-5DBA-4D5D-B3BA-CB4F1763DB42} = {832A854F-2030-4EA4-86FE-EDEEC017E78E}
		{1D9EFFEC-7681-4D00-990A-D14C03F06284} = {798777e9-b38c-4974-bee3-b1cd45f6a1e6}
		{1BB70FB9-21FC-4C87-9ED4-C8345F56CC2B} = {832A854F-2030-4EA4-86FE-EDEEC017E78E}
		{B9F01128-ABC7-4BB8-BD7F-7B34889CCD78} = {798777e9-b38c-4974-bee3-b1cd45f6a1e6}
		{E5AC77C5-9A77-47E4-B63B-33EDED5B7CC4} = {832A854F-2030-4EA4-86FE-EDEEC017E78E}
		{769F52AF-D8A1-4DDF-911A-CA74580C485A} = {798777e9-b38c-4974-bee3-b1cd45f6a1e6}
		{23CC628D-C0BD-445E-935C-AF1553D00E27} = {832A854F-2030-4EA4-86FE-EDEEC017E78E}
		{32DCC454-D363-41F1-9554-590F65E85D13} = {798777e9-b38c-4974-bee3-b1cd45f6a1e6}
		{30C77E9A-5251-4F2F-98F3-B927FE6B96E9} = {832A854F-2030-4EA4-86FE-EDEEC017E78E}
		{097A3DFE-F62A-4D43-8EFB-8D14B63CD3AC} = {798777e9-b38c-4974-bee3-b1cd45f6a1e6}
		{3A9B89BF-C1AF-4A3A-9699-B7B2ED33E678} = {832A854F-2030-4EA4-86FE-EDEEC017E78E}
		{FDC5758A-6615-4C38-9037-88ECC9D70C8A} = {832A854F-2030-4EA4-86FE-EDEEC017E78E}
	EndGlobalSection
EndGlobal
