Microsoft Visual Studio Solution File, Format Version 10.00
# Visual Studio 2008
Project("{2150E333-8FDC-42A3-9474-1A3956D46DE8}") = "NIDLs", "NIDLs", "{798777e9-b38c-4974-bee3-b1cd45f6a1e6}"
EndProject
Project("{2150E333-8FDC-42A3-9474-1A3956D46DE8}") = "Libs", "Libs", "{832A854F-2030-4EA4-86FE-EDEEC017E78E}"
EndProject
Project("{2150E333-8FDC-42A3-9474-1A3956D46DE8}") = "Exes", "Exes", "{3B2AD919-B940-473D-A9CC-62428540DEC5}"
EndProject
Project("{2150E333-8FDC-42A3-9474-1A3956D46DE8}") = "Jobs", "Jobs", "{28B9CEF2-57A6-4ee5-8235-2014936D9FE7}"
EndProject
Project("{8BC9CEB8-8B4A-11D0-8D11-00A0C91BC942}") = "foundation_nidls_win32", "foundation_nidls_win32.vcproj", "{99B4C216-94A1-4D6F-AAE0-7786FC15F328}"
EndProject
Project("{8BC9CEB8-8B4A-11D0-8D11-00A0C91BC942}") = "foundation_win32", "foundation_win32.vcproj", "{A1D8D6AF-105F-4F72-95C9-182468B07D99}"
	ProjectSection(ProjectDependencies) = postProject
		{99B4C216-94A1-4D6F-AAE0-7786FC15F328} = {99B4C216-94A1-4D6F-AAE0-7786FC15F328}
	EndProjectSection
EndProject
Project("{8BC9CEB8-8B4A-11D0-8D11-00A0C91BC942}") = "render_nidls_win32", "render_nidls_win32.vcproj", "{18693355-53ED-4A73-82F4-F446CEF4B664}"
EndProject
Project("{8BC9CEB8-8B4A-11D0-8D11-00A0C91BC942}") = "render_particlejob_win32", "render_particlejob_win32.vcproj", "{AA5FA779-FB49-40B8-89D1-402E9B90BFDD}"
EndProject
Project("{8BC9CEB8-8B4A-11D0-8D11-00A0C91BC942}") = "render_charevalskeletonjob_win32", "render_charevalskeletonjob_win32.vcproj", "{A5E1FE7B-21AD-4CF5-BC69-BC2F59139921}"
EndProject
Project("{8BC9CEB8-8B4A-11D0-8D11-00A0C91BC942}") = "render_animjobsample_win32", "render_animjobsample_win32.vcproj", "{543A1CD7-9330-40F5-96F1-6A5B949FBE63}"
EndProject
Project("{8BC9CEB8-8B4A-11D0-8D11-00A0C91BC942}") = "render_animjobsamplemix_win32", "render_animjobsamplemix_win32.vcproj", "{74B43028-559C-4811-964E-81AB5CDE1527}"
EndProject
Project("{8BC9CEB8-8B4A-11D0-8D11-00A0C91BC942}") = "render_visibilityquadtreejob_win32", "render_visibilityquadtreejob_win32.vcproj", "{45E8D1D0-63E5-434A-97BA-32B132079D8A}"
EndProject
Project("{8BC9CEB8-8B4A-11D0-8D11-00A0C91BC942}") = "render_visibilityboxsystemjob_win32", "render_visibilityboxsystemjob_win32.vcproj", "{7A434A5F-C4E5-4A48-85BF-C6FED7104CF6}"
EndProject
Project("{8BC9CEB8-8B4A-11D0-8D11-00A0C91BC942}") = "render_win32", "render_win32.vcproj", "{88D8F3F1-7E45-4874-B3C0-D295A9E48116}"
	ProjectSection(ProjectDependencies) = postProject
		{18693355-53ED-4A73-82F4-F446CEF4B664} = {18693355-53ED-4A73-82F4-F446CEF4B664}
		{A5E1FE7B-21AD-4CF5-BC69-BC2F59139921} = {A5E1FE7B-21AD-4CF5-BC69-BC2F59139921}
		{AA5FA779-FB49-40B8-89D1-402E9B90BFDD} = {AA5FA779-FB49-40B8-89D1-402E9B90BFDD}
		{543A1CD7-9330-40F5-96F1-6A5B949FBE63} = {543A1CD7-9330-40F5-96F1-6A5B949FBE63}
		{74B43028-559C-4811-964E-81AB5CDE1527} = {74B43028-559C-4811-964E-81AB5CDE1527}
		{45E8D1D0-63E5-434A-97BA-32B132079D8A} = {45E8D1D0-63E5-434A-97BA-32B132079D8A}
		{7A434A5F-C4E5-4A48-85BF-C6FED7104CF6} = {7A434A5F-C4E5-4A48-85BF-C6FED7104CF6}
	EndProjectSection
EndProject
Project("{8BC9CEB8-8B4A-11D0-8D11-00A0C91BC942}") = "tinyxml_win32", "tinyxml_win32.vcproj", "{43189CC0-11C5-4995-ACDB-EBCFD9BAC127}"
EndProject
Project("{8BC9CEB8-8B4A-11D0-8D11-00A0C91BC942}") = "zlib_win32", "zlib_win32.vcproj", "{93123E97-C6A6-4FA5-9D56-684F1FFC1D62}"
EndProject
Project("{8BC9CEB8-8B4A-11D0-8D11-00A0C91BC942}") = "db_win32", "db_win32.vcproj", "{2D896152-9351-44EF-8305-BD51B28B21D7}"
EndProject
Project("{8BC9CEB8-8B4A-11D0-8D11-00A0C91BC942}") = "sqlite_win32", "sqlite_win32.vcproj", "{6E9261AC-7AA4-41D6-8BF0-276EA7C94F3C}"
EndProject
Project("{8BC9CEB8-8B4A-11D0-8D11-00A0C91BC942}") = "attr_win32", "attr_win32.vcproj", "{6D6B810D-F4A1-478D-88AA-5403F5BACFD4}"
EndProject
Project("{8BC9CEB8-8B4A-11D0-8D11-00A0C91BC942}") = "benchmarkbase_win32", "benchmarkbase_win32.vcproj", "{D9703567-CB84-45AC-BD05-7D84AED89C58}"
EndProject
Project("{8BC9CEB8-8B4A-11D0-8D11-00A0C91BC942}") = "benchmarkfoundation_win32", "benchmarkfoundation_win32.vcproj", "{D6D66344-262D-4C64-B991-5A040B6C136A}"
	ProjectSection(ProjectDependencies) = postProject
		{D9703567-CB84-45AC-BD05-7D84AED89C58} = {D9703567-CB84-45AC-BD05-7D84AED89C58}
		{A1D8D6AF-105F-4F72-95C9-182468B07D99} = {A1D8D6AF-105F-4F72-95C9-182468B07D99}
		{43189CC0-11C5-4995-ACDB-EBCFD9BAC127} = {43189CC0-11C5-4995-ACDB-EBCFD9BAC127}
		{93123E97-C6A6-4FA5-9D56-684F1FFC1D62} = {93123E97-C6A6-4FA5-9D56-684F1FFC1D62}
	EndProjectSection
EndProject
Project("{8BC9CEB8-8B4A-11D0-8D11-00A0C91BC942}") = "benchmarkaddon_win32", "benchmarkaddon_win32.vcproj", "{0BB61B89-83D8-4244-8E43-B6021FB3DD35}"
	ProjectSection(ProjectDependencies) = postProject
		{D9703567-CB84-45AC-BD05-7D84AED89C58} = {D9703567-CB84-45AC-BD05-7D84AED89C58}
		{A1D8D6AF-105F-4F72-95C9-182468B07D99} = {A1D8D6AF-105F-4F72-95C9-182468B07D99}
		{88D8F3F1-7E45-4874-B3C0-D295A9E48116} = {88D8F3F1-7E45-4874-B3C0-D295A9E48116}
		{43189CC0-11C5-4995-ACDB-EBCFD9BAC127} = {43189CC0-11C5-4995-ACDB-EBCFD9BAC127}
		{93123E97-C6A6-4FA5-9D56-684F1FFC1D62} = {93123E97-C6A6-4FA5-9D56-684F1FFC1D62}
		{2D896152-9351-44EF-8305-BD51B28B21D7} = {2D896152-9351-44EF-8305-BD51B28B21D7}
		{6E9261AC-7AA4-41D6-8BF0-276EA7C94F3C} = {6E9261AC-7AA4-41D6-8BF0-276EA7C94F3C}
		{6D6B810D-F4A1-478D-88AA-5403F5BACFD4} = {6D6B810D-F4A1-478D-88AA-5403F5BACFD4}
	EndProjectSection
EndProject
Global
	GlobalSection(SolutionConfigurationPlatforms) = preSolution
		Debug|Win32 = Debug|Win32
		Release|Win32 = Release|Win32
		Maya_Debug|Win32 = Maya_Debug|Win32
		Maya_Release|Win32 = Maya_Release|Win32
	EndGlobalSection
	GlobalSection(ProjectConfigurationPlatforms) = postSolution
		{99B4C216-94A1-4D6F-AAE0-7786FC15F328}.Debug|Win32.ActiveCfg = Debug|Win32
		{99B4C216-94A1-4D6F-AAE0-7786FC15F328}.Debug|Win32.Build.0 = Debug|Win32
		{99B4C216-94A1-4D6F-AAE0-7786FC15F328}.Release|Win32.ActiveCfg = Release|Win32
		{99B4C216-94A1-4D6F-AAE0-7786FC15F328}.Release|Win32.Build.0 = Release|Win32
		{99B4C216-94A1-4D6F-AAE0-7786FC15F328}.Maya_Debug|Win32.ActiveCfg = Maya_Debug|Win32
		{99B4C216-94A1-4D6F-AAE0-7786FC15F328}.Maya_Debug|Win32.Build.0 = Maya_Debug|Win32
		{99B4C216-94A1-4D6F-AAE0-7786FC15F328}.Maya_Release|Win32.ActiveCfg = Maya_Release|Win32
		{99B4C216-94A1-4D6F-AAE0-7786FC15F328}.Maya_Release|Win32.Build.0 = Maya_Release|Win32
		{A1D8D6AF-105F-4F72-95C9-182468B07D99}.Debug|Win32.ActiveCfg = Debug|Win32
		{A1D8D6AF-105F-4F72-95C9-182468B07D99}.Debug|Win32.Build.0 = Debug|Win32
		{A1D8D6AF-105F-4F72-95C9-182468B07D99}.Release|Win32.ActiveCfg = Release|Win32
		{A1D8D6AF-105F-4F72-95C9-182468B07D99}.Release|Win32.Build.0 = Release|Win32
		{A1D8D6AF-105F-4F72-95C9-182468B07D99}.Maya_Debug|Win32.ActiveCfg = Maya_Debug|Win32
		{A1D8D6AF-105F-4F72-95C9-182468B07D99}.Maya_Debug|Win32.Build.0 = Maya_Debug|Win32
		{A1D8D6AF-105F-4F72-95C9-182468B07D99}.Maya_Release|Win32.ActiveCfg = Maya_Release|Win32
		{A1D8D6AF-105F-4F72-95C9-182468B07D99}.Maya_Release|Win32.Build.0 = Maya_Release|Win32
		{18693355-53ED-4A73-82F4-F446CEF4B664}.Debug|Win32.ActiveCfg = Debug|Win32
		{18693355-53ED-4A73-82F4-F446CEF4B664}.Debug|Win32.Build.0 = Debug|Win32
		{18693355-53ED-4A73-82F4-F446CEF4B664}.Release|Win32.ActiveCfg = Release|Win32
		{18693355-53ED-4A73-82F4-F446CEF4B664}.Release|Win32.Build.0 = Release|Win32
		{18693355-53ED-4A73-82F4-F446CEF4B664}.Maya_Debug|Win32.ActiveCfg = Maya_Debug|Win32
		{18693355-53ED-4A73-82F4-F446CEF4B664}.Maya_Debug|Win32.Build.0 = Maya_Debug|Win32
		{18693355-53ED-4A73-82F4-F446CEF4B664}.Maya_Release|Win32.ActiveCfg = Maya_Release|Win32
		{18693355-53ED-4A73-82F4-F446CEF4B664}.Maya_Release|Win32.Build.0 = Maya_Release|Win32
		{AA5FA779-FB49-40B8-89D1-402E9B90BFDD}.Debug|Win32.ActiveCfg = Debug|Win32
		{AA5FA779-FB49-40B8-89D1-402E9B90BFDD}.Debug|Win32.Build.0 = Debug|Win32
		{AA5FA779-FB49-40B8-89D1-402E9B90BFDD}.Release|Win32.ActiveCfg = Release|Win32
		{AA5FA779-FB49-40B8-89D1-402E9B90BFDD}.Release|Win32.Build.0 = Release|Win32
		{AA5FA779-FB49-40B8-89D1-402E9B90BFDD}.Maya_Debug|Win32.ActiveCfg = Maya_Debug|Win32
		{AA5FA779-FB49-40B8-89D1-402E9B90BFDD}.Maya_Debug|Win32.Build.0 = Maya_Debug|Win32
		{AA5FA779-FB49-40B8-89D1-402E9B90BFDD}.Maya_Release|Win32.ActiveCfg = Maya_Release|Win32
		{AA5FA779-FB49-40B8-89D1-402E9B90BFDD}.Maya_Release|Win32.Build.0 = Maya_Release|Win32
		{A5E1FE7B-21AD-4CF5-BC69-BC2F59139921}.Debug|Win32.ActiveCfg = Debug|Win32
		{A5E1FE7B-21AD-4CF5-BC69-BC2F59139921}.Debug|Win32.Build.0 = Debug|Win32
		{A5E1FE7B-21AD-4CF5-BC69-BC2F59139921}.Release|Win32.ActiveCfg = Release|Win32
		{A5E1FE7B-21AD-4CF5-BC69-BC2F59139921}.Release|Win32.Build.0 = Release|Win32
		{A5E1FE7B-21AD-4CF5-BC69-BC2F59139921}.Maya_Debug|Win32.ActiveCfg = Maya_Debug|Win32
		{A5E1FE7B-21AD-4CF5-BC69-BC2F59139921}.Maya_Debug|Win32.Build.0 = Maya_Debug|Win32
		{A5E1FE7B-21AD-4CF5-BC69-BC2F59139921}.Maya_Release|Win32.ActiveCfg = Maya_Release|Win32
		{A5E1FE7B-21AD-4CF5-BC69-BC2F59139921}.Maya_Release|Win32.Build.0 = Maya_Release|Win32
		{543A1CD7-9330-40F5-96F1-6A5B949FBE63}.Debug|Win32.ActiveCfg = Debug|Win32
		{543A1CD7-9330-40F5-96F1-6A5B949FBE63}.Debug|Win32.Build.0 = Debug|Win32
		{543A1CD7-9330-40F5-96F1-6A5B949FBE63}.Release|Win32.ActiveCfg = Release|Win32
		{543A1CD7-9330-40F5-96F1-6A5B949FBE63}.Release|Win32.Build.0 = Release|Win32
		{543A1CD7-9330-40F5-96F1-6A5B949FBE63}.Maya_Debug|Win32.ActiveCfg = Maya_Debug|Win32
		{543A1CD7-9330-40F5-96F1-6A5B949FBE63}.Maya_Debug|Win32.Build.0 = Maya_Debug|Win32
		{543A1CD7-9330-40F5-96F1-6A5B949FBE63}.Maya_Release|Win32.ActiveCfg = Maya_Release|Win32
		{543A1CD7-9330-40F5-96F1-6A5B949FBE63}.Maya_Release|Win32.Build.0 = Maya_Release|Win32
		{74B43028-559C-4811-964E-81AB5CDE1527}.Debug|Win32.ActiveCfg = Debug|Win32
		{74B43028-559C-4811-964E-81AB5CDE1527}.Debug|Win32.Build.0 = Debug|Win32
		{74B43028-559C-4811-964E-81AB5CDE1527}.Release|Win32.ActiveCfg = Release|Win32
		{74B43028-559C-4811-964E-81AB5CDE1527}.Release|Win32.Build.0 = Release|Win32
		{74B43028-559C-4811-964E-81AB5CDE1527}.Maya_Debug|Win32.ActiveCfg = Maya_Debug|Win32
		{74B43028-559C-4811-964E-81AB5CDE1527}.Maya_Debug|Win32.Build.0 = Maya_Debug|Win32
		{74B43028-559C-4811-964E-81AB5CDE1527}.Maya_Release|Win32.ActiveCfg = Maya_Release|Win32
		{74B43028-559C-4811-964E-81AB5CDE1527}.Maya_Release|Win32.Build.0 = Maya_Release|Win32
		{45E8D1D0-63E5-434A-97BA-32B132079D8A}.Debug|Win32.ActiveCfg = Debug|Win32
		{45E8D1D0-63E5-434A-97BA-32B132079D8A}.Debug|Win32.Build.0 = Debug|Win32
		{45E8D1D0-63E5-434A-97BA-32B132079D8A}.Release|Win32.ActiveCfg = Release|Win32
		{45E8D1D0-63E5-434A-97BA-32B132079D8A}.Release|Win32.Build.0 = Release|Win32
		{45E8D1D0-63E5-434A-97BA-32B132079D8A}.Maya_Debug|Win32.ActiveCfg = Maya_Debug|Win32
		{45E8D1D0-63E5-434A-97BA-32B132079D8A}.Maya_Debug|Win32.Build.0 = Maya_Debug|Win32
		{45E8D1D0-63E5-434A-97BA-32B132079D8A}.Maya_Release|Win32.ActiveCfg = Maya_Release|Win32
		{45E8D1D0-63E5-434A-97BA-32B132079D8A}.Maya_Release|Win32.Build.0 = Maya_Release|Win32
		{7A434A5F-C4E5-4A48-85BF-C6FED7104CF6}.Debug|Win32.ActiveCfg = Debug|Win32
		{7A434A5F-C4E5-4A48-85BF-C6FED7104CF6}.Debug|Win32.Build.0 = Debug|Win32
		{7A434A5F-C4E5-4A48-85BF-C6FED7104CF6}.Release|Win32.ActiveCfg = Release|Win32
		{7A434A5F-C4E5-4A48-85BF-C6FED7104CF6}.Release|Win32.Build.0 = Release|Win32
		{7A434A5F-C4E5-4A48-85BF-C6FED7104CF6}.Maya_Debug|Win32.ActiveCfg = Maya_Debug|Win32
		{7A434A5F-C4E5-4A48-85BF-C6FED7104CF6}.Maya_Debug|Win32.Build.0 = Maya_Debug|Win32
		{7A434A5F-C4E5-4A48-85BF-C6FED7104CF6}.Maya_Release|Win32.ActiveCfg = Maya_Release|Win32
		{7A434A5F-C4E5-4A48-85BF-C6FED7104CF6}.Maya_Release|Win32.Build.0 = Maya_Release|Win32
		{88D8F3F1-7E45-4874-B3C0-D295A9E48116}.Debug|Win32.ActiveCfg = Debug|Win32
		{88D8F3F1-7E45-4874-B3C0-D295A9E48116}.Debug|Win32.Build.0 = Debug|Win32
		{88D8F3F1-7E45-4874-B3C0-D295A9E48116}.Release|Win32.ActiveCfg = Release|Win32
		{88D8F3F1-7E45-4874-B3C0-D295A9E48116}.Release|Win32.Build.0 = Release|Win32
		{88D8F3F1-7E45-4874-B3C0-D295A9E48116}.Maya_Debug|Win32.ActiveCfg = Maya_Debug|Win32
		{88D8F3F1-7E45-4874-B3C0-D295A9E48116}.Maya_Debug|Win32.Build.0 = Maya_Debug|Win32
		{88D8F3F1-7E45-4874-B3C0-D295A9E48116}.Maya_Release|Win32.ActiveCfg = Maya_Release|Win32
		{88D8F3F1-7E45-4874-B3C0-D295A9E48116}.Maya_Release|Win32.Build.0 = Maya_Release|Win32
		{43189CC0-11C5-4995-ACDB-EBCFD9BAC127}.Debug|Win32.ActiveCfg = Debug|Win32
		{43189CC0-11C5-4995-ACDB-EBCFD9BAC127}.Debug|Win32.Build.0 = Debug|Win32
		{43189CC0-11C5-4995-ACDB-EBCFD9BAC127}.Release|Win32.ActiveCfg = Release|Win32
		{43189CC0-11C5-4995-ACDB-EBCFD9BAC127}.Release|Win32.Build.0 = Release|Win32
		{43189CC0-11C5-4995-ACDB-EBCFD9BAC127}.Maya_Debug|Win32.ActiveCfg = Maya_Debug|Win32
		{43189CC0-11C5-4995-ACDB-EBCFD9BAC127}.Maya_Debug|Win32.Build.0 = Maya_Debug|Win32
		{43189CC0-11C5-4995-ACDB-EBCFD9BAC127}.Maya_Release|Win32.ActiveCfg = Maya_Release|Win32
		{43189CC0-11C5-4995-ACDB-EBCFD9BAC127}.Maya_Release|Win32.Build.0 = Maya_Release|Win32
		{93123E97-C6A6-4FA5-9D56-684F1FFC1D62}.Debug|Win32.ActiveCfg = Debug|Win32
		{93123E97-C6A6-4FA5-9D56-684F1FFC1D62}.Debug|Win32.Build.0 = Debug|Win32
		{93123E97-C6A6-4FA5-9D56-684F1FFC1D62}.Release|Win32.ActiveCfg = Release|Win32
		{93123E97-C6A6-4FA5-9D56-684F1FFC1D62}.Release|Win32.Build.0 = Release|Win32
		{93123E97-C6A6-4FA5-9D56-684F1FFC1D62}.Maya_Debug|Win32.ActiveCfg = Maya_Debug|Win32
		{93123E97-C6A6-4FA5-9D56-684F1FFC1D62}.Maya_Debug|Win32.Build.0 = Maya_Debug|Win32
		{93123E97-C6A6-4FA5-9D56-684F1FFC1D62}.Maya_Release|Win32.ActiveCfg = Maya_Release|Win32
		{93123E97-C6A6-4FA5-9D56-684F1FFC1D62}.Maya_Release|Win32.Build.0 = Maya_Release|Win32
		{2D896152-9351-44EF-8305-BD51B28B21D7}.Debug|Win32.ActiveCfg = Debug|Win32
		{2D896152-9351-44EF-8305-BD51B28B21D7}.Debug|Win32.Build.0 = Debug|Win32
		{2D896152-9351-44EF-8305-BD51B28B21D7}.Release|Win32.ActiveCfg = Release|Win32
		{2D896152-9351-44EF-8305-BD51B28B21D7}.Release|Win32.Build.0 = Release|Win32
		{2D896152-9351-44EF-8305-BD51B28B21D7}.Maya_Debug|Win32.ActiveCfg = Maya_Debug|Win32
		{2D896152-9351-44EF-8305-BD51B28B21D7}.Maya_Debug|Win32.Build.0 = Maya_Debug|Win32
		{2D896152-9351-44EF-8305-BD51B28B21D7}.Maya_Release|Win32.ActiveCfg = Maya_Release|Win32
		{2D896152-9351-44EF-8305-BD51B28B21D7}.Maya_Release|Win32.Build.0 = Maya_Release|Win32
		{6E9261AC-7AA4-41D6-8BF0-276EA7C94F3C}.Debug|Win32.ActiveCfg = Debug|Win32
		{6E9261AC-7AA4-41D6-8BF0-276EA7C94F3C}.Debug|Win32.Build.0 = Debug|Win32
		{6E9261AC-7AA4-41D6-8BF0-276EA7C94F3C}.Release|Win32.ActiveCfg = Release|Win32
		{6E9261AC-7AA4-41D6-8BF0-276EA7C94F3C}.Release|Win32.Build.0 = Release|Win32
		{6E9261AC-7AA4-41D6-8BF0-276EA7C94F3C}.Maya_Debug|Win32.ActiveCfg = Maya_Debug|Win32
		{6E9261AC-7AA4-41D6-8BF0-276EA7C94F3C}.Maya_Debug|Win32.Build.0 = Maya_Debug|Win32
		{6E9261AC-7AA4-41D6-8BF0-276EA7C94F3C}.Maya_Release|Win32.ActiveCfg = Maya_Release|Win32
		{6E9261AC-7AA4-41D6-8BF0-276EA7C94F3C}.Maya_Release|Win32.Build.0 = Maya_Release|Win32
		{6D6B810D-F4A1-478D-88AA-5403F5BACFD4}.Debug|Win32.ActiveCfg = Debug|Win32
		{6D6B810D-F4A1-478D-88AA-5403F5BACFD4}.Debug|Win32.Build.0 = Debug|Win32
		{6D6B810D-F4A1-478D-88AA-5403F5BACFD4}.Release|Win32.ActiveCfg = Release|Win32
		{6D6B810D-F4A1-478D-88AA-5403F5BACFD4}.Release|Win32.Build.0 = Release|Win32
		{6D6B810D-F4A1-478D-88AA-5403F5BACFD4}.Maya_Debug|Win32.ActiveCfg = Maya_Debug|Win32
		{6D6B810D-F4A1-478D-88AA-5403F5BACFD4}.Maya_Debug|Win32.Build.0 = Maya_Debug|Win32
		{6D6B810D-F4A1-478D-88AA-5403F5BACFD4}.Maya_Release|Win32.ActiveCfg = Maya_Release|Win32
		{6D6B810D-F4A1-478D-88AA-5403F5BACFD4}.Maya_Release|Win32.Build.0 = Maya_Release|Win32
		{D9703567-CB84-45AC-BD05-7D84AED89C58}.Debug|Win32.ActiveCfg = Debug|Win32
		{D9703567-CB84-45AC-BD05-7D84AED89C58}.Debug|Win32.Build.0 = Debug|Win32
		{D9703567-CB84-45AC-BD05-7D84AED89C58}.Release|Win32.ActiveCfg = Release|Win32
		{D9703567-CB84-45AC-BD05-7D84AED89C58}.Release|Win32.Build.0 = Release|Win32
		{D9703567-CB84-45AC-BD05-7D84AED89C58}.Maya_Debug|Win32.ActiveCfg = Maya_Debug|Win32
		{D9703567-CB84-45AC-BD05-7D84AED89C58}.Maya_Debug|Win32.Build.0 = Maya_Debug|Win32
		{D9703567-CB84-45AC-BD05-7D84AED89C58}.Maya_Release|Win32.ActiveCfg = Maya_Release|Win32
		{D9703567-CB84-45AC-BD05-7D84AED89C58}.Maya_Release|Win32.Build.0 = Maya_Release|Win32
		{D6D66344-262D-4C64-B991-5A040B6C136A}.Debug|Win32.ActiveCfg = Debug|Win32
		{D6D66344-262D-4C64-B991-5A040B6C136A}.Debug|Win32.Build.0 = Debug|Win32
		{D6D66344-262D-4C64-B991-5A040B6C136A}.Release|Win32.ActiveCfg = Release|Win32
		{D6D66344-262D-4C64-B991-5A040B6C136A}.Release|Win32.Build.0 = Release|Win32
		{D6D66344-262D-4C64-B991-5A040B6C136A}.Maya_Debug|Win32.ActiveCfg = Maya_Debug|Win32
		{D6D66344-262D-4C64-B991-5A040B6C136A}.Maya_Debug|Win32.Build.0 = Maya_Debug|Win32
		{D6D66344-262D-4C64-B991-5A040B6C136A}.Maya_Release|Win32.ActiveCfg = Maya_Release|Win32
		{D6D66344-262D-4C64-B991-5A040B6C136A}.Maya_Release|Win32.Build.0 = Maya_Release|Win32
		{0BB61B89-83D8-4244-8E43-B6021FB3DD35}.Debug|Win32.ActiveCfg = Debug|Win32
		{0BB61B89-83D8-4244-8E43-B6021FB3DD35}.Debug|Win32.Build.0 = Debug|Win32
		{0BB61B89-83D8-4244-8E43-B6021FB3DD35}.Release|Win32.ActiveCfg = Release|Win32
		{0BB61B89-83D8-4244-8E43-B6021FB3DD35}.Release|Win32.Build.0 = Release|Win32
		{0BB61B89-83D8-4244-8E43-B6021FB3DD35}.Maya_Debug|Win32.ActiveCfg = Maya_Debug|Win32
		{0BB61B89-83D8-4244-8E43-B6021FB3DD35}.Maya_Debug|Win32.Build.0 = Maya_Debug|Win32
		{0BB61B89-83D8-4244-8E43-B6021FB3DD35}.Maya_Release|Win32.ActiveCfg = Maya_Release|Win32
		{0BB61B89-83D8-4244-8E43-B6021FB3DD35}.Maya_Release|Win32.Build.0 = Maya_Release|Win32
	EndGlobalSection
	GlobalSection(SolutionProperties) = preSolution
		HideSolutionNode = FALSE
	EndGlobalSection
	GlobalSection(NestedProjects) = preSolution
		{99B4C216-94A1-4D6F-AAE0-7786FC15F328} = {798777e9-b38c-4974-bee3-b1cd45f6a1e6}
		{A1D8D6AF-105F-4F72-95C9-182468B07D99} = {832A854F-2030-4EA4-86FE-EDEEC017E78E}
		{18693355-53ED-4A73-82F4-F446CEF4B664} = {798777e9-b38c-4974-bee3-b1cd45f6a1e6}
		{AA5FA779-FB49-40B8-89D1-402E9B90BFDD} = {28B9CEF2-57A6-4ee5-8235-2014936D9FE7}
		{A5E1FE7B-21AD-4CF5-BC69-BC2F59139921} = {28B9CEF2-57A6-4ee5-8235-2014936D9FE7}
		{543A1CD7-9330-40F5-96F1-6A5B949FBE63} = {28B9CEF2-57A6-4ee5-8235-2014936D9FE7}
		{74B43028-559C-4811-964E-81AB5CDE1527} = {28B9CEF2-57A6-4ee5-8235-2014936D9FE7}
		{45E8D1D0-63E5-434A-97BA-32B132079D8A} = {28B9CEF2-57A6-4ee5-8235-2014936D9FE7}
		{7A434A5F-C4E5-4A48-85BF-C6FED7104CF6} = {28B9CEF2-57A6-4ee5-8235-2014936D9FE7}
		{88D8F3F1-7E45-4874-B3C0-D295A9E48116} = {832A854F-2030-4EA4-86FE-EDEEC017E78E}
		{43189CC0-11C5-4995-ACDB-EBCFD9BAC127} = {832A854F-2030-4EA4-86FE-EDEEC017E78E}
		{93123E97-C6A6-4FA5-9D56-684F1FFC1D62} = {832A854F-2030-4EA4-86FE-EDEEC017E78E}
		{2D896152-9351-44EF-8305-BD51B28B21D7} = {832A854F-2030-4EA4-86FE-EDEEC017E78E}
		{6E9261AC-7AA4-41D6-8BF0-276EA7C94F3C} = {832A854F-2030-4EA4-86FE-EDEEC017E78E}
		{6D6B810D-F4A1-478D-88AA-5403F5BACFD4} = {832A854F-2030-4EA4-86FE-EDEEC017E78E}
		{D9703567-CB84-45AC-BD05-7D84AED89C58} = {832A854F-2030-4EA4-86FE-EDEEC017E78E}
		{D6D66344-262D-4C64-B991-5A040B6C136A} = {3B2AD919-B940-473D-A9CC-62428540DEC5}
		{0BB61B89-83D8-4244-8E43-B6021FB3DD35} = {3B2AD919-B940-473D-A9CC-62428540DEC5}
	EndGlobalSection
EndGlobal
