Microsoft Visual Studio Solution File, Format Version 10.00
# Visual Studio 2008
Project("{2150E333-8FDC-42A3-9474-1A3956D46DE8}") = "Libs", "Libs", "{832A854F-2030-4EA4-86FE-EDEEC017E78E}"
EndProject
Project("{8BC9CEB8-8B4A-11D0-8D11-00A0C91BC942}") = "lua_win32", "lua_win32.vcproj", "{A185A3CC-815A-4FE9-864A-32F2A81D0BCE}"
EndProject
Project("{8BC9CEB8-8B4A-11D0-8D11-00A0C91BC942}") = "tinyxml_win32", "tinyxml_win32.vcproj", "{43189CC0-11C5-4995-ACDB-EBCFD9BAC127}"
EndProject
Project("{8BC9CEB8-8B4A-11D0-8D11-00A0C91BC942}") = "zlib_win32", "zlib_win32.vcproj", "{93123E97-C6A6-4FA5-9D56-684F1FFC1D62}"
EndProject
Project("{8BC9CEB8-8B4A-11D0-8D11-00A0C91BC942}") = "sqlite_win32", "sqlite_win32.vcproj", "{6E9261AC-7AA4-41D6-8BF0-276EA7C94F3C}"
EndProject
Project("{8BC9CEB8-8B4A-11D0-8D11-00A0C91BC942}") = "ode_win32", "ode_win32.vcproj", "{E1245EA0-23F2-431D-8915-9E6B6B7F0C27}"
EndProject
Project("{8BC9CEB8-8B4A-11D0-8D11-00A0C91BC942}") = "opcode_win32", "opcode_win32.vcproj", "{00EE8CED-82C4-4014-9B80-768D47974AE7}"
EndProject
Project("{8BC9CEB8-8B4A-11D0-8D11-00A0C91BC942}") = "gimpact_win32", "gimpact_win32.vcproj", "{BFC0014B-B93C-4B38-ABEE-3A5FA4B2278B}"
EndProject
Project("{8BC9CEB8-8B4A-11D0-8D11-00A0C91BC942}") = "raknet_win32", "raknet_win32.vcproj", "{6FA24A98-A49A-4233-8289-F8EEF929C299}"
EndProject
Global
	GlobalSection(SolutionConfigurationPlatforms) = preSolution
		Debug|Win32 = Debug|Win32
		Release|Win32 = Release|Win32
		Maya_Debug|Win32 = Maya_Debug|Win32
		Maya_Release|Win32 = Maya_Release|Win32
	EndGlobalSection
	GlobalSection(ProjectConfigurationPlatforms) = postSolution
		{A185A3CC-815A-4FE9-864A-32F2A81D0BCE}.Debug|Win32.ActiveCfg = Debug|Win32
		{A185A3CC-815A-4FE9-864A-32F2A81D0BCE}.Debug|Win32.Build.0 = Debug|Win32
		{A185A3CC-815A-4FE9-864A-32F2A81D0BCE}.Release|Win32.ActiveCfg = Release|Win32
		{A185A3CC-815A-4FE9-864A-32F2A81D0BCE}.Release|Win32.Build.0 = Release|Win32
		{A185A3CC-815A-4FE9-864A-32F2A81D0BCE}.Maya_Debug|Win32.ActiveCfg = Maya_Debug|Win32
		{A185A3CC-815A-4FE9-864A-32F2A81D0BCE}.Maya_Debug|Win32.Build.0 = Maya_Debug|Win32
		{A185A3CC-815A-4FE9-864A-32F2A81D0BCE}.Maya_Release|Win32.ActiveCfg = Maya_Release|Win32
		{A185A3CC-815A-4FE9-864A-32F2A81D0BCE}.Maya_Release|Win32.Build.0 = Maya_Release|Win32
		{43189CC0-11C5-4995-ACDB-EBCFD9BAC127}.Debug|Win32.ActiveCfg = Debug|Win32
		{43189CC0-11C5-4995-ACDB-EBCFD9BAC127}.Debug|Win32.Build.0 = Debug|Win32
		{43189CC0-11C5-4995-ACDB-EBCFD9BAC127}.Release|Win32.ActiveCfg = Release|Win32
		{43189CC0-11C5-4995-ACDB-EBCFD9BAC127}.Release|Win32.Build.0 = Release|Win32
		{43189CC0-11C5-4995-ACDB-EBCFD9BAC127}.Maya_Debug|Win32.ActiveCfg = Maya_Debug|Win32
		{43189CC0-11C5-4995-ACDB-EBCFD9BAC127}.Maya_Debug|Win32.Build.0 = Maya_Debug|Win32
		{43189CC0-11C5-4995-ACDB-EBCFD9BAC127}.Maya_Release|Win32.ActiveCfg = Maya_Release|Win32
		{43189CC0-11C5-4995-ACDB-EBCFD9BAC127}.Maya_Release|Win32.Build.0 = Maya_Release|Win32
		{93123E97-C6A6-4FA5-9D56-684F1FFC1D62}.Debug|Win32.ActiveCfg = Debug|Win32
		{93123E97-C6A6-4FA5-9D56-684F1FFC1D62}.Debug|Win32.Build.0 = Debug|Win32
		{93123E97-C6A6-4FA5-9D56-684F1FFC1D62}.Release|Win32.ActiveCfg = Release|Win32
		{93123E97-C6A6-4FA5-9D56-684F1FFC1D62}.Release|Win32.Build.0 = Release|Win32
		{93123E97-C6A6-4FA5-9D56-684F1FFC1D62}.Maya_Debug|Win32.ActiveCfg = Maya_Debug|Win32
		{93123E97-C6A6-4FA5-9D56-684F1FFC1D62}.Maya_Debug|Win32.Build.0 = Maya_Debug|Win32
		{93123E97-C6A6-4FA5-9D56-684F1FFC1D62}.Maya_Release|Win32.ActiveCfg = Maya_Release|Win32
		{93123E97-C6A6-4FA5-9D56-684F1FFC1D62}.Maya_Release|Win32.Build.0 = Maya_Release|Win32
		{6E9261AC-7AA4-41D6-8BF0-276EA7C94F3C}.Debug|Win32.ActiveCfg = Debug|Win32
		{6E9261AC-7AA4-41D6-8BF0-276EA7C94F3C}.Debug|Win32.Build.0 = Debug|Win32
		{6E9261AC-7AA4-41D6-8BF0-276EA7C94F3C}.Release|Win32.ActiveCfg = Release|Win32
		{6E9261AC-7AA4-41D6-8BF0-276EA7C94F3C}.Release|Win32.Build.0 = Release|Win32
		{6E9261AC-7AA4-41D6-8BF0-276EA7C94F3C}.Maya_Debug|Win32.ActiveCfg = Maya_Debug|Win32
		{6E9261AC-7AA4-41D6-8BF0-276EA7C94F3C}.Maya_Debug|Win32.Build.0 = Maya_Debug|Win32
		{6E9261AC-7AA4-41D6-8BF0-276EA7C94F3C}.Maya_Release|Win32.ActiveCfg = Maya_Release|Win32
		{6E9261AC-7AA4-41D6-8BF0-276EA7C94F3C}.Maya_Release|Win32.Build.0 = Maya_Release|Win32
		{E1245EA0-23F2-431D-8915-9E6B6B7F0C27}.Debug|Win32.ActiveCfg = Debug|Win32
		{E1245EA0-23F2-431D-8915-9E6B6B7F0C27}.Debug|Win32.Build.0 = Debug|Win32
		{E1245EA0-23F2-431D-8915-9E6B6B7F0C27}.Release|Win32.ActiveCfg = Release|Win32
		{E1245EA0-23F2-431D-8915-9E6B6B7F0C27}.Release|Win32.Build.0 = Release|Win32
		{E1245EA0-23F2-431D-8915-9E6B6B7F0C27}.Maya_Debug|Win32.ActiveCfg = Maya_Debug|Win32
		{E1245EA0-23F2-431D-8915-9E6B6B7F0C27}.Maya_Debug|Win32.Build.0 = Maya_Debug|Win32
		{E1245EA0-23F2-431D-8915-9E6B6B7F0C27}.Maya_Release|Win32.ActiveCfg = Maya_Release|Win32
		{E1245EA0-23F2-431D-8915-9E6B6B7F0C27}.Maya_Release|Win32.Build.0 = Maya_Release|Win32
		{00EE8CED-82C4-4014-9B80-768D47974AE7}.Debug|Win32.ActiveCfg = Debug|Win32
		{00EE8CED-82C4-4014-9B80-768D47974AE7}.Debug|Win32.Build.0 = Debug|Win32
		{00EE8CED-82C4-4014-9B80-768D47974AE7}.Release|Win32.ActiveCfg = Release|Win32
		{00EE8CED-82C4-4014-9B80-768D47974AE7}.Release|Win32.Build.0 = Release|Win32
		{00EE8CED-82C4-4014-9B80-768D47974AE7}.Maya_Debug|Win32.ActiveCfg = Maya_Debug|Win32
		{00EE8CED-82C4-4014-9B80-768D47974AE7}.Maya_Debug|Win32.Build.0 = Maya_Debug|Win32
		{00EE8CED-82C4-4014-9B80-768D47974AE7}.Maya_Release|Win32.ActiveCfg = Maya_Release|Win32
		{00EE8CED-82C4-4014-9B80-768D47974AE7}.Maya_Release|Win32.Build.0 = Maya_Release|Win32
		{BFC0014B-B93C-4B38-ABEE-3A5FA4B2278B}.Debug|Win32.ActiveCfg = Debug|Win32
		{BFC0014B-B93C-4B38-ABEE-3A5FA4B2278B}.Debug|Win32.Build.0 = Debug|Win32
		{BFC0014B-B93C-4B38-ABEE-3A5FA4B2278B}.Release|Win32.ActiveCfg = Release|Win32
		{BFC0014B-B93C-4B38-ABEE-3A5FA4B2278B}.Release|Win32.Build.0 = Release|Win32
		{BFC0014B-B93C-4B38-ABEE-3A5FA4B2278B}.Maya_Debug|Win32.ActiveCfg = Maya_Debug|Win32
		{BFC0014B-B93C-4B38-ABEE-3A5FA4B2278B}.Maya_Debug|Win32.Build.0 = Maya_Debug|Win32
		{BFC0014B-B93C-4B38-ABEE-3A5FA4B2278B}.Maya_Release|Win32.ActiveCfg = Maya_Release|Win32
		{BFC0014B-B93C-4B38-ABEE-3A5FA4B2278B}.Maya_Release|Win32.Build.0 = Maya_Release|Win32
		{6FA24A98-A49A-4233-8289-F8EEF929C299}.Debug|Win32.ActiveCfg = Debug|Win32
		{6FA24A98-A49A-4233-8289-F8EEF929C299}.Debug|Win32.Build.0 = Debug|Win32
		{6FA24A98-A49A-4233-8289-F8EEF929C299}.Release|Win32.ActiveCfg = Release|Win32
		{6FA24A98-A49A-4233-8289-F8EEF929C299}.Release|Win32.Build.0 = Release|Win32
		{6FA24A98-A49A-4233-8289-F8EEF929C299}.Maya_Debug|Win32.ActiveCfg = Maya_Debug|Win32
		{6FA24A98-A49A-4233-8289-F8EEF929C299}.Maya_Debug|Win32.Build.0 = Maya_Debug|Win32
		{6FA24A98-A49A-4233-8289-F8EEF929C299}.Maya_Release|Win32.ActiveCfg = Maya_Release|Win32
		{6FA24A98-A49A-4233-8289-F8EEF929C299}.Maya_Release|Win32.Build.0 = Maya_Release|Win32
	EndGlobalSection
	GlobalSection(SolutionProperties) = preSolution
		HideSolutionNode = FALSE
	EndGlobalSection
	GlobalSection(NestedProjects) = preSolution
		{A185A3CC-815A-4FE9-864A-32F2A81D0BCE} = {832A854F-2030-4EA4-86FE-EDEEC017E78E}
		{43189CC0-11C5-4995-ACDB-EBCFD9BAC127} = {832A854F-2030-4EA4-86FE-EDEEC017E78E}
		{93123E97-C6A6-4FA5-9D56-684F1FFC1D62} = {832A854F-2030-4EA4-86FE-EDEEC017E78E}
		{6E9261AC-7AA4-41D6-8BF0-276EA7C94F3C} = {832A854F-2030-4EA4-86FE-EDEEC017E78E}
		{E1245EA0-23F2-431D-8915-9E6B6B7F0C27} = {832A854F-2030-4EA4-86FE-EDEEC017E78E}
		{00EE8CED-82C4-4014-9B80-768D47974AE7} = {832A854F-2030-4EA4-86FE-EDEEC017E78E}
		{BFC0014B-B93C-4B38-ABEE-3A5FA4B2278B} = {832A854F-2030-4EA4-86FE-EDEEC017E78E}
		{6FA24A98-A49A-4233-8289-F8EEF929C299} = {832A854F-2030-4EA4-86FE-EDEEC017E78E}
	EndGlobalSection
EndGlobal
