Microsoft Visual Studio Solution File, Format Version 10.00
# Visual Studio 2008
Project("{2150E333-8FDC-42A3-9474-1A3956D46DE8}") = "NIDLs", "NIDLs", "{798777e9-b38c-4974-bee3-b1cd45f6a1e6}"
EndProject
Project("{2150E333-8FDC-42A3-9474-1A3956D46DE8}") = "Libs", "Libs", "{832A854F-2030-4EA4-86FE-EDEEC017E78E}"
EndProject
Project("{2150E333-8FDC-42A3-9474-1A3956D46DE8}") = "Exes", "Exes", "{3B2AD919-B940-473D-A9CC-62428540DEC5}"
EndProject
Project("{8BC9CEB8-8B4A-11D0-8D11-00A0C91BC942}") = "foundation_nidls_win32", "foundation_nidls_win32.vcproj", "{99B4C216-94A1-4D6F-AAE0-7786FC15F328}"
EndProject
Project("{8BC9CEB8-8B4A-11D0-8D11-00A0C91BC942}") = "render_nidls_win32", "render_nidls_win32.vcproj", "{18693355-53ED-4A73-82F4-F446CEF4B664}"
EndProject
Project("{8BC9CEB8-8B4A-11D0-8D11-00A0C91BC942}") = "foundation_win32", "foundation_win32.vcproj", "{A1D8D6AF-105F-4F72-95C9-182468B07D99}"
	ProjectSection(ProjectDependencies) = postProject
		{99B4C216-94A1-4D6F-AAE0-7786FC15F328} = {99B4C216-94A1-4D6F-AAE0-7786FC15F328}
	EndProjectSection
EndProject
Project("{8BC9CEB8-8B4A-11D0-8D11-00A0C91BC942}") = "render_win32", "render_win32.vcproj", "{88D8F3F1-7E45-4874-B3C0-D295A9E48116}"
	ProjectSection(ProjectDependencies) = postProject
		{18693355-53ED-4A73-82F4-F446CEF4B664} = {18693355-53ED-4A73-82F4-F446CEF4B664}
		{A5E1FE7B-21AD-4CF5-BC69-BC2F59139921} = {A5E1FE7B-21AD-4CF5-BC69-BC2F59139921}
		{AA5FA779-FB49-40B8-89D1-402E9B90BFDD} = {AA5FA779-FB49-40B8-89D1-402E9B90BFDD}
		{543A1CD7-9330-40F5-96F1-6A5B949FBE63} = {543A1CD7-9330-40F5-96F1-6A5B949FBE63}
		{74B43028-559C-4811-964E-81AB5CDE1527} = {74B43028-559C-4811-964E-81AB5CDE1527}
		{45E8D1D0-63E5-434A-97BA-32B132079D8A} = {45E8D1D0-63E5-434A-97BA-32B132079D8A}
		{7A434A5F-C4E5-4A48-85BF-C6FED7104CF6} = {7A434A5F-C4E5-4A48-85BF-C6FED7104CF6}
	EndProjectSection
EndProject
Project("{8BC9CEB8-8B4A-11D0-8D11-00A0C91BC942}") = "tinyxml_win32", "tinyxml_win32.vcproj", "{43189CC0-11C5-4995-ACDB-EBCFD9BAC127}"
EndProject
Project("{8BC9CEB8-8B4A-11D0-8D11-00A0C91BC942}") = "zlib_win32", "zlib_win32.vcproj", "{93123E97-C6A6-4FA5-9D56-684F1FFC1D62}"
EndProject
Project("{8BC9CEB8-8B4A-11D0-8D11-00A0C91BC942}") = "toolkitutil_win32", "toolkitutil_win32.vcproj", "{E39D6508-83D5-4C1D-A1ED-C82981467911}"
EndProject
Project("{8BC9CEB8-8B4A-11D0-8D11-00A0C91BC942}") = "mayapluginlib_win32", "mayapluginlib_win32.vcproj", "{AA0442DF-C39A-4796-AFFB-9A83504065F3}"
EndProject
Project("{8BC9CEB8-8B4A-11D0-8D11-00A0C91BC942}") = "Nebula3Maya2009Plugin", "Nebula3Maya2009Plugin.vcproj", "{9CE0D224-66B5-40BD-97FA-2E756B08DC5E}"
	ProjectSection(ProjectDependencies) = postProject
		{A1D8D6AF-105F-4F72-95C9-182468B07D99} = {A1D8D6AF-105F-4F72-95C9-182468B07D99}
		{88D8F3F1-7E45-4874-B3C0-D295A9E48116} = {88D8F3F1-7E45-4874-B3C0-D295A9E48116}
		{93123E97-C6A6-4FA5-9D56-684F1FFC1D62} = {93123E97-C6A6-4FA5-9D56-684F1FFC1D62}
		{43189CC0-11C5-4995-ACDB-EBCFD9BAC127} = {43189CC0-11C5-4995-ACDB-EBCFD9BAC127}
		{E39D6508-83D5-4C1D-A1ED-C82981467911} = {E39D6508-83D5-4C1D-A1ED-C82981467911}
		{AA0442DF-C39A-4796-AFFB-9A83504065F3} = {AA0442DF-C39A-4796-AFFB-9A83504065F3}
	EndProjectSection
EndProject
Global
	GlobalSection(SolutionConfigurationPlatforms) = preSolution
		Debug|Win32 = Debug|Win32
		Release|Win32 = Release|Win32
		Maya_Debug|Win32 = Maya_Debug|Win32
		Maya_Release|Win32 = Maya_Release|Win32
	EndGlobalSection
	GlobalSection(ProjectConfigurationPlatforms) = postSolution
		{99B4C216-94A1-4D6F-AAE0-7786FC15F328}.Debug|Win32.ActiveCfg = Debug|Win32
		{99B4C216-94A1-4D6F-AAE0-7786FC15F328}.Debug|Win32.Build.0 = Debug|Win32
		{99B4C216-94A1-4D6F-AAE0-7786FC15F328}.Release|Win32.ActiveCfg = Release|Win32
		{99B4C216-94A1-4D6F-AAE0-7786FC15F328}.Release|Win32.Build.0 = Release|Win32
		{99B4C216-94A1-4D6F-AAE0-7786FC15F328}.Maya_Debug|Win32.ActiveCfg = Maya_Debug|Win32
		{99B4C216-94A1-4D6F-AAE0-7786FC15F328}.Maya_Debug|Win32.Build.0 = Maya_Debug|Win32
		{99B4C216-94A1-4D6F-AAE0-7786FC15F328}.Maya_Release|Win32.ActiveCfg = Maya_Release|Win32
		{99B4C216-94A1-4D6F-AAE0-7786FC15F328}.Maya_Release|Win32.Build.0 = Maya_Release|Win32
		{18693355-53ED-4A73-82F4-F446CEF4B664}.Debug|Win32.ActiveCfg = Debug|Win32
		{18693355-53ED-4A73-82F4-F446CEF4B664}.Debug|Win32.Build.0 = Debug|Win32
		{18693355-53ED-4A73-82F4-F446CEF4B664}.Release|Win32.ActiveCfg = Release|Win32
		{18693355-53ED-4A73-82F4-F446CEF4B664}.Release|Win32.Build.0 = Release|Win32
		{18693355-53ED-4A73-82F4-F446CEF4B664}.Maya_Debug|Win32.ActiveCfg = Maya_Debug|Win32
		{18693355-53ED-4A73-82F4-F446CEF4B664}.Maya_Debug|Win32.Build.0 = Maya_Debug|Win32
		{18693355-53ED-4A73-82F4-F446CEF4B664}.Maya_Release|Win32.ActiveCfg = Maya_Release|Win32
		{18693355-53ED-4A73-82F4-F446CEF4B664}.Maya_Release|Win32.Build.0 = Maya_Release|Win32
		{A1D8D6AF-105F-4F72-95C9-182468B07D99}.Debug|Win32.ActiveCfg = Debug|Win32
		{A1D8D6AF-105F-4F72-95C9-182468B07D99}.Debug|Win32.Build.0 = Debug|Win32
		{A1D8D6AF-105F-4F72-95C9-182468B07D99}.Release|Win32.ActiveCfg = Release|Win32
		{A1D8D6AF-105F-4F72-95C9-182468B07D99}.Release|Win32.Build.0 = Release|Win32
		{A1D8D6AF-105F-4F72-95C9-182468B07D99}.Maya_Debug|Win32.ActiveCfg = Maya_Debug|Win32
		{A1D8D6AF-105F-4F72-95C9-182468B07D99}.Maya_Debug|Win32.Build.0 = Maya_Debug|Win32
		{A1D8D6AF-105F-4F72-95C9-182468B07D99}.Maya_Release|Win32.ActiveCfg = Maya_Release|Win32
		{A1D8D6AF-105F-4F72-95C9-182468B07D99}.Maya_Release|Win32.Build.0 = Maya_Release|Win32
		{88D8F3F1-7E45-4874-B3C0-D295A9E48116}.Debug|Win32.ActiveCfg = Debug|Win32
		{88D8F3F1-7E45-4874-B3C0-D295A9E48116}.Debug|Win32.Build.0 = Debug|Win32
		{88D8F3F1-7E45-4874-B3C0-D295A9E48116}.Release|Win32.ActiveCfg = Release|Win32
		{88D8F3F1-7E45-4874-B3C0-D295A9E48116}.Release|Win32.Build.0 = Release|Win32
		{88D8F3F1-7E45-4874-B3C0-D295A9E48116}.Maya_Debug|Win32.ActiveCfg = Maya_Debug|Win32
		{88D8F3F1-7E45-4874-B3C0-D295A9E48116}.Maya_Debug|Win32.Build.0 = Maya_Debug|Win32
		{88D8F3F1-7E45-4874-B3C0-D295A9E48116}.Maya_Release|Win32.ActiveCfg = Maya_Release|Win32
		{88D8F3F1-7E45-4874-B3C0-D295A9E48116}.Maya_Release|Win32.Build.0 = Maya_Release|Win32
		{43189CC0-11C5-4995-ACDB-EBCFD9BAC127}.Debug|Win32.ActiveCfg = Debug|Win32
		{43189CC0-11C5-4995-ACDB-EBCFD9BAC127}.Debug|Win32.Build.0 = Debug|Win32
		{43189CC0-11C5-4995-ACDB-EBCFD9BAC127}.Release|Win32.ActiveCfg = Release|Win32
		{43189CC0-11C5-4995-ACDB-EBCFD9BAC127}.Release|Win32.Build.0 = Release|Win32
		{43189CC0-11C5-4995-ACDB-EBCFD9BAC127}.Maya_Debug|Win32.ActiveCfg = Maya_Debug|Win32
		{43189CC0-11C5-4995-ACDB-EBCFD9BAC127}.Maya_Debug|Win32.Build.0 = Maya_Debug|Win32
		{43189CC0-11C5-4995-ACDB-EBCFD9BAC127}.Maya_Release|Win32.ActiveCfg = Maya_Release|Win32
		{43189CC0-11C5-4995-ACDB-EBCFD9BAC127}.Maya_Release|Win32.Build.0 = Maya_Release|Win32
		{93123E97-C6A6-4FA5-9D56-684F1FFC1D62}.Debug|Win32.ActiveCfg = Debug|Win32
		{93123E97-C6A6-4FA5-9D56-684F1FFC1D62}.Debug|Win32.Build.0 = Debug|Win32
		{93123E97-C6A6-4FA5-9D56-684F1FFC1D62}.Release|Win32.ActiveCfg = Release|Win32
		{93123E97-C6A6-4FA5-9D56-684F1FFC1D62}.Release|Win32.Build.0 = Release|Win32
		{93123E97-C6A6-4FA5-9D56-684F1FFC1D62}.Maya_Debug|Win32.ActiveCfg = Maya_Debug|Win32
		{93123E97-C6A6-4FA5-9D56-684F1FFC1D62}.Maya_Debug|Win32.Build.0 = Maya_Debug|Win32
		{93123E97-C6A6-4FA5-9D56-684F1FFC1D62}.Maya_Release|Win32.ActiveCfg = Maya_Release|Win32
		{93123E97-C6A6-4FA5-9D56-684F1FFC1D62}.Maya_Release|Win32.Build.0 = Maya_Release|Win32
		{E39D6508-83D5-4C1D-A1ED-C82981467911}.Debug|Win32.ActiveCfg = Debug|Win32
		{E39D6508-83D5-4C1D-A1ED-C82981467911}.Debug|Win32.Build.0 = Debug|Win32
		{E39D6508-83D5-4C1D-A1ED-C82981467911}.Release|Win32.ActiveCfg = Release|Win32
		{E39D6508-83D5-4C1D-A1ED-C82981467911}.Release|Win32.Build.0 = Release|Win32
		{E39D6508-83D5-4C1D-A1ED-C82981467911}.Maya_Debug|Win32.ActiveCfg = Maya_Debug|Win32
		{E39D6508-83D5-4C1D-A1ED-C82981467911}.Maya_Debug|Win32.Build.0 = Maya_Debug|Win32
		{E39D6508-83D5-4C1D-A1ED-C82981467911}.Maya_Release|Win32.ActiveCfg = Maya_Release|Win32
		{E39D6508-83D5-4C1D-A1ED-C82981467911}.Maya_Release|Win32.Build.0 = Maya_Release|Win32
		{AA0442DF-C39A-4796-AFFB-9A83504065F3}.Debug|Win32.ActiveCfg = Debug|Win32
		{AA0442DF-C39A-4796-AFFB-9A83504065F3}.Debug|Win32.Build.0 = Debug|Win32
		{AA0442DF-C39A-4796-AFFB-9A83504065F3}.Release|Win32.ActiveCfg = Release|Win32
		{AA0442DF-C39A-4796-AFFB-9A83504065F3}.Release|Win32.Build.0 = Release|Win32
		{AA0442DF-C39A-4796-AFFB-9A83504065F3}.Maya_Debug|Win32.ActiveCfg = Maya_Debug|Win32
		{AA0442DF-C39A-4796-AFFB-9A83504065F3}.Maya_Debug|Win32.Build.0 = Maya_Debug|Win32
		{AA0442DF-C39A-4796-AFFB-9A83504065F3}.Maya_Release|Win32.ActiveCfg = Maya_Release|Win32
		{AA0442DF-C39A-4796-AFFB-9A83504065F3}.Maya_Release|Win32.Build.0 = Maya_Release|Win32
		{9CE0D224-66B5-40BD-97FA-2E756B08DC5E}.Debug|Win32.ActiveCfg = Debug|Win32
		{9CE0D224-66B5-40BD-97FA-2E756B08DC5E}.Debug|Win32.Build.0 = Debug|Win32
		{9CE0D224-66B5-40BD-97FA-2E756B08DC5E}.Release|Win32.ActiveCfg = Release|Win32
		{9CE0D224-66B5-40BD-97FA-2E756B08DC5E}.Release|Win32.Build.0 = Release|Win32
		{9CE0D224-66B5-40BD-97FA-2E756B08DC5E}.Maya_Debug|Win32.ActiveCfg = Maya_Debug|Win32
		{9CE0D224-66B5-40BD-97FA-2E756B08DC5E}.Maya_Debug|Win32.Build.0 = Maya_Debug|Win32
		{9CE0D224-66B5-40BD-97FA-2E756B08DC5E}.Maya_Release|Win32.ActiveCfg = Maya_Release|Win32
		{9CE0D224-66B5-40BD-97FA-2E756B08DC5E}.Maya_Release|Win32.Build.0 = Maya_Release|Win32
	EndGlobalSection
	GlobalSection(SolutionProperties) = preSolution
		HideSolutionNode = FALSE
	EndGlobalSection
	GlobalSection(NestedProjects) = preSolution
		{99B4C216-94A1-4D6F-AAE0-7786FC15F328} = {798777e9-b38c-4974-bee3-b1cd45f6a1e6}
		{18693355-53ED-4A73-82F4-F446CEF4B664} = {798777e9-b38c-4974-bee3-b1cd45f6a1e6}
		{A1D8D6AF-105F-4F72-95C9-182468B07D99} = {832A854F-2030-4EA4-86FE-EDEEC017E78E}
		{88D8F3F1-7E45-4874-B3C0-D295A9E48116} = {832A854F-2030-4EA4-86FE-EDEEC017E78E}
		{43189CC0-11C5-4995-ACDB-EBCFD9BAC127} = {832A854F-2030-4EA4-86FE-EDEEC017E78E}
		{93123E97-C6A6-4FA5-9D56-684F1FFC1D62} = {832A854F-2030-4EA4-86FE-EDEEC017E78E}
		{E39D6508-83D5-4C1D-A1ED-C82981467911} = {832A854F-2030-4EA4-86FE-EDEEC017E78E}
		{AA0442DF-C39A-4796-AFFB-9A83504065F3} = {832A854F-2030-4EA4-86FE-EDEEC017E78E}
		{9CE0D224-66B5-40BD-97FA-2E756B08DC5E} = {3B2AD919-B940-473D-A9CC-62428540DEC5}
	EndGlobalSection
EndGlobal
