Microsoft Visual Studio Solution File, Format Version 10.00
# Visual Studio 2008
Project("{2150E333-8FDC-42A3-9474-1A3956D46DE8}") = "NIDLs", "NIDLs", "{798777e9-b38c-4974-bee3-b1cd45f6a1e6}"
EndProject
Project("{2150E333-8FDC-42A3-9474-1A3956D46DE8}") = "Libs", "Libs", "{832A854F-2030-4EA4-86FE-EDEEC017E78E}"
EndProject
Project("{8BC9CEB8-8B4A-11D0-8D11-00A0C91BC942}") = "scaleform_nidls_win32", "scaleform_nidls_win32.vcproj", "{FDC1C3C5-CE6C-4B04-8BBB-871B3BCA3DE3}"
EndProject
Project("{8BC9CEB8-8B4A-11D0-8D11-00A0C91BC942}") = "scaleform_win32", "scaleform_win32.vcproj", "{5A2FE876-6B79-40F9-9265-B0480A4E9415}"
	ProjectSection(ProjectDependencies) = postProject
		{FDC1C3C5-CE6C-4B04-8BBB-871B3BCA3DE3} = {FDC1C3C5-CE6C-4B04-8BBB-871B3BCA3DE3}
	EndProjectSection
EndProject
Global
	GlobalSection(SolutionConfigurationPlatforms) = preSolution
		Debug|Win32 = Debug|Win32
		Release|Win32 = Release|Win32
		Maya_Debug|Win32 = Maya_Debug|Win32
		Maya_Release|Win32 = Maya_Release|Win32
	EndGlobalSection
	GlobalSection(ProjectConfigurationPlatforms) = postSolution
		{FDC1C3C5-CE6C-4B04-8BBB-871B3BCA3DE3}.Debug|Win32.ActiveCfg = Debug|Win32
		{FDC1C3C5-CE6C-4B04-8BBB-871B3BCA3DE3}.Debug|Win32.Build.0 = Debug|Win32
		{FDC1C3C5-CE6C-4B04-8BBB-871B3BCA3DE3}.Release|Win32.ActiveCfg = Release|Win32
		{FDC1C3C5-CE6C-4B04-8BBB-871B3BCA3DE3}.Release|Win32.Build.0 = Release|Win32
		{FDC1C3C5-CE6C-4B04-8BBB-871B3BCA3DE3}.Maya_Debug|Win32.ActiveCfg = Maya_Debug|Win32
		{FDC1C3C5-CE6C-4B04-8BBB-871B3BCA3DE3}.Maya_Debug|Win32.Build.0 = Maya_Debug|Win32
		{FDC1C3C5-CE6C-4B04-8BBB-871B3BCA3DE3}.Maya_Release|Win32.ActiveCfg = Maya_Release|Win32
		{FDC1C3C5-CE6C-4B04-8BBB-871B3BCA3DE3}.Maya_Release|Win32.Build.0 = Maya_Release|Win32
		{5A2FE876-6B79-40F9-9265-B0480A4E9415}.Debug|Win32.ActiveCfg = Debug|Win32
		{5A2FE876-6B79-40F9-9265-B0480A4E9415}.Debug|Win32.Build.0 = Debug|Win32
		{5A2FE876-6B79-40F9-9265-B0480A4E9415}.Release|Win32.ActiveCfg = Release|Win32
		{5A2FE876-6B79-40F9-9265-B0480A4E9415}.Release|Win32.Build.0 = Release|Win32
		{5A2FE876-6B79-40F9-9265-B0480A4E9415}.Maya_Debug|Win32.ActiveCfg = Maya_Debug|Win32
		{5A2FE876-6B79-40F9-9265-B0480A4E9415}.Maya_Debug|Win32.Build.0 = Maya_Debug|Win32
		{5A2FE876-6B79-40F9-9265-B0480A4E9415}.Maya_Release|Win32.ActiveCfg = Maya_Release|Win32
		{5A2FE876-6B79-40F9-9265-B0480A4E9415}.Maya_Release|Win32.Build.0 = Maya_Release|Win32
	EndGlobalSection
	GlobalSection(SolutionProperties) = preSolution
		HideSolutionNode = FALSE
	EndGlobalSection
	GlobalSection(NestedProjects) = preSolution
		{FDC1C3C5-CE6C-4B04-8BBB-871B3BCA3DE3} = {798777e9-b38c-4974-bee3-b1cd45f6a1e6}
		{5A2FE876-6B79-40F9-9265-B0480A4E9415} = {832A854F-2030-4EA4-86FE-EDEEC017E78E}
	EndGlobalSection
EndGlobal
