Microsoft Visual Studio Solution File, Format Version 10.00
# Visual Studio 2008
Project("{2150E333-8FDC-42A3-9474-1A3956D46DE8}") = "NIDLs", "NIDLs", "{798777e9-b38c-4974-bee3-b1cd45f6a1e6}"
EndProject
Project("{2150E333-8FDC-42A3-9474-1A3956D46DE8}") = "Libs", "Libs", "{832A854F-2030-4EA4-86FE-EDEEC017E78E}"
EndProject
Project("{2150E333-8FDC-42A3-9474-1A3956D46DE8}") = "Exes", "Exes", "{3B2AD919-B940-473D-A9CC-62428540DEC5}"
EndProject
Project("{2150E333-8FDC-42A3-9474-1A3956D46DE8}") = "Jobs", "Jobs", "{28B9CEF2-57A6-4ee5-8235-2014936D9FE7}"
EndProject
Project("{8BC9CEB8-8B4A-11D0-8D11-00A0C91BC942}") = "foundation_nidls_win32", "foundation_nidls_win32.vcproj", "{99B4C216-94A1-4D6F-AAE0-7786FC15F328}"
EndProject
Project("{8BC9CEB8-8B4A-11D0-8D11-00A0C91BC942}") = "render_nidls_win32", "render_nidls_win32.vcproj", "{18693355-53ED-4A73-82F4-F446CEF4B664}"
EndProject
Project("{8BC9CEB8-8B4A-11D0-8D11-00A0C91BC942}") = "vibration_nidls_win32", "vibration_nidls_win32.vcproj", "{B646F1F1-67DA-4078-A69F-83191DDAA25F}"
EndProject
Project("{8BC9CEB8-8B4A-11D0-8D11-00A0C91BC942}") = "network_nidls_win32", "network_nidls_win32.vcproj", "{A1E21D74-AF16-4FD8-ABE3-85ACAF4F7233}"
EndProject
Project("{8BC9CEB8-8B4A-11D0-8D11-00A0C91BC942}") = "forest_nidls_win32", "forest_nidls_win32.vcproj", "{097A3DFE-F62A-4D43-8EFB-8D14B63CD3AC}"
EndProject
Project("{8BC9CEB8-8B4A-11D0-8D11-00A0C91BC942}") = "framecapture_nidls_win32", "framecapture_nidls_win32.vcproj", "{32DCC454-D363-41F1-9554-590F65E85D13}"
EndProject
Project("{8BC9CEB8-8B4A-11D0-8D11-00A0C91BC942}") = "foundation_win32", "foundation_win32.vcproj", "{A1D8D6AF-105F-4F72-95C9-182468B07D99}"
	ProjectSection(ProjectDependencies) = postProject
		{99B4C216-94A1-4D6F-AAE0-7786FC15F328} = {99B4C216-94A1-4D6F-AAE0-7786FC15F328}
	EndProjectSection
EndProject
Project("{8BC9CEB8-8B4A-11D0-8D11-00A0C91BC942}") = "render_win32", "render_win32.vcproj", "{88D8F3F1-7E45-4874-B3C0-D295A9E48116}"
	ProjectSection(ProjectDependencies) = postProject
		{18693355-53ED-4A73-82F4-F446CEF4B664} = {18693355-53ED-4A73-82F4-F446CEF4B664}
		{A5E1FE7B-21AD-4CF5-BC69-BC2F59139921} = {A5E1FE7B-21AD-4CF5-BC69-BC2F59139921}
		{AA5FA779-FB49-40B8-89D1-402E9B90BFDD} = {AA5FA779-FB49-40B8-89D1-402E9B90BFDD}
		{543A1CD7-9330-40F5-96F1-6A5B949FBE63} = {543A1CD7-9330-40F5-96F1-6A5B949FBE63}
		{74B43028-559C-4811-964E-81AB5CDE1527} = {74B43028-559C-4811-964E-81AB5CDE1527}
		{45E8D1D0-63E5-434A-97BA-32B132079D8A} = {45E8D1D0-63E5-434A-97BA-32B132079D8A}
		{7A434A5F-C4E5-4A48-85BF-C6FED7104CF6} = {7A434A5F-C4E5-4A48-85BF-C6FED7104CF6}
	EndProjectSection
EndProject
Project("{8BC9CEB8-8B4A-11D0-8D11-00A0C91BC942}") = "tinyxml_win32", "tinyxml_win32.vcproj", "{43189CC0-11C5-4995-ACDB-EBCFD9BAC127}"
EndProject
Project("{8BC9CEB8-8B4A-11D0-8D11-00A0C91BC942}") = "zlib_win32", "zlib_win32.vcproj", "{93123E97-C6A6-4FA5-9D56-684F1FFC1D62}"
EndProject
Project("{8BC9CEB8-8B4A-11D0-8D11-00A0C91BC942}") = "toolkitutil_win32", "toolkitutil_win32.vcproj", "{E39D6508-83D5-4C1D-A1ED-C82981467911}"
EndProject
Project("{8BC9CEB8-8B4A-11D0-8D11-00A0C91BC942}") = "vibration_win32", "vibration_win32.vcproj", "{1B670862-5DBA-4D5D-B3BA-CB4F1763DB42}"
	ProjectSection(ProjectDependencies) = postProject
		{B646F1F1-67DA-4078-A69F-83191DDAA25F} = {B646F1F1-67DA-4078-A69F-83191DDAA25F}
	EndProjectSection
EndProject
Project("{8BC9CEB8-8B4A-11D0-8D11-00A0C91BC942}") = "network_win32", "network_win32.vcproj", "{DCEA9C68-AA59-4DEF-ACBB-F940CD321915}"
	ProjectSection(ProjectDependencies) = postProject
		{A1E21D74-AF16-4FD8-ABE3-85ACAF4F7233} = {A1E21D74-AF16-4FD8-ABE3-85ACAF4F7233}
		{43189CC0-11C5-4995-ACDB-EBCFD9BAC127} = {43189CC0-11C5-4995-ACDB-EBCFD9BAC127}
	EndProjectSection
EndProject
Project("{8BC9CEB8-8B4A-11D0-8D11-00A0C91BC942}") = "raknet_win32", "raknet_win32.vcproj", "{6FA24A98-A49A-4233-8289-F8EEF929C299}"
EndProject
Project("{8BC9CEB8-8B4A-11D0-8D11-00A0C91BC942}") = "attr_win32", "attr_win32.vcproj", "{6D6B810D-F4A1-478D-88AA-5403F5BACFD4}"
EndProject
Project("{8BC9CEB8-8B4A-11D0-8D11-00A0C91BC942}") = "audio2_nidls_win32", "audio2_nidls_win32.vcproj", "{3D8BF9D0-BA49-428B-A1DD-C68DBA4D842D}"
EndProject
Project("{8BC9CEB8-8B4A-11D0-8D11-00A0C91BC942}") = "audio2_win32", "audio2_win32.vcproj", "{BFAD990B-8CBF-4E5B-BC6A-3C31986EF047}"
	ProjectSection(ProjectDependencies) = postProject
		{3D8BF9D0-BA49-428B-A1DD-C68DBA4D842D} = {3D8BF9D0-BA49-428B-A1DD-C68DBA4D842D}
	EndProjectSection
EndProject
Project("{8BC9CEB8-8B4A-11D0-8D11-00A0C91BC942}") = "forest_win32", "forest_win32.vcproj", "{3A9B89BF-C1AF-4A3A-9699-B7B2ED33E678}"
	ProjectSection(ProjectDependencies) = postProject
		{097A3DFE-F62A-4D43-8EFB-8D14B63CD3AC} = {097A3DFE-F62A-4D43-8EFB-8D14B63CD3AC}
	EndProjectSection
EndProject
Project("{8BC9CEB8-8B4A-11D0-8D11-00A0C91BC942}") = "render_particlejob_win32", "render_particlejob_win32.vcproj", "{AA5FA779-FB49-40B8-89D1-402E9B90BFDD}"
EndProject
Project("{8BC9CEB8-8B4A-11D0-8D11-00A0C91BC942}") = "render_charevalskeletonjob_win32", "render_charevalskeletonjob_win32.vcproj", "{A5E1FE7B-21AD-4CF5-BC69-BC2F59139921}"
EndProject
Project("{8BC9CEB8-8B4A-11D0-8D11-00A0C91BC942}") = "render_animjobsample_win32", "render_animjobsample_win32.vcproj", "{543A1CD7-9330-40F5-96F1-6A5B949FBE63}"
EndProject
Project("{8BC9CEB8-8B4A-11D0-8D11-00A0C91BC942}") = "render_animjobsamplemix_win32", "render_animjobsamplemix_win32.vcproj", "{74B43028-559C-4811-964E-81AB5CDE1527}"
EndProject
Project("{8BC9CEB8-8B4A-11D0-8D11-00A0C91BC942}") = "render_visibilityquadtreejob_win32", "render_visibilityquadtreejob_win32.vcproj", "{45E8D1D0-63E5-434A-97BA-32B132079D8A}"
EndProject
Project("{8BC9CEB8-8B4A-11D0-8D11-00A0C91BC942}") = "render_visibilityboxsystemjob_win32", "render_visibilityboxsystemjob_win32.vcproj", "{7A434A5F-C4E5-4A48-85BF-C6FED7104CF6}"
EndProject
Project("{8BC9CEB8-8B4A-11D0-8D11-00A0C91BC942}") = "jobstest_transform_win32", "jobstest_transform_win32.vcproj", "{C5F1C164-544A-43DF-8B1E-30D8667DA7A5}"
EndProject
Project("{8BC9CEB8-8B4A-11D0-8D11-00A0C91BC942}") = "jobstest_test_win32", "jobstest_test_win32.vcproj", "{DD3C3E23-7EFD-4494-B0DE-5CBE3A35026A}"
EndProject
Project("{8BC9CEB8-8B4A-11D0-8D11-00A0C91BC942}") = "fmodtestsimple_win32", "fmodtestsimple_win32.vcproj", "{4283F98D-524B-4984-8802-7259CAFF0499}"
	ProjectSection(ProjectDependencies) = postProject
		{A1D8D6AF-105F-4F72-95C9-182468B07D99} = {A1D8D6AF-105F-4F72-95C9-182468B07D99}
		{88D8F3F1-7E45-4874-B3C0-D295A9E48116} = {88D8F3F1-7E45-4874-B3C0-D295A9E48116}
		{BFAD990B-8CBF-4E5B-BC6A-3C31986EF047} = {BFAD990B-8CBF-4E5B-BC6A-3C31986EF047}
		{43189CC0-11C5-4995-ACDB-EBCFD9BAC127} = {43189CC0-11C5-4995-ACDB-EBCFD9BAC127}
		{93123E97-C6A6-4FA5-9D56-684F1FFC1D62} = {93123E97-C6A6-4FA5-9D56-684F1FFC1D62}
		{1B670862-5DBA-4D5D-B3BA-CB4F1763DB42} = {1B670862-5DBA-4D5D-B3BA-CB4F1763DB42}
	EndProjectSection
EndProject
Project("{8BC9CEB8-8B4A-11D0-8D11-00A0C91BC942}") = "fmodcoretest_win32", "fmodcoretest_win32.vcproj", "{F61FD065-752F-4CF8-943F-30DD4EB1FB11}"
	ProjectSection(ProjectDependencies) = postProject
		{A1D8D6AF-105F-4F72-95C9-182468B07D99} = {A1D8D6AF-105F-4F72-95C9-182468B07D99}
		{88D8F3F1-7E45-4874-B3C0-D295A9E48116} = {88D8F3F1-7E45-4874-B3C0-D295A9E48116}
		{BFAD990B-8CBF-4E5B-BC6A-3C31986EF047} = {BFAD990B-8CBF-4E5B-BC6A-3C31986EF047}
		{43189CC0-11C5-4995-ACDB-EBCFD9BAC127} = {43189CC0-11C5-4995-ACDB-EBCFD9BAC127}
		{93123E97-C6A6-4FA5-9D56-684F1FFC1D62} = {93123E97-C6A6-4FA5-9D56-684F1FFC1D62}
	EndProjectSection
EndProject
Project("{8BC9CEB8-8B4A-11D0-8D11-00A0C91BC942}") = "fmodtest_win32", "fmodtest_win32.vcproj", "{E9BFB56D-8B62-42A5-9ED9-6D62DA9C6084}"
	ProjectSection(ProjectDependencies) = postProject
		{A1D8D6AF-105F-4F72-95C9-182468B07D99} = {A1D8D6AF-105F-4F72-95C9-182468B07D99}
		{88D8F3F1-7E45-4874-B3C0-D295A9E48116} = {88D8F3F1-7E45-4874-B3C0-D295A9E48116}
		{3D8BF9D0-BA49-428B-A1DD-C68DBA4D842D} = {3D8BF9D0-BA49-428B-A1DD-C68DBA4D842D}
		{BFAD990B-8CBF-4E5B-BC6A-3C31986EF047} = {BFAD990B-8CBF-4E5B-BC6A-3C31986EF047}
		{1B670862-5DBA-4D5D-B3BA-CB4F1763DB42} = {1B670862-5DBA-4D5D-B3BA-CB4F1763DB42}
		{43189CC0-11C5-4995-ACDB-EBCFD9BAC127} = {43189CC0-11C5-4995-ACDB-EBCFD9BAC127}
		{93123E97-C6A6-4FA5-9D56-684F1FFC1D62} = {93123E97-C6A6-4FA5-9D56-684F1FFC1D62}
		{B342AAC8-E494-4736-92F3-854500A5A4D0} = {B342AAC8-E494-4736-92F3-854500A5A4D0}
	EndProjectSection
EndProject
Project("{8BC9CEB8-8B4A-11D0-8D11-00A0C91BC942}") = "testbase_win32", "testbase_win32.vcproj", "{B342AAC8-E494-4736-92F3-854500A5A4D0}"
	ProjectSection(ProjectDependencies) = postProject
		{A1D8D6AF-105F-4F72-95C9-182468B07D99} = {A1D8D6AF-105F-4F72-95C9-182468B07D99}
		{43189CC0-11C5-4995-ACDB-EBCFD9BAC127} = {43189CC0-11C5-4995-ACDB-EBCFD9BAC127}
		{93123E97-C6A6-4FA5-9D56-684F1FFC1D62} = {93123E97-C6A6-4FA5-9D56-684F1FFC1D62}
	EndProjectSection
EndProject
Project("{8BC9CEB8-8B4A-11D0-8D11-00A0C91BC942}") = "testfoundation_win32", "testfoundation_win32.vcproj", "{5FBAF0D3-F275-4589-9E3C-7236032EA9B9}"
	ProjectSection(ProjectDependencies) = postProject
		{A1D8D6AF-105F-4F72-95C9-182468B07D99} = {A1D8D6AF-105F-4F72-95C9-182468B07D99}
		{43189CC0-11C5-4995-ACDB-EBCFD9BAC127} = {43189CC0-11C5-4995-ACDB-EBCFD9BAC127}
		{93123E97-C6A6-4FA5-9D56-684F1FFC1D62} = {93123E97-C6A6-4FA5-9D56-684F1FFC1D62}
		{B342AAC8-E494-4736-92F3-854500A5A4D0} = {B342AAC8-E494-4736-92F3-854500A5A4D0}
	EndProjectSection
EndProject
Project("{8BC9CEB8-8B4A-11D0-8D11-00A0C91BC942}") = "inputtest_win32", "inputtest_win32.vcproj", "{57E51127-C1B1-45CC-B73C-6B362DB3A229}"
	ProjectSection(ProjectDependencies) = postProject
		{A1D8D6AF-105F-4F72-95C9-182468B07D99} = {A1D8D6AF-105F-4F72-95C9-182468B07D99}
		{88D8F3F1-7E45-4874-B3C0-D295A9E48116} = {88D8F3F1-7E45-4874-B3C0-D295A9E48116}
		{43189CC0-11C5-4995-ACDB-EBCFD9BAC127} = {43189CC0-11C5-4995-ACDB-EBCFD9BAC127}
		{93123E97-C6A6-4FA5-9D56-684F1FFC1D62} = {93123E97-C6A6-4FA5-9D56-684F1FFC1D62}
	EndProjectSection
EndProject
Project("{8BC9CEB8-8B4A-11D0-8D11-00A0C91BC942}") = "testmath_win32", "testmath_win32.vcproj", "{4A5C5F39-274D-4FE8-BA61-C91A5903B7D6}"
	ProjectSection(ProjectDependencies) = postProject
		{A1D8D6AF-105F-4F72-95C9-182468B07D99} = {A1D8D6AF-105F-4F72-95C9-182468B07D99}
		{B342AAC8-E494-4736-92F3-854500A5A4D0} = {B342AAC8-E494-4736-92F3-854500A5A4D0}
	EndProjectSection
EndProject
Project("{8BC9CEB8-8B4A-11D0-8D11-00A0C91BC942}") = "testtoolkit_win32", "testtoolkit_win32.vcproj", "{8F781E78-019F-4E64-B95D-C9475E297512}"
	ProjectSection(ProjectDependencies) = postProject
		{A1D8D6AF-105F-4F72-95C9-182468B07D99} = {A1D8D6AF-105F-4F72-95C9-182468B07D99}
		{43189CC0-11C5-4995-ACDB-EBCFD9BAC127} = {43189CC0-11C5-4995-ACDB-EBCFD9BAC127}
		{93123E97-C6A6-4FA5-9D56-684F1FFC1D62} = {93123E97-C6A6-4FA5-9D56-684F1FFC1D62}
		{B342AAC8-E494-4736-92F3-854500A5A4D0} = {B342AAC8-E494-4736-92F3-854500A5A4D0}
		{E39D6508-83D5-4C1D-A1ED-C82981467911} = {E39D6508-83D5-4C1D-A1ED-C82981467911}
	EndProjectSection
EndProject
Project("{8BC9CEB8-8B4A-11D0-8D11-00A0C91BC942}") = "stresstestvieweropenclose_win32", "stresstestvieweropenclose_win32.vcproj", "{1201B025-7C09-4DF0-8BB0-9E45CC56824F}"
	ProjectSection(ProjectDependencies) = postProject
		{A1D8D6AF-105F-4F72-95C9-182468B07D99} = {A1D8D6AF-105F-4F72-95C9-182468B07D99}
		{88D8F3F1-7E45-4874-B3C0-D295A9E48116} = {88D8F3F1-7E45-4874-B3C0-D295A9E48116}
		{1B670862-5DBA-4D5D-B3BA-CB4F1763DB42} = {1B670862-5DBA-4D5D-B3BA-CB4F1763DB42}
		{43189CC0-11C5-4995-ACDB-EBCFD9BAC127} = {43189CC0-11C5-4995-ACDB-EBCFD9BAC127}
		{93123E97-C6A6-4FA5-9D56-684F1FFC1D62} = {93123E97-C6A6-4FA5-9D56-684F1FFC1D62}
		{B342AAC8-E494-4736-92F3-854500A5A4D0} = {B342AAC8-E494-4736-92F3-854500A5A4D0}
	EndProjectSection
EndProject
Project("{8BC9CEB8-8B4A-11D0-8D11-00A0C91BC942}") = "viewerstresstest_win32", "viewerstresstest_win32.vcproj", "{5FE3C920-9B99-4F49-B5CC-0F10FEA2E273}"
	ProjectSection(ProjectDependencies) = postProject
		{A1D8D6AF-105F-4F72-95C9-182468B07D99} = {A1D8D6AF-105F-4F72-95C9-182468B07D99}
		{88D8F3F1-7E45-4874-B3C0-D295A9E48116} = {88D8F3F1-7E45-4874-B3C0-D295A9E48116}
		{1B670862-5DBA-4D5D-B3BA-CB4F1763DB42} = {1B670862-5DBA-4D5D-B3BA-CB4F1763DB42}
		{43189CC0-11C5-4995-ACDB-EBCFD9BAC127} = {43189CC0-11C5-4995-ACDB-EBCFD9BAC127}
		{93123E97-C6A6-4FA5-9D56-684F1FFC1D62} = {93123E97-C6A6-4FA5-9D56-684F1FFC1D62}
		{B342AAC8-E494-4736-92F3-854500A5A4D0} = {B342AAC8-E494-4736-92F3-854500A5A4D0}
	EndProjectSection
EndProject
Project("{8BC9CEB8-8B4A-11D0-8D11-00A0C91BC942}") = "zipstresstest_win32", "zipstresstest_win32.vcproj", "{76891915-D676-4C65-B222-F6A1909C4F4E}"
	ProjectSection(ProjectDependencies) = postProject
		{A1D8D6AF-105F-4F72-95C9-182468B07D99} = {A1D8D6AF-105F-4F72-95C9-182468B07D99}
		{43189CC0-11C5-4995-ACDB-EBCFD9BAC127} = {43189CC0-11C5-4995-ACDB-EBCFD9BAC127}
		{93123E97-C6A6-4FA5-9D56-684F1FFC1D62} = {93123E97-C6A6-4FA5-9D56-684F1FFC1D62}
	EndProjectSection
EndProject
Project("{8BC9CEB8-8B4A-11D0-8D11-00A0C91BC942}") = "multiplayerconnectiontest_win32", "multiplayerconnectiontest_win32.vcproj", "{C5900A62-4727-4A45-AE49-B263C039C867}"
	ProjectSection(ProjectDependencies) = postProject
		{A1D8D6AF-105F-4F72-95C9-182468B07D99} = {A1D8D6AF-105F-4F72-95C9-182468B07D99}
		{43189CC0-11C5-4995-ACDB-EBCFD9BAC127} = {43189CC0-11C5-4995-ACDB-EBCFD9BAC127}
		{93123E97-C6A6-4FA5-9D56-684F1FFC1D62} = {93123E97-C6A6-4FA5-9D56-684F1FFC1D62}
		{B342AAC8-E494-4736-92F3-854500A5A4D0} = {B342AAC8-E494-4736-92F3-854500A5A4D0}
		{DCEA9C68-AA59-4DEF-ACBB-F940CD321915} = {DCEA9C68-AA59-4DEF-ACBB-F940CD321915}
		{6FA24A98-A49A-4233-8289-F8EEF929C299} = {6FA24A98-A49A-4233-8289-F8EEF929C299}
		{43189CC0-11C5-4995-ACDB-EBCFD9BAC127} = {43189CC0-11C5-4995-ACDB-EBCFD9BAC127}
	EndProjectSection
EndProject
Project("{8BC9CEB8-8B4A-11D0-8D11-00A0C91BC942}") = "jobstest_win32", "jobstest_win32.vcproj", "{B319DD0A-A35D-4F91-A841-B6F774849F71}"
	ProjectSection(ProjectDependencies) = postProject
		{A1D8D6AF-105F-4F72-95C9-182468B07D99} = {A1D8D6AF-105F-4F72-95C9-182468B07D99}
		{88D8F3F1-7E45-4874-B3C0-D295A9E48116} = {88D8F3F1-7E45-4874-B3C0-D295A9E48116}
		{AA5FA779-FB49-40B8-89D1-402E9B90BFDD} = {AA5FA779-FB49-40B8-89D1-402E9B90BFDD}
		{43189CC0-11C5-4995-ACDB-EBCFD9BAC127} = {43189CC0-11C5-4995-ACDB-EBCFD9BAC127}
		{93123E97-C6A6-4FA5-9D56-684F1FFC1D62} = {93123E97-C6A6-4FA5-9D56-684F1FFC1D62}
	EndProjectSection
EndProject
Project("{8BC9CEB8-8B4A-11D0-8D11-00A0C91BC942}") = "ziptest_win32", "ziptest_win32.vcproj", "{0C471A71-FE8B-4B9D-8B89-F3D52A7967CA}"
	ProjectSection(ProjectDependencies) = postProject
		{A1D8D6AF-105F-4F72-95C9-182468B07D99} = {A1D8D6AF-105F-4F72-95C9-182468B07D99}
		{43189CC0-11C5-4995-ACDB-EBCFD9BAC127} = {43189CC0-11C5-4995-ACDB-EBCFD9BAC127}
		{93123E97-C6A6-4FA5-9D56-684F1FFC1D62} = {93123E97-C6A6-4FA5-9D56-684F1FFC1D62}
	EndProjectSection
EndProject
Project("{8BC9CEB8-8B4A-11D0-8D11-00A0C91BC942}") = "forestviewer", "forestviewer.vcproj", "{FA53030C-E2F0-43A4-8162-DBD5735AA6E2}"
	ProjectSection(ProjectDependencies) = postProject
		{A1D8D6AF-105F-4F72-95C9-182468B07D99} = {A1D8D6AF-105F-4F72-95C9-182468B07D99}
		{88D8F3F1-7E45-4874-B3C0-D295A9E48116} = {88D8F3F1-7E45-4874-B3C0-D295A9E48116}
		{A5E1FE7B-21AD-4CF5-BC69-BC2F59139921} = {A5E1FE7B-21AD-4CF5-BC69-BC2F59139921}
		{AA5FA779-FB49-40B8-89D1-402E9B90BFDD} = {AA5FA779-FB49-40B8-89D1-402E9B90BFDD}
		{543A1CD7-9330-40F5-96F1-6A5B949FBE63} = {543A1CD7-9330-40F5-96F1-6A5B949FBE63}
		{74B43028-559C-4811-964E-81AB5CDE1527} = {74B43028-559C-4811-964E-81AB5CDE1527}
		{93123E97-C6A6-4FA5-9D56-684F1FFC1D62} = {93123E97-C6A6-4FA5-9D56-684F1FFC1D62}
		{43189CC0-11C5-4995-ACDB-EBCFD9BAC127} = {43189CC0-11C5-4995-ACDB-EBCFD9BAC127}
		{1B670862-5DBA-4D5D-B3BA-CB4F1763DB42} = {1B670862-5DBA-4D5D-B3BA-CB4F1763DB42}
		{30C77E9A-5251-4F2F-98F3-B927FE6B96E9} = {30C77E9A-5251-4F2F-98F3-B927FE6B96E9}
		{3A9B89BF-C1AF-4A3A-9699-B7B2ED33E678} = {3A9B89BF-C1AF-4A3A-9699-B7B2ED33E678}
	EndProjectSection
EndProject
Project("{8BC9CEB8-8B4A-11D0-8D11-00A0C91BC942}") = "texturestreamingtest_win32", "texturestreamingtest_win32.vcproj", "{6E39CB56-EBB8-43F4-BF88-F549E64EEF6A}"
	ProjectSection(ProjectDependencies) = postProject
		{A1D8D6AF-105F-4F72-95C9-182468B07D99} = {A1D8D6AF-105F-4F72-95C9-182468B07D99}
		{E39D6508-83D5-4C1D-A1ED-C82981467911} = {E39D6508-83D5-4C1D-A1ED-C82981467911}
		{88D8F3F1-7E45-4874-B3C0-D295A9E48116} = {88D8F3F1-7E45-4874-B3C0-D295A9E48116}
		{A5E1FE7B-21AD-4CF5-BC69-BC2F59139921} = {A5E1FE7B-21AD-4CF5-BC69-BC2F59139921}
		{AA5FA779-FB49-40B8-89D1-402E9B90BFDD} = {AA5FA779-FB49-40B8-89D1-402E9B90BFDD}
		{543A1CD7-9330-40F5-96F1-6A5B949FBE63} = {543A1CD7-9330-40F5-96F1-6A5B949FBE63}
		{74B43028-559C-4811-964E-81AB5CDE1527} = {74B43028-559C-4811-964E-81AB5CDE1527}
		{93123E97-C6A6-4FA5-9D56-684F1FFC1D62} = {93123E97-C6A6-4FA5-9D56-684F1FFC1D62}
		{43189CC0-11C5-4995-ACDB-EBCFD9BAC127} = {43189CC0-11C5-4995-ACDB-EBCFD9BAC127}
		{1B670862-5DBA-4D5D-B3BA-CB4F1763DB42} = {1B670862-5DBA-4D5D-B3BA-CB4F1763DB42}
		{30C77E9A-5251-4F2F-98F3-B927FE6B96E9} = {30C77E9A-5251-4F2F-98F3-B927FE6B96E9}
	EndProjectSection
EndProject
Project("{8BC9CEB8-8B4A-11D0-8D11-00A0C91BC942}") = "framecapture_win32", "framecapture_win32.vcproj", "{30C77E9A-5251-4F2F-98F3-B927FE6B96E9}"
	ProjectSection(ProjectDependencies) = postProject
		{32DCC454-D363-41F1-9554-590F65E85D13} = {32DCC454-D363-41F1-9554-590F65E85D13}
	EndProjectSection
EndProject
Global
	GlobalSection(SolutionConfigurationPlatforms) = preSolution
		Debug|Win32 = Debug|Win32
		Release|Win32 = Release|Win32
		Maya_Debug|Win32 = Maya_Debug|Win32
		Maya_Release|Win32 = Maya_Release|Win32
	EndGlobalSection
	GlobalSection(ProjectConfigurationPlatforms) = postSolution
		{99B4C216-94A1-4D6F-AAE0-7786FC15F328}.Debug|Win32.ActiveCfg = Debug|Win32
		{99B4C216-94A1-4D6F-AAE0-7786FC15F328}.Debug|Win32.Build.0 = Debug|Win32
		{99B4C216-94A1-4D6F-AAE0-7786FC15F328}.Release|Win32.ActiveCfg = Release|Win32
		{99B4C216-94A1-4D6F-AAE0-7786FC15F328}.Release|Win32.Build.0 = Release|Win32
		{99B4C216-94A1-4D6F-AAE0-7786FC15F328}.Maya_Debug|Win32.ActiveCfg = Maya_Debug|Win32
		{99B4C216-94A1-4D6F-AAE0-7786FC15F328}.Maya_Debug|Win32.Build.0 = Maya_Debug|Win32
		{99B4C216-94A1-4D6F-AAE0-7786FC15F328}.Maya_Release|Win32.ActiveCfg = Maya_Release|Win32
		{99B4C216-94A1-4D6F-AAE0-7786FC15F328}.Maya_Release|Win32.Build.0 = Maya_Release|Win32
		{18693355-53ED-4A73-82F4-F446CEF4B664}.Debug|Win32.ActiveCfg = Debug|Win32
		{18693355-53ED-4A73-82F4-F446CEF4B664}.Debug|Win32.Build.0 = Debug|Win32
		{18693355-53ED-4A73-82F4-F446CEF4B664}.Release|Win32.ActiveCfg = Release|Win32
		{18693355-53ED-4A73-82F4-F446CEF4B664}.Release|Win32.Build.0 = Release|Win32
		{18693355-53ED-4A73-82F4-F446CEF4B664}.Maya_Debug|Win32.ActiveCfg = Maya_Debug|Win32
		{18693355-53ED-4A73-82F4-F446CEF4B664}.Maya_Debug|Win32.Build.0 = Maya_Debug|Win32
		{18693355-53ED-4A73-82F4-F446CEF4B664}.Maya_Release|Win32.ActiveCfg = Maya_Release|Win32
		{18693355-53ED-4A73-82F4-F446CEF4B664}.Maya_Release|Win32.Build.0 = Maya_Release|Win32
		{B646F1F1-67DA-4078-A69F-83191DDAA25F}.Debug|Win32.ActiveCfg = Debug|Win32
		{B646F1F1-67DA-4078-A69F-83191DDAA25F}.Debug|Win32.Build.0 = Debug|Win32
		{B646F1F1-67DA-4078-A69F-83191DDAA25F}.Release|Win32.ActiveCfg = Release|Win32
		{B646F1F1-67DA-4078-A69F-83191DDAA25F}.Release|Win32.Build.0 = Release|Win32
		{B646F1F1-67DA-4078-A69F-83191DDAA25F}.Maya_Debug|Win32.ActiveCfg = Maya_Debug|Win32
		{B646F1F1-67DA-4078-A69F-83191DDAA25F}.Maya_Debug|Win32.Build.0 = Maya_Debug|Win32
		{B646F1F1-67DA-4078-A69F-83191DDAA25F}.Maya_Release|Win32.ActiveCfg = Maya_Release|Win32
		{B646F1F1-67DA-4078-A69F-83191DDAA25F}.Maya_Release|Win32.Build.0 = Maya_Release|Win32
		{A1E21D74-AF16-4FD8-ABE3-85ACAF4F7233}.Debug|Win32.ActiveCfg = Debug|Win32
		{A1E21D74-AF16-4FD8-ABE3-85ACAF4F7233}.Debug|Win32.Build.0 = Debug|Win32
		{A1E21D74-AF16-4FD8-ABE3-85ACAF4F7233}.Release|Win32.ActiveCfg = Release|Win32
		{A1E21D74-AF16-4FD8-ABE3-85ACAF4F7233}.Release|Win32.Build.0 = Release|Win32
		{A1E21D74-AF16-4FD8-ABE3-85ACAF4F7233}.Maya_Debug|Win32.ActiveCfg = Maya_Debug|Win32
		{A1E21D74-AF16-4FD8-ABE3-85ACAF4F7233}.Maya_Debug|Win32.Build.0 = Maya_Debug|Win32
		{A1E21D74-AF16-4FD8-ABE3-85ACAF4F7233}.Maya_Release|Win32.ActiveCfg = Maya_Release|Win32
		{A1E21D74-AF16-4FD8-ABE3-85ACAF4F7233}.Maya_Release|Win32.Build.0 = Maya_Release|Win32
		{097A3DFE-F62A-4D43-8EFB-8D14B63CD3AC}.Debug|Win32.ActiveCfg = Debug|Win32
		{097A3DFE-F62A-4D43-8EFB-8D14B63CD3AC}.Debug|Win32.Build.0 = Debug|Win32
		{097A3DFE-F62A-4D43-8EFB-8D14B63CD3AC}.Release|Win32.ActiveCfg = Release|Win32
		{097A3DFE-F62A-4D43-8EFB-8D14B63CD3AC}.Release|Win32.Build.0 = Release|Win32
		{097A3DFE-F62A-4D43-8EFB-8D14B63CD3AC}.Maya_Debug|Win32.ActiveCfg = Maya_Debug|Win32
		{097A3DFE-F62A-4D43-8EFB-8D14B63CD3AC}.Maya_Debug|Win32.Build.0 = Maya_Debug|Win32
		{097A3DFE-F62A-4D43-8EFB-8D14B63CD3AC}.Maya_Release|Win32.ActiveCfg = Maya_Release|Win32
		{097A3DFE-F62A-4D43-8EFB-8D14B63CD3AC}.Maya_Release|Win32.Build.0 = Maya_Release|Win32
		{32DCC454-D363-41F1-9554-590F65E85D13}.Debug|Win32.ActiveCfg = Debug|Win32
		{32DCC454-D363-41F1-9554-590F65E85D13}.Debug|Win32.Build.0 = Debug|Win32
		{32DCC454-D363-41F1-9554-590F65E85D13}.Release|Win32.ActiveCfg = Release|Win32
		{32DCC454-D363-41F1-9554-590F65E85D13}.Release|Win32.Build.0 = Release|Win32
		{32DCC454-D363-41F1-9554-590F65E85D13}.Maya_Debug|Win32.ActiveCfg = Maya_Debug|Win32
		{32DCC454-D363-41F1-9554-590F65E85D13}.Maya_Debug|Win32.Build.0 = Maya_Debug|Win32
		{32DCC454-D363-41F1-9554-590F65E85D13}.Maya_Release|Win32.ActiveCfg = Maya_Release|Win32
		{32DCC454-D363-41F1-9554-590F65E85D13}.Maya_Release|Win32.Build.0 = Maya_Release|Win32
		{A1D8D6AF-105F-4F72-95C9-182468B07D99}.Debug|Win32.ActiveCfg = Debug|Win32
		{A1D8D6AF-105F-4F72-95C9-182468B07D99}.Debug|Win32.Build.0 = Debug|Win32
		{A1D8D6AF-105F-4F72-95C9-182468B07D99}.Release|Win32.ActiveCfg = Release|Win32
		{A1D8D6AF-105F-4F72-95C9-182468B07D99}.Release|Win32.Build.0 = Release|Win32
		{A1D8D6AF-105F-4F72-95C9-182468B07D99}.Maya_Debug|Win32.ActiveCfg = Maya_Debug|Win32
		{A1D8D6AF-105F-4F72-95C9-182468B07D99}.Maya_Debug|Win32.Build.0 = Maya_Debug|Win32
		{A1D8D6AF-105F-4F72-95C9-182468B07D99}.Maya_Release|Win32.ActiveCfg = Maya_Release|Win32
		{A1D8D6AF-105F-4F72-95C9-182468B07D99}.Maya_Release|Win32.Build.0 = Maya_Release|Win32
		{88D8F3F1-7E45-4874-B3C0-D295A9E48116}.Debug|Win32.ActiveCfg = Debug|Win32
		{88D8F3F1-7E45-4874-B3C0-D295A9E48116}.Debug|Win32.Build.0 = Debug|Win32
		{88D8F3F1-7E45-4874-B3C0-D295A9E48116}.Release|Win32.ActiveCfg = Release|Win32
		{88D8F3F1-7E45-4874-B3C0-D295A9E48116}.Release|Win32.Build.0 = Release|Win32
		{88D8F3F1-7E45-4874-B3C0-D295A9E48116}.Maya_Debug|Win32.ActiveCfg = Maya_Debug|Win32
		{88D8F3F1-7E45-4874-B3C0-D295A9E48116}.Maya_Debug|Win32.Build.0 = Maya_Debug|Win32
		{88D8F3F1-7E45-4874-B3C0-D295A9E48116}.Maya_Release|Win32.ActiveCfg = Maya_Release|Win32
		{88D8F3F1-7E45-4874-B3C0-D295A9E48116}.Maya_Release|Win32.Build.0 = Maya_Release|Win32
		{43189CC0-11C5-4995-ACDB-EBCFD9BAC127}.Debug|Win32.ActiveCfg = Debug|Win32
		{43189CC0-11C5-4995-ACDB-EBCFD9BAC127}.Debug|Win32.Build.0 = Debug|Win32
		{43189CC0-11C5-4995-ACDB-EBCFD9BAC127}.Release|Win32.ActiveCfg = Release|Win32
		{43189CC0-11C5-4995-ACDB-EBCFD9BAC127}.Release|Win32.Build.0 = Release|Win32
		{43189CC0-11C5-4995-ACDB-EBCFD9BAC127}.Maya_Debug|Win32.ActiveCfg = Maya_Debug|Win32
		{43189CC0-11C5-4995-ACDB-EBCFD9BAC127}.Maya_Debug|Win32.Build.0 = Maya_Debug|Win32
		{43189CC0-11C5-4995-ACDB-EBCFD9BAC127}.Maya_Release|Win32.ActiveCfg = Maya_Release|Win32
		{43189CC0-11C5-4995-ACDB-EBCFD9BAC127}.Maya_Release|Win32.Build.0 = Maya_Release|Win32
		{93123E97-C6A6-4FA5-9D56-684F1FFC1D62}.Debug|Win32.ActiveCfg = Debug|Win32
		{93123E97-C6A6-4FA5-9D56-684F1FFC1D62}.Debug|Win32.Build.0 = Debug|Win32
		{93123E97-C6A6-4FA5-9D56-684F1FFC1D62}.Release|Win32.ActiveCfg = Release|Win32
		{93123E97-C6A6-4FA5-9D56-684F1FFC1D62}.Release|Win32.Build.0 = Release|Win32
		{93123E97-C6A6-4FA5-9D56-684F1FFC1D62}.Maya_Debug|Win32.ActiveCfg = Maya_Debug|Win32
		{93123E97-C6A6-4FA5-9D56-684F1FFC1D62}.Maya_Debug|Win32.Build.0 = Maya_Debug|Win32
		{93123E97-C6A6-4FA5-9D56-684F1FFC1D62}.Maya_Release|Win32.ActiveCfg = Maya_Release|Win32
		{93123E97-C6A6-4FA5-9D56-684F1FFC1D62}.Maya_Release|Win32.Build.0 = Maya_Release|Win32
		{E39D6508-83D5-4C1D-A1ED-C82981467911}.Debug|Win32.ActiveCfg = Debug|Win32
		{E39D6508-83D5-4C1D-A1ED-C82981467911}.Debug|Win32.Build.0 = Debug|Win32
		{E39D6508-83D5-4C1D-A1ED-C82981467911}.Release|Win32.ActiveCfg = Release|Win32
		{E39D6508-83D5-4C1D-A1ED-C82981467911}.Release|Win32.Build.0 = Release|Win32
		{E39D6508-83D5-4C1D-A1ED-C82981467911}.Maya_Debug|Win32.ActiveCfg = Maya_Debug|Win32
		{E39D6508-83D5-4C1D-A1ED-C82981467911}.Maya_Debug|Win32.Build.0 = Maya_Debug|Win32
		{E39D6508-83D5-4C1D-A1ED-C82981467911}.Maya_Release|Win32.ActiveCfg = Maya_Release|Win32
		{E39D6508-83D5-4C1D-A1ED-C82981467911}.Maya_Release|Win32.Build.0 = Maya_Release|Win32
		{1B670862-5DBA-4D5D-B3BA-CB4F1763DB42}.Debug|Win32.ActiveCfg = Debug|Win32
		{1B670862-5DBA-4D5D-B3BA-CB4F1763DB42}.Debug|Win32.Build.0 = Debug|Win32
		{1B670862-5DBA-4D5D-B3BA-CB4F1763DB42}.Release|Win32.ActiveCfg = Release|Win32
		{1B670862-5DBA-4D5D-B3BA-CB4F1763DB42}.Release|Win32.Build.0 = Release|Win32
		{1B670862-5DBA-4D5D-B3BA-CB4F1763DB42}.Maya_Debug|Win32.ActiveCfg = Maya_Debug|Win32
		{1B670862-5DBA-4D5D-B3BA-CB4F1763DB42}.Maya_Debug|Win32.Build.0 = Maya_Debug|Win32
		{1B670862-5DBA-4D5D-B3BA-CB4F1763DB42}.Maya_Release|Win32.ActiveCfg = Maya_Release|Win32
		{1B670862-5DBA-4D5D-B3BA-CB4F1763DB42}.Maya_Release|Win32.Build.0 = Maya_Release|Win32
		{DCEA9C68-AA59-4DEF-ACBB-F940CD321915}.Debug|Win32.ActiveCfg = Debug|Win32
		{DCEA9C68-AA59-4DEF-ACBB-F940CD321915}.Debug|Win32.Build.0 = Debug|Win32
		{DCEA9C68-AA59-4DEF-ACBB-F940CD321915}.Release|Win32.ActiveCfg = Release|Win32
		{DCEA9C68-AA59-4DEF-ACBB-F940CD321915}.Release|Win32.Build.0 = Release|Win32
		{DCEA9C68-AA59-4DEF-ACBB-F940CD321915}.Maya_Debug|Win32.ActiveCfg = Maya_Debug|Win32
		{DCEA9C68-AA59-4DEF-ACBB-F940CD321915}.Maya_Debug|Win32.Build.0 = Maya_Debug|Win32
		{DCEA9C68-AA59-4DEF-ACBB-F940CD321915}.Maya_Release|Win32.ActiveCfg = Maya_Release|Win32
		{DCEA9C68-AA59-4DEF-ACBB-F940CD321915}.Maya_Release|Win32.Build.0 = Maya_Release|Win32
		{6FA24A98-A49A-4233-8289-F8EEF929C299}.Debug|Win32.ActiveCfg = Debug|Win32
		{6FA24A98-A49A-4233-8289-F8EEF929C299}.Debug|Win32.Build.0 = Debug|Win32
		{6FA24A98-A49A-4233-8289-F8EEF929C299}.Release|Win32.ActiveCfg = Release|Win32
		{6FA24A98-A49A-4233-8289-F8EEF929C299}.Release|Win32.Build.0 = Release|Win32
		{6FA24A98-A49A-4233-8289-F8EEF929C299}.Maya_Debug|Win32.ActiveCfg = Maya_Debug|Win32
		{6FA24A98-A49A-4233-8289-F8EEF929C299}.Maya_Debug|Win32.Build.0 = Maya_Debug|Win32
		{6FA24A98-A49A-4233-8289-F8EEF929C299}.Maya_Release|Win32.ActiveCfg = Maya_Release|Win32
		{6FA24A98-A49A-4233-8289-F8EEF929C299}.Maya_Release|Win32.Build.0 = Maya_Release|Win32
		{6D6B810D-F4A1-478D-88AA-5403F5BACFD4}.Debug|Win32.ActiveCfg = Debug|Win32
		{6D6B810D-F4A1-478D-88AA-5403F5BACFD4}.Debug|Win32.Build.0 = Debug|Win32
		{6D6B810D-F4A1-478D-88AA-5403F5BACFD4}.Release|Win32.ActiveCfg = Release|Win32
		{6D6B810D-F4A1-478D-88AA-5403F5BACFD4}.Release|Win32.Build.0 = Release|Win32
		{6D6B810D-F4A1-478D-88AA-5403F5BACFD4}.Maya_Debug|Win32.ActiveCfg = Maya_Debug|Win32
		{6D6B810D-F4A1-478D-88AA-5403F5BACFD4}.Maya_Debug|Win32.Build.0 = Maya_Debug|Win32
		{6D6B810D-F4A1-478D-88AA-5403F5BACFD4}.Maya_Release|Win32.ActiveCfg = Maya_Release|Win32
		{6D6B810D-F4A1-478D-88AA-5403F5BACFD4}.Maya_Release|Win32.Build.0 = Maya_Release|Win32
		{3D8BF9D0-BA49-428B-A1DD-C68DBA4D842D}.Debug|Win32.ActiveCfg = Debug|Win32
		{3D8BF9D0-BA49-428B-A1DD-C68DBA4D842D}.Debug|Win32.Build.0 = Debug|Win32
		{3D8BF9D0-BA49-428B-A1DD-C68DBA4D842D}.Release|Win32.ActiveCfg = Release|Win32
		{3D8BF9D0-BA49-428B-A1DD-C68DBA4D842D}.Release|Win32.Build.0 = Release|Win32
		{3D8BF9D0-BA49-428B-A1DD-C68DBA4D842D}.Maya_Debug|Win32.ActiveCfg = Maya_Debug|Win32
		{3D8BF9D0-BA49-428B-A1DD-C68DBA4D842D}.Maya_Debug|Win32.Build.0 = Maya_Debug|Win32
		{3D8BF9D0-BA49-428B-A1DD-C68DBA4D842D}.Maya_Release|Win32.ActiveCfg = Maya_Release|Win32
		{3D8BF9D0-BA49-428B-A1DD-C68DBA4D842D}.Maya_Release|Win32.Build.0 = Maya_Release|Win32
		{BFAD990B-8CBF-4E5B-BC6A-3C31986EF047}.Debug|Win32.ActiveCfg = Debug|Win32
		{BFAD990B-8CBF-4E5B-BC6A-3C31986EF047}.Debug|Win32.Build.0 = Debug|Win32
		{BFAD990B-8CBF-4E5B-BC6A-3C31986EF047}.Release|Win32.ActiveCfg = Release|Win32
		{BFAD990B-8CBF-4E5B-BC6A-3C31986EF047}.Release|Win32.Build.0 = Release|Win32
		{BFAD990B-8CBF-4E5B-BC6A-3C31986EF047}.Maya_Debug|Win32.ActiveCfg = Maya_Debug|Win32
		{BFAD990B-8CBF-4E5B-BC6A-3C31986EF047}.Maya_Debug|Win32.Build.0 = Maya_Debug|Win32
		{BFAD990B-8CBF-4E5B-BC6A-3C31986EF047}.Maya_Release|Win32.ActiveCfg = Maya_Release|Win32
		{BFAD990B-8CBF-4E5B-BC6A-3C31986EF047}.Maya_Release|Win32.Build.0 = Maya_Release|Win32
		{3A9B89BF-C1AF-4A3A-9699-B7B2ED33E678}.Debug|Win32.ActiveCfg = Debug|Win32
		{3A9B89BF-C1AF-4A3A-9699-B7B2ED33E678}.Debug|Win32.Build.0 = Debug|Win32
		{3A9B89BF-C1AF-4A3A-9699-B7B2ED33E678}.Release|Win32.ActiveCfg = Release|Win32
		{3A9B89BF-C1AF-4A3A-9699-B7B2ED33E678}.Release|Win32.Build.0 = Release|Win32
		{3A9B89BF-C1AF-4A3A-9699-B7B2ED33E678}.Maya_Debug|Win32.ActiveCfg = Maya_Debug|Win32
		{3A9B89BF-C1AF-4A3A-9699-B7B2ED33E678}.Maya_Debug|Win32.Build.0 = Maya_Debug|Win32
		{3A9B89BF-C1AF-4A3A-9699-B7B2ED33E678}.Maya_Release|Win32.ActiveCfg = Maya_Release|Win32
		{3A9B89BF-C1AF-4A3A-9699-B7B2ED33E678}.Maya_Release|Win32.Build.0 = Maya_Release|Win32
		{AA5FA779-FB49-40B8-89D1-402E9B90BFDD}.Debug|Win32.ActiveCfg = Debug|Win32
		{AA5FA779-FB49-40B8-89D1-402E9B90BFDD}.Debug|Win32.Build.0 = Debug|Win32
		{AA5FA779-FB49-40B8-89D1-402E9B90BFDD}.Release|Win32.ActiveCfg = Release|Win32
		{AA5FA779-FB49-40B8-89D1-402E9B90BFDD}.Release|Win32.Build.0 = Release|Win32
		{AA5FA779-FB49-40B8-89D1-402E9B90BFDD}.Maya_Debug|Win32.ActiveCfg = Maya_Debug|Win32
		{AA5FA779-FB49-40B8-89D1-402E9B90BFDD}.Maya_Debug|Win32.Build.0 = Maya_Debug|Win32
		{AA5FA779-FB49-40B8-89D1-402E9B90BFDD}.Maya_Release|Win32.ActiveCfg = Maya_Release|Win32
		{AA5FA779-FB49-40B8-89D1-402E9B90BFDD}.Maya_Release|Win32.Build.0 = Maya_Release|Win32
		{A5E1FE7B-21AD-4CF5-BC69-BC2F59139921}.Debug|Win32.ActiveCfg = Debug|Win32
		{A5E1FE7B-21AD-4CF5-BC69-BC2F59139921}.Debug|Win32.Build.0 = Debug|Win32
		{A5E1FE7B-21AD-4CF5-BC69-BC2F59139921}.Release|Win32.ActiveCfg = Release|Win32
		{A5E1FE7B-21AD-4CF5-BC69-BC2F59139921}.Release|Win32.Build.0 = Release|Win32
		{A5E1FE7B-21AD-4CF5-BC69-BC2F59139921}.Maya_Debug|Win32.ActiveCfg = Maya_Debug|Win32
		{A5E1FE7B-21AD-4CF5-BC69-BC2F59139921}.Maya_Debug|Win32.Build.0 = Maya_Debug|Win32
		{A5E1FE7B-21AD-4CF5-BC69-BC2F59139921}.Maya_Release|Win32.ActiveCfg = Maya_Release|Win32
		{A5E1FE7B-21AD-4CF5-BC69-BC2F59139921}.Maya_Release|Win32.Build.0 = Maya_Release|Win32
		{543A1CD7-9330-40F5-96F1-6A5B949FBE63}.Debug|Win32.ActiveCfg = Debug|Win32
		{543A1CD7-9330-40F5-96F1-6A5B949FBE63}.Debug|Win32.Build.0 = Debug|Win32
		{543A1CD7-9330-40F5-96F1-6A5B949FBE63}.Release|Win32.ActiveCfg = Release|Win32
		{543A1CD7-9330-40F5-96F1-6A5B949FBE63}.Release|Win32.Build.0 = Release|Win32
		{543A1CD7-9330-40F5-96F1-6A5B949FBE63}.Maya_Debug|Win32.ActiveCfg = Maya_Debug|Win32
		{543A1CD7-9330-40F5-96F1-6A5B949FBE63}.Maya_Debug|Win32.Build.0 = Maya_Debug|Win32
		{543A1CD7-9330-40F5-96F1-6A5B949FBE63}.Maya_Release|Win32.ActiveCfg = Maya_Release|Win32
		{543A1CD7-9330-40F5-96F1-6A5B949FBE63}.Maya_Release|Win32.Build.0 = Maya_Release|Win32
		{74B43028-559C-4811-964E-81AB5CDE1527}.Debug|Win32.ActiveCfg = Debug|Win32
		{74B43028-559C-4811-964E-81AB5CDE1527}.Debug|Win32.Build.0 = Debug|Win32
		{74B43028-559C-4811-964E-81AB5CDE1527}.Release|Win32.ActiveCfg = Release|Win32
		{74B43028-559C-4811-964E-81AB5CDE1527}.Release|Win32.Build.0 = Release|Win32
		{74B43028-559C-4811-964E-81AB5CDE1527}.Maya_Debug|Win32.ActiveCfg = Maya_Debug|Win32
		{74B43028-559C-4811-964E-81AB5CDE1527}.Maya_Debug|Win32.Build.0 = Maya_Debug|Win32
		{74B43028-559C-4811-964E-81AB5CDE1527}.Maya_Release|Win32.ActiveCfg = Maya_Release|Win32
		{74B43028-559C-4811-964E-81AB5CDE1527}.Maya_Release|Win32.Build.0 = Maya_Release|Win32
		{45E8D1D0-63E5-434A-97BA-32B132079D8A}.Debug|Win32.ActiveCfg = Debug|Win32
		{45E8D1D0-63E5-434A-97BA-32B132079D8A}.Debug|Win32.Build.0 = Debug|Win32
		{45E8D1D0-63E5-434A-97BA-32B132079D8A}.Release|Win32.ActiveCfg = Release|Win32
		{45E8D1D0-63E5-434A-97BA-32B132079D8A}.Release|Win32.Build.0 = Release|Win32
		{45E8D1D0-63E5-434A-97BA-32B132079D8A}.Maya_Debug|Win32.ActiveCfg = Maya_Debug|Win32
		{45E8D1D0-63E5-434A-97BA-32B132079D8A}.Maya_Debug|Win32.Build.0 = Maya_Debug|Win32
		{45E8D1D0-63E5-434A-97BA-32B132079D8A}.Maya_Release|Win32.ActiveCfg = Maya_Release|Win32
		{45E8D1D0-63E5-434A-97BA-32B132079D8A}.Maya_Release|Win32.Build.0 = Maya_Release|Win32
		{7A434A5F-C4E5-4A48-85BF-C6FED7104CF6}.Debug|Win32.ActiveCfg = Debug|Win32
		{7A434A5F-C4E5-4A48-85BF-C6FED7104CF6}.Debug|Win32.Build.0 = Debug|Win32
		{7A434A5F-C4E5-4A48-85BF-C6FED7104CF6}.Release|Win32.ActiveCfg = Release|Win32
		{7A434A5F-C4E5-4A48-85BF-C6FED7104CF6}.Release|Win32.Build.0 = Release|Win32
		{7A434A5F-C4E5-4A48-85BF-C6FED7104CF6}.Maya_Debug|Win32.ActiveCfg = Maya_Debug|Win32
		{7A434A5F-C4E5-4A48-85BF-C6FED7104CF6}.Maya_Debug|Win32.Build.0 = Maya_Debug|Win32
		{7A434A5F-C4E5-4A48-85BF-C6FED7104CF6}.Maya_Release|Win32.ActiveCfg = Maya_Release|Win32
		{7A434A5F-C4E5-4A48-85BF-C6FED7104CF6}.Maya_Release|Win32.Build.0 = Maya_Release|Win32
		{C5F1C164-544A-43DF-8B1E-30D8667DA7A5}.Debug|Win32.ActiveCfg = Debug|Win32
		{C5F1C164-544A-43DF-8B1E-30D8667DA7A5}.Debug|Win32.Build.0 = Debug|Win32
		{C5F1C164-544A-43DF-8B1E-30D8667DA7A5}.Release|Win32.ActiveCfg = Release|Win32
		{C5F1C164-544A-43DF-8B1E-30D8667DA7A5}.Release|Win32.Build.0 = Release|Win32
		{C5F1C164-544A-43DF-8B1E-30D8667DA7A5}.Maya_Debug|Win32.ActiveCfg = Maya_Debug|Win32
		{C5F1C164-544A-43DF-8B1E-30D8667DA7A5}.Maya_Debug|Win32.Build.0 = Maya_Debug|Win32
		{C5F1C164-544A-43DF-8B1E-30D8667DA7A5}.Maya_Release|Win32.ActiveCfg = Maya_Release|Win32
		{C5F1C164-544A-43DF-8B1E-30D8667DA7A5}.Maya_Release|Win32.Build.0 = Maya_Release|Win32
		{DD3C3E23-7EFD-4494-B0DE-5CBE3A35026A}.Debug|Win32.ActiveCfg = Debug|Win32
		{DD3C3E23-7EFD-4494-B0DE-5CBE3A35026A}.Debug|Win32.Build.0 = Debug|Win32
		{DD3C3E23-7EFD-4494-B0DE-5CBE3A35026A}.Release|Win32.ActiveCfg = Release|Win32
		{DD3C3E23-7EFD-4494-B0DE-5CBE3A35026A}.Release|Win32.Build.0 = Release|Win32
		{DD3C3E23-7EFD-4494-B0DE-5CBE3A35026A}.Maya_Debug|Win32.ActiveCfg = Maya_Debug|Win32
		{DD3C3E23-7EFD-4494-B0DE-5CBE3A35026A}.Maya_Debug|Win32.Build.0 = Maya_Debug|Win32
		{DD3C3E23-7EFD-4494-B0DE-5CBE3A35026A}.Maya_Release|Win32.ActiveCfg = Maya_Release|Win32
		{DD3C3E23-7EFD-4494-B0DE-5CBE3A35026A}.Maya_Release|Win32.Build.0 = Maya_Release|Win32
		{4283F98D-524B-4984-8802-7259CAFF0499}.Debug|Win32.ActiveCfg = Debug|Win32
		{4283F98D-524B-4984-8802-7259CAFF0499}.Debug|Win32.Build.0 = Debug|Win32
		{4283F98D-524B-4984-8802-7259CAFF0499}.Release|Win32.ActiveCfg = Release|Win32
		{4283F98D-524B-4984-8802-7259CAFF0499}.Release|Win32.Build.0 = Release|Win32
		{4283F98D-524B-4984-8802-7259CAFF0499}.Maya_Debug|Win32.ActiveCfg = Maya_Debug|Win32
		{4283F98D-524B-4984-8802-7259CAFF0499}.Maya_Debug|Win32.Build.0 = Maya_Debug|Win32
		{4283F98D-524B-4984-8802-7259CAFF0499}.Maya_Release|Win32.ActiveCfg = Maya_Release|Win32
		{4283F98D-524B-4984-8802-7259CAFF0499}.Maya_Release|Win32.Build.0 = Maya_Release|Win32
		{F61FD065-752F-4CF8-943F-30DD4EB1FB11}.Debug|Win32.ActiveCfg = Debug|Win32
		{F61FD065-752F-4CF8-943F-30DD4EB1FB11}.Debug|Win32.Build.0 = Debug|Win32
		{F61FD065-752F-4CF8-943F-30DD4EB1FB11}.Release|Win32.ActiveCfg = Release|Win32
		{F61FD065-752F-4CF8-943F-30DD4EB1FB11}.Release|Win32.Build.0 = Release|Win32
		{F61FD065-752F-4CF8-943F-30DD4EB1FB11}.Maya_Debug|Win32.ActiveCfg = Maya_Debug|Win32
		{F61FD065-752F-4CF8-943F-30DD4EB1FB11}.Maya_Debug|Win32.Build.0 = Maya_Debug|Win32
		{F61FD065-752F-4CF8-943F-30DD4EB1FB11}.Maya_Release|Win32.ActiveCfg = Maya_Release|Win32
		{F61FD065-752F-4CF8-943F-30DD4EB1FB11}.Maya_Release|Win32.Build.0 = Maya_Release|Win32
		{E9BFB56D-8B62-42A5-9ED9-6D62DA9C6084}.Debug|Win32.ActiveCfg = Debug|Win32
		{E9BFB56D-8B62-42A5-9ED9-6D62DA9C6084}.Debug|Win32.Build.0 = Debug|Win32
		{E9BFB56D-8B62-42A5-9ED9-6D62DA9C6084}.Release|Win32.ActiveCfg = Release|Win32
		{E9BFB56D-8B62-42A5-9ED9-6D62DA9C6084}.Release|Win32.Build.0 = Release|Win32
		{E9BFB56D-8B62-42A5-9ED9-6D62DA9C6084}.Maya_Debug|Win32.ActiveCfg = Maya_Debug|Win32
		{E9BFB56D-8B62-42A5-9ED9-6D62DA9C6084}.Maya_Debug|Win32.Build.0 = Maya_Debug|Win32
		{E9BFB56D-8B62-42A5-9ED9-6D62DA9C6084}.Maya_Release|Win32.ActiveCfg = Maya_Release|Win32
		{E9BFB56D-8B62-42A5-9ED9-6D62DA9C6084}.Maya_Release|Win32.Build.0 = Maya_Release|Win32
		{B342AAC8-E494-4736-92F3-854500A5A4D0}.Debug|Win32.ActiveCfg = Debug|Win32
		{B342AAC8-E494-4736-92F3-854500A5A4D0}.Debug|Win32.Build.0 = Debug|Win32
		{B342AAC8-E494-4736-92F3-854500A5A4D0}.Release|Win32.ActiveCfg = Release|Win32
		{B342AAC8-E494-4736-92F3-854500A5A4D0}.Release|Win32.Build.0 = Release|Win32
		{B342AAC8-E494-4736-92F3-854500A5A4D0}.Maya_Debug|Win32.ActiveCfg = Maya_Debug|Win32
		{B342AAC8-E494-4736-92F3-854500A5A4D0}.Maya_Debug|Win32.Build.0 = Maya_Debug|Win32
		{B342AAC8-E494-4736-92F3-854500A5A4D0}.Maya_Release|Win32.ActiveCfg = Maya_Release|Win32
		{B342AAC8-E494-4736-92F3-854500A5A4D0}.Maya_Release|Win32.Build.0 = Maya_Release|Win32
		{5FBAF0D3-F275-4589-9E3C-7236032EA9B9}.Debug|Win32.ActiveCfg = Debug|Win32
		{5FBAF0D3-F275-4589-9E3C-7236032EA9B9}.Debug|Win32.Build.0 = Debug|Win32
		{5FBAF0D3-F275-4589-9E3C-7236032EA9B9}.Release|Win32.ActiveCfg = Release|Win32
		{5FBAF0D3-F275-4589-9E3C-7236032EA9B9}.Release|Win32.Build.0 = Release|Win32
		{5FBAF0D3-F275-4589-9E3C-7236032EA9B9}.Maya_Debug|Win32.ActiveCfg = Maya_Debug|Win32
		{5FBAF0D3-F275-4589-9E3C-7236032EA9B9}.Maya_Debug|Win32.Build.0 = Maya_Debug|Win32
		{5FBAF0D3-F275-4589-9E3C-7236032EA9B9}.Maya_Release|Win32.ActiveCfg = Maya_Release|Win32
		{5FBAF0D3-F275-4589-9E3C-7236032EA9B9}.Maya_Release|Win32.Build.0 = Maya_Release|Win32
		{57E51127-C1B1-45CC-B73C-6B362DB3A229}.Debug|Win32.ActiveCfg = Debug|Win32
		{57E51127-C1B1-45CC-B73C-6B362DB3A229}.Debug|Win32.Build.0 = Debug|Win32
		{57E51127-C1B1-45CC-B73C-6B362DB3A229}.Release|Win32.ActiveCfg = Release|Win32
		{57E51127-C1B1-45CC-B73C-6B362DB3A229}.Release|Win32.Build.0 = Release|Win32
		{57E51127-C1B1-45CC-B73C-6B362DB3A229}.Maya_Debug|Win32.ActiveCfg = Maya_Debug|Win32
		{57E51127-C1B1-45CC-B73C-6B362DB3A229}.Maya_Debug|Win32.Build.0 = Maya_Debug|Win32
		{57E51127-C1B1-45CC-B73C-6B362DB3A229}.Maya_Release|Win32.ActiveCfg = Maya_Release|Win32
		{57E51127-C1B1-45CC-B73C-6B362DB3A229}.Maya_Release|Win32.Build.0 = Maya_Release|Win32
		{4A5C5F39-274D-4FE8-BA61-C91A5903B7D6}.Debug|Win32.ActiveCfg = Debug|Win32
		{4A5C5F39-274D-4FE8-BA61-C91A5903B7D6}.Debug|Win32.Build.0 = Debug|Win32
		{4A5C5F39-274D-4FE8-BA61-C91A5903B7D6}.Release|Win32.ActiveCfg = Release|Win32
		{4A5C5F39-274D-4FE8-BA61-C91A5903B7D6}.Release|Win32.Build.0 = Release|Win32
		{4A5C5F39-274D-4FE8-BA61-C91A5903B7D6}.Maya_Debug|Win32.ActiveCfg = Maya_Debug|Win32
		{4A5C5F39-274D-4FE8-BA61-C91A5903B7D6}.Maya_Debug|Win32.Build.0 = Maya_Debug|Win32
		{4A5C5F39-274D-4FE8-BA61-C91A5903B7D6}.Maya_Release|Win32.ActiveCfg = Maya_Release|Win32
		{4A5C5F39-274D-4FE8-BA61-C91A5903B7D6}.Maya_Release|Win32.Build.0 = Maya_Release|Win32
		{8F781E78-019F-4E64-B95D-C9475E297512}.Debug|Win32.ActiveCfg = Debug|Win32
		{8F781E78-019F-4E64-B95D-C9475E297512}.Debug|Win32.Build.0 = Debug|Win32
		{8F781E78-019F-4E64-B95D-C9475E297512}.Release|Win32.ActiveCfg = Release|Win32
		{8F781E78-019F-4E64-B95D-C9475E297512}.Release|Win32.Build.0 = Release|Win32
		{8F781E78-019F-4E64-B95D-C9475E297512}.Maya_Debug|Win32.ActiveCfg = Maya_Debug|Win32
		{8F781E78-019F-4E64-B95D-C9475E297512}.Maya_Debug|Win32.Build.0 = Maya_Debug|Win32
		{8F781E78-019F-4E64-B95D-C9475E297512}.Maya_Release|Win32.ActiveCfg = Maya_Release|Win32
		{8F781E78-019F-4E64-B95D-C9475E297512}.Maya_Release|Win32.Build.0 = Maya_Release|Win32
		{1201B025-7C09-4DF0-8BB0-9E45CC56824F}.Debug|Win32.ActiveCfg = Debug|Win32
		{1201B025-7C09-4DF0-8BB0-9E45CC56824F}.Debug|Win32.Build.0 = Debug|Win32
		{1201B025-7C09-4DF0-8BB0-9E45CC56824F}.Release|Win32.ActiveCfg = Release|Win32
		{1201B025-7C09-4DF0-8BB0-9E45CC56824F}.Release|Win32.Build.0 = Release|Win32
		{1201B025-7C09-4DF0-8BB0-9E45CC56824F}.Maya_Debug|Win32.ActiveCfg = Maya_Debug|Win32
		{1201B025-7C09-4DF0-8BB0-9E45CC56824F}.Maya_Debug|Win32.Build.0 = Maya_Debug|Win32
		{1201B025-7C09-4DF0-8BB0-9E45CC56824F}.Maya_Release|Win32.ActiveCfg = Maya_Release|Win32
		{1201B025-7C09-4DF0-8BB0-9E45CC56824F}.Maya_Release|Win32.Build.0 = Maya_Release|Win32
		{5FE3C920-9B99-4F49-B5CC-0F10FEA2E273}.Debug|Win32.ActiveCfg = Debug|Win32
		{5FE3C920-9B99-4F49-B5CC-0F10FEA2E273}.Debug|Win32.Build.0 = Debug|Win32
		{5FE3C920-9B99-4F49-B5CC-0F10FEA2E273}.Release|Win32.ActiveCfg = Release|Win32
		{5FE3C920-9B99-4F49-B5CC-0F10FEA2E273}.Release|Win32.Build.0 = Release|Win32
		{5FE3C920-9B99-4F49-B5CC-0F10FEA2E273}.Maya_Debug|Win32.ActiveCfg = Maya_Debug|Win32
		{5FE3C920-9B99-4F49-B5CC-0F10FEA2E273}.Maya_Debug|Win32.Build.0 = Maya_Debug|Win32
		{5FE3C920-9B99-4F49-B5CC-0F10FEA2E273}.Maya_Release|Win32.ActiveCfg = Maya_Release|Win32
		{5FE3C920-9B99-4F49-B5CC-0F10FEA2E273}.Maya_Release|Win32.Build.0 = Maya_Release|Win32
		{76891915-D676-4C65-B222-F6A1909C4F4E}.Debug|Win32.ActiveCfg = Debug|Win32
		{76891915-D676-4C65-B222-F6A1909C4F4E}.Debug|Win32.Build.0 = Debug|Win32
		{76891915-D676-4C65-B222-F6A1909C4F4E}.Release|Win32.ActiveCfg = Release|Win32
		{76891915-D676-4C65-B222-F6A1909C4F4E}.Release|Win32.Build.0 = Release|Win32
		{76891915-D676-4C65-B222-F6A1909C4F4E}.Maya_Debug|Win32.ActiveCfg = Maya_Debug|Win32
		{76891915-D676-4C65-B222-F6A1909C4F4E}.Maya_Debug|Win32.Build.0 = Maya_Debug|Win32
		{76891915-D676-4C65-B222-F6A1909C4F4E}.Maya_Release|Win32.ActiveCfg = Maya_Release|Win32
		{76891915-D676-4C65-B222-F6A1909C4F4E}.Maya_Release|Win32.Build.0 = Maya_Release|Win32
		{C5900A62-4727-4A45-AE49-B263C039C867}.Debug|Win32.ActiveCfg = Debug|Win32
		{C5900A62-4727-4A45-AE49-B263C039C867}.Debug|Win32.Build.0 = Debug|Win32
		{C5900A62-4727-4A45-AE49-B263C039C867}.Release|Win32.ActiveCfg = Release|Win32
		{C5900A62-4727-4A45-AE49-B263C039C867}.Release|Win32.Build.0 = Release|Win32
		{C5900A62-4727-4A45-AE49-B263C039C867}.Maya_Debug|Win32.ActiveCfg = Maya_Debug|Win32
		{C5900A62-4727-4A45-AE49-B263C039C867}.Maya_Debug|Win32.Build.0 = Maya_Debug|Win32
		{C5900A62-4727-4A45-AE49-B263C039C867}.Maya_Release|Win32.ActiveCfg = Maya_Release|Win32
		{C5900A62-4727-4A45-AE49-B263C039C867}.Maya_Release|Win32.Build.0 = Maya_Release|Win32
		{B319DD0A-A35D-4F91-A841-B6F774849F71}.Debug|Win32.ActiveCfg = Debug|Win32
		{B319DD0A-A35D-4F91-A841-B6F774849F71}.Debug|Win32.Build.0 = Debug|Win32
		{B319DD0A-A35D-4F91-A841-B6F774849F71}.Release|Win32.ActiveCfg = Release|Win32
		{B319DD0A-A35D-4F91-A841-B6F774849F71}.Release|Win32.Build.0 = Release|Win32
		{B319DD0A-A35D-4F91-A841-B6F774849F71}.Maya_Debug|Win32.ActiveCfg = Maya_Debug|Win32
		{B319DD0A-A35D-4F91-A841-B6F774849F71}.Maya_Debug|Win32.Build.0 = Maya_Debug|Win32
		{B319DD0A-A35D-4F91-A841-B6F774849F71}.Maya_Release|Win32.ActiveCfg = Maya_Release|Win32
		{B319DD0A-A35D-4F91-A841-B6F774849F71}.Maya_Release|Win32.Build.0 = Maya_Release|Win32
		{0C471A71-FE8B-4B9D-8B89-F3D52A7967CA}.Debug|Win32.ActiveCfg = Debug|Win32
		{0C471A71-FE8B-4B9D-8B89-F3D52A7967CA}.Debug|Win32.Build.0 = Debug|Win32
		{0C471A71-FE8B-4B9D-8B89-F3D52A7967CA}.Release|Win32.ActiveCfg = Release|Win32
		{0C471A71-FE8B-4B9D-8B89-F3D52A7967CA}.Release|Win32.Build.0 = Release|Win32
		{0C471A71-FE8B-4B9D-8B89-F3D52A7967CA}.Maya_Debug|Win32.ActiveCfg = Maya_Debug|Win32
		{0C471A71-FE8B-4B9D-8B89-F3D52A7967CA}.Maya_Debug|Win32.Build.0 = Maya_Debug|Win32
		{0C471A71-FE8B-4B9D-8B89-F3D52A7967CA}.Maya_Release|Win32.ActiveCfg = Maya_Release|Win32
		{0C471A71-FE8B-4B9D-8B89-F3D52A7967CA}.Maya_Release|Win32.Build.0 = Maya_Release|Win32
		{FA53030C-E2F0-43A4-8162-DBD5735AA6E2}.Debug|Win32.ActiveCfg = Debug|Win32
		{FA53030C-E2F0-43A4-8162-DBD5735AA6E2}.Debug|Win32.Build.0 = Debug|Win32
		{FA53030C-E2F0-43A4-8162-DBD5735AA6E2}.Release|Win32.ActiveCfg = Release|Win32
		{FA53030C-E2F0-43A4-8162-DBD5735AA6E2}.Release|Win32.Build.0 = Release|Win32
		{FA53030C-E2F0-43A4-8162-DBD5735AA6E2}.Maya_Debug|Win32.ActiveCfg = Maya_Debug|Win32
		{FA53030C-E2F0-43A4-8162-DBD5735AA6E2}.Maya_Debug|Win32.Build.0 = Maya_Debug|Win32
		{FA53030C-E2F0-43A4-8162-DBD5735AA6E2}.Maya_Release|Win32.ActiveCfg = Maya_Release|Win32
		{FA53030C-E2F0-43A4-8162-DBD5735AA6E2}.Maya_Release|Win32.Build.0 = Maya_Release|Win32
		{6E39CB56-EBB8-43F4-BF88-F549E64EEF6A}.Debug|Win32.ActiveCfg = Debug|Win32
		{6E39CB56-EBB8-43F4-BF88-F549E64EEF6A}.Debug|Win32.Build.0 = Debug|Win32
		{6E39CB56-EBB8-43F4-BF88-F549E64EEF6A}.Release|Win32.ActiveCfg = Release|Win32
		{6E39CB56-EBB8-43F4-BF88-F549E64EEF6A}.Release|Win32.Build.0 = Release|Win32
		{6E39CB56-EBB8-43F4-BF88-F549E64EEF6A}.Maya_Debug|Win32.ActiveCfg = Maya_Debug|Win32
		{6E39CB56-EBB8-43F4-BF88-F549E64EEF6A}.Maya_Debug|Win32.Build.0 = Maya_Debug|Win32
		{6E39CB56-EBB8-43F4-BF88-F549E64EEF6A}.Maya_Release|Win32.ActiveCfg = Maya_Release|Win32
		{6E39CB56-EBB8-43F4-BF88-F549E64EEF6A}.Maya_Release|Win32.Build.0 = Maya_Release|Win32
		{30C77E9A-5251-4F2F-98F3-B927FE6B96E9}.Debug|Win32.ActiveCfg = Debug|Win32
		{30C77E9A-5251-4F2F-98F3-B927FE6B96E9}.Debug|Win32.Build.0 = Debug|Win32
		{30C77E9A-5251-4F2F-98F3-B927FE6B96E9}.Release|Win32.ActiveCfg = Release|Win32
		{30C77E9A-5251-4F2F-98F3-B927FE6B96E9}.Release|Win32.Build.0 = Release|Win32
		{30C77E9A-5251-4F2F-98F3-B927FE6B96E9}.Maya_Debug|Win32.ActiveCfg = Maya_Debug|Win32
		{30C77E9A-5251-4F2F-98F3-B927FE6B96E9}.Maya_Debug|Win32.Build.0 = Maya_Debug|Win32
		{30C77E9A-5251-4F2F-98F3-B927FE6B96E9}.Maya_Release|Win32.ActiveCfg = Maya_Release|Win32
		{30C77E9A-5251-4F2F-98F3-B927FE6B96E9}.Maya_Release|Win32.Build.0 = Maya_Release|Win32
	EndGlobalSection
	GlobalSection(SolutionProperties) = preSolution
		HideSolutionNode = FALSE
	EndGlobalSection
	GlobalSection(NestedProjects) = preSolution
		{99B4C216-94A1-4D6F-AAE0-7786FC15F328} = {798777e9-b38c-4974-bee3-b1cd45f6a1e6}
		{18693355-53ED-4A73-82F4-F446CEF4B664} = {798777e9-b38c-4974-bee3-b1cd45f6a1e6}
		{B646F1F1-67DA-4078-A69F-83191DDAA25F} = {798777e9-b38c-4974-bee3-b1cd45f6a1e6}
		{A1E21D74-AF16-4FD8-ABE3-85ACAF4F7233} = {798777e9-b38c-4974-bee3-b1cd45f6a1e6}
		{097A3DFE-F62A-4D43-8EFB-8D14B63CD3AC} = {798777e9-b38c-4974-bee3-b1cd45f6a1e6}
		{32DCC454-D363-41F1-9554-590F65E85D13} = {798777e9-b38c-4974-bee3-b1cd45f6a1e6}
		{A1D8D6AF-105F-4F72-95C9-182468B07D99} = {832A854F-2030-4EA4-86FE-EDEEC017E78E}
		{88D8F3F1-7E45-4874-B3C0-D295A9E48116} = {832A854F-2030-4EA4-86FE-EDEEC017E78E}
		{43189CC0-11C5-4995-ACDB-EBCFD9BAC127} = {832A854F-2030-4EA4-86FE-EDEEC017E78E}
		{93123E97-C6A6-4FA5-9D56-684F1FFC1D62} = {832A854F-2030-4EA4-86FE-EDEEC017E78E}
		{E39D6508-83D5-4C1D-A1ED-C82981467911} = {832A854F-2030-4EA4-86FE-EDEEC017E78E}
		{1B670862-5DBA-4D5D-B3BA-CB4F1763DB42} = {832A854F-2030-4EA4-86FE-EDEEC017E78E}
		{DCEA9C68-AA59-4DEF-ACBB-F940CD321915} = {832A854F-2030-4EA4-86FE-EDEEC017E78E}
		{6FA24A98-A49A-4233-8289-F8EEF929C299} = {832A854F-2030-4EA4-86FE-EDEEC017E78E}
		{6D6B810D-F4A1-478D-88AA-5403F5BACFD4} = {832A854F-2030-4EA4-86FE-EDEEC017E78E}
		{3D8BF9D0-BA49-428B-A1DD-C68DBA4D842D} = {798777e9-b38c-4974-bee3-b1cd45f6a1e6}
		{BFAD990B-8CBF-4E5B-BC6A-3C31986EF047} = {832A854F-2030-4EA4-86FE-EDEEC017E78E}
		{3A9B89BF-C1AF-4A3A-9699-B7B2ED33E678} = {832A854F-2030-4EA4-86FE-EDEEC017E78E}
		{AA5FA779-FB49-40B8-89D1-402E9B90BFDD} = {28B9CEF2-57A6-4ee5-8235-2014936D9FE7}
		{A5E1FE7B-21AD-4CF5-BC69-BC2F59139921} = {28B9CEF2-57A6-4ee5-8235-2014936D9FE7}
		{543A1CD7-9330-40F5-96F1-6A5B949FBE63} = {28B9CEF2-57A6-4ee5-8235-2014936D9FE7}
		{74B43028-559C-4811-964E-81AB5CDE1527} = {28B9CEF2-57A6-4ee5-8235-2014936D9FE7}
		{45E8D1D0-63E5-434A-97BA-32B132079D8A} = {28B9CEF2-57A6-4ee5-8235-2014936D9FE7}
		{7A434A5F-C4E5-4A48-85BF-C6FED7104CF6} = {28B9CEF2-57A6-4ee5-8235-2014936D9FE7}
		{C5F1C164-544A-43DF-8B1E-30D8667DA7A5} = {28B9CEF2-57A6-4ee5-8235-2014936D9FE7}
		{DD3C3E23-7EFD-4494-B0DE-5CBE3A35026A} = {28B9CEF2-57A6-4ee5-8235-2014936D9FE7}
		{4283F98D-524B-4984-8802-7259CAFF0499} = {3B2AD919-B940-473D-A9CC-62428540DEC5}
		{F61FD065-752F-4CF8-943F-30DD4EB1FB11} = {3B2AD919-B940-473D-A9CC-62428540DEC5}
		{E9BFB56D-8B62-42A5-9ED9-6D62DA9C6084} = {3B2AD919-B940-473D-A9CC-62428540DEC5}
		{B342AAC8-E494-4736-92F3-854500A5A4D0} = {832A854F-2030-4EA4-86FE-EDEEC017E78E}
		{5FBAF0D3-F275-4589-9E3C-7236032EA9B9} = {3B2AD919-B940-473D-A9CC-62428540DEC5}
		{57E51127-C1B1-45CC-B73C-6B362DB3A229} = {3B2AD919-B940-473D-A9CC-62428540DEC5}
		{4A5C5F39-274D-4FE8-BA61-C91A5903B7D6} = {3B2AD919-B940-473D-A9CC-62428540DEC5}
		{8F781E78-019F-4E64-B95D-C9475E297512} = {3B2AD919-B940-473D-A9CC-62428540DEC5}
		{1201B025-7C09-4DF0-8BB0-9E45CC56824F} = {3B2AD919-B940-473D-A9CC-62428540DEC5}
		{5FE3C920-9B99-4F49-B5CC-0F10FEA2E273} = {3B2AD919-B940-473D-A9CC-62428540DEC5}
		{76891915-D676-4C65-B222-F6A1909C4F4E} = {3B2AD919-B940-473D-A9CC-62428540DEC5}
		{C5900A62-4727-4A45-AE49-B263C039C867} = {3B2AD919-B940-473D-A9CC-62428540DEC5}
		{B319DD0A-A35D-4F91-A841-B6F774849F71} = {3B2AD919-B940-473D-A9CC-62428540DEC5}
		{0C471A71-FE8B-4B9D-8B89-F3D52A7967CA} = {3B2AD919-B940-473D-A9CC-62428540DEC5}
		{FA53030C-E2F0-43A4-8162-DBD5735AA6E2} = {3B2AD919-B940-473D-A9CC-62428540DEC5}
		{6E39CB56-EBB8-43F4-BF88-F549E64EEF6A} = {3B2AD919-B940-473D-A9CC-62428540DEC5}
		{30C77E9A-5251-4F2F-98F3-B927FE6B96E9} = {832A854F-2030-4EA4-86FE-EDEEC017E78E}
	EndGlobalSection
EndGlobal
