Microsoft Visual Studio Solution File, Format Version 10.00
# Visual Studio 2008
Project("{2150E333-8FDC-42A3-9474-1A3956D46DE8}") = "NIDLs", "NIDLs", "{798777e9-b38c-4974-bee3-b1cd45f6a1e6}"
EndProject
Project("{2150E333-8FDC-42A3-9474-1A3956D46DE8}") = "Libs", "Libs", "{832A854F-2030-4EA4-86FE-EDEEC017E78E}"
EndProject
Project("{2150E333-8FDC-42A3-9474-1A3956D46DE8}") = "Exes", "Exes", "{3B2AD919-B940-473D-A9CC-62428540DEC5}"
EndProject
Project("{2150E333-8FDC-42A3-9474-1A3956D46DE8}") = "Jobs", "Jobs", "{28B9CEF2-57A6-4ee5-8235-2014936D9FE7}"
EndProject
Project("{8BC9CEB8-8B4A-11D0-8D11-00A0C91BC942}") = "foundation_nidls_win32", "foundation_nidls_win32.vcproj", "{99B4C216-94A1-4D6F-AAE0-7786FC15F328}"
EndProject
Project("{8BC9CEB8-8B4A-11D0-8D11-00A0C91BC942}") = "render_nidls_win32", "render_nidls_win32.vcproj", "{18693355-53ED-4A73-82F4-F446CEF4B664}"
EndProject
Project("{8BC9CEB8-8B4A-11D0-8D11-00A0C91BC942}") = "application_nidls_win32", "application_nidls_win32.vcproj", "{48544DEA-28EB-4D4F-80E5-82857FDEAD6E}"
EndProject
Project("{8BC9CEB8-8B4A-11D0-8D11-00A0C91BC942}") = "network_nidls_win32", "network_nidls_win32.vcproj", "{A1E21D74-AF16-4FD8-ABE3-85ACAF4F7233}"
EndProject
Project("{8BC9CEB8-8B4A-11D0-8D11-00A0C91BC942}") = "vibration_nidls_win32", "vibration_nidls_win32.vcproj", "{B646F1F1-67DA-4078-A69F-83191DDAA25F}"
EndProject
Project("{8BC9CEB8-8B4A-11D0-8D11-00A0C91BC942}") = "posteffect_nidls_win32", "posteffect_nidls_win32.vcproj", "{769F52AF-D8A1-4DDF-911A-CA74580C485A}"
EndProject
Project("{8BC9CEB8-8B4A-11D0-8D11-00A0C91BC942}") = "remote_nidls_win32", "remote_nidls_win32.vcproj", "{9A3E1222-B59A-424C-B3F7-A2D2BB7B4B4A}"
EndProject
Project("{8BC9CEB8-8B4A-11D0-8D11-00A0C91BC942}") = "framecapture_nidls_win32", "framecapture_nidls_win32.vcproj", "{32DCC454-D363-41F1-9554-590F65E85D13}"
EndProject
Project("{8BC9CEB8-8B4A-11D0-8D11-00A0C91BC942}") = "audio2_nidls_win32", "audio2_nidls_win32.vcproj", "{3D8BF9D0-BA49-428B-A1DD-C68DBA4D842D}"
EndProject
Project("{8BC9CEB8-8B4A-11D0-8D11-00A0C91BC942}") = "render_charevalskeletonjob_win32", "render_charevalskeletonjob_win32.vcproj", "{A5E1FE7B-21AD-4CF5-BC69-BC2F59139921}"
EndProject
Project("{8BC9CEB8-8B4A-11D0-8D11-00A0C91BC942}") = "render_particlejob_win32", "render_particlejob_win32.vcproj", "{AA5FA779-FB49-40B8-89D1-402E9B90BFDD}"
EndProject
Project("{8BC9CEB8-8B4A-11D0-8D11-00A0C91BC942}") = "render_animjobsample_win32", "render_animjobsample_win32.vcproj", "{543A1CD7-9330-40F5-96F1-6A5B949FBE63}"
EndProject
Project("{8BC9CEB8-8B4A-11D0-8D11-00A0C91BC942}") = "render_animjobsamplemix_win32", "render_animjobsamplemix_win32.vcproj", "{74B43028-559C-4811-964E-81AB5CDE1527}"
EndProject
Project("{8BC9CEB8-8B4A-11D0-8D11-00A0C91BC942}") = "render_visibilityquadtreejob_win32", "render_visibilityquadtreejob_win32.vcproj", "{45E8D1D0-63E5-434A-97BA-32B132079D8A}"
EndProject
Project("{8BC9CEB8-8B4A-11D0-8D11-00A0C91BC942}") = "render_visibilityboxsystemjob_win32", "render_visibilityboxsystemjob_win32.vcproj", "{7A434A5F-C4E5-4A48-85BF-C6FED7104CF6}"
EndProject
Project("{8BC9CEB8-8B4A-11D0-8D11-00A0C91BC942}") = "foundation_win32", "foundation_win32.vcproj", "{A1D8D6AF-105F-4F72-95C9-182468B07D99}"
	ProjectSection(ProjectDependencies) = postProject
		{99B4C216-94A1-4D6F-AAE0-7786FC15F328} = {99B4C216-94A1-4D6F-AAE0-7786FC15F328}
	EndProjectSection
EndProject
Project("{8BC9CEB8-8B4A-11D0-8D11-00A0C91BC942}") = "render_win32", "render_win32.vcproj", "{88D8F3F1-7E45-4874-B3C0-D295A9E48116}"
	ProjectSection(ProjectDependencies) = postProject
		{18693355-53ED-4A73-82F4-F446CEF4B664} = {18693355-53ED-4A73-82F4-F446CEF4B664}
		{A5E1FE7B-21AD-4CF5-BC69-BC2F59139921} = {A5E1FE7B-21AD-4CF5-BC69-BC2F59139921}
		{AA5FA779-FB49-40B8-89D1-402E9B90BFDD} = {AA5FA779-FB49-40B8-89D1-402E9B90BFDD}
		{543A1CD7-9330-40F5-96F1-6A5B949FBE63} = {543A1CD7-9330-40F5-96F1-6A5B949FBE63}
		{74B43028-559C-4811-964E-81AB5CDE1527} = {74B43028-559C-4811-964E-81AB5CDE1527}
		{45E8D1D0-63E5-434A-97BA-32B132079D8A} = {45E8D1D0-63E5-434A-97BA-32B132079D8A}
		{7A434A5F-C4E5-4A48-85BF-C6FED7104CF6} = {7A434A5F-C4E5-4A48-85BF-C6FED7104CF6}
	EndProjectSection
EndProject
Project("{8BC9CEB8-8B4A-11D0-8D11-00A0C91BC942}") = "application_win32", "application_win32.vcproj", "{9F52D381-5010-40B4-8A79-49ECD984AC1D}"
	ProjectSection(ProjectDependencies) = postProject
		{769F52AF-D8A1-4DDF-911A-CA74580C485A} = {769F52AF-D8A1-4DDF-911A-CA74580C485A}
		{23CC628D-C0BD-445E-935C-AF1553D00E27} = {23CC628D-C0BD-445E-935C-AF1553D00E27}
		{48544DEA-28EB-4D4F-80E5-82857FDEAD6E} = {48544DEA-28EB-4D4F-80E5-82857FDEAD6E}
	EndProjectSection
EndProject
Project("{8BC9CEB8-8B4A-11D0-8D11-00A0C91BC942}") = "tinyxml_win32", "tinyxml_win32.vcproj", "{43189CC0-11C5-4995-ACDB-EBCFD9BAC127}"
EndProject
Project("{8BC9CEB8-8B4A-11D0-8D11-00A0C91BC942}") = "zlib_win32", "zlib_win32.vcproj", "{93123E97-C6A6-4FA5-9D56-684F1FFC1D62}"
EndProject
Project("{8BC9CEB8-8B4A-11D0-8D11-00A0C91BC942}") = "db_win32", "db_win32.vcproj", "{2D896152-9351-44EF-8305-BD51B28B21D7}"
EndProject
Project("{8BC9CEB8-8B4A-11D0-8D11-00A0C91BC942}") = "sqlite_win32", "sqlite_win32.vcproj", "{6E9261AC-7AA4-41D6-8BF0-276EA7C94F3C}"
EndProject
Project("{8BC9CEB8-8B4A-11D0-8D11-00A0C91BC942}") = "physics_win32", "physics_win32.vcproj", "{1450DAF5-CBE9-47B1-A067-F014E092AF89}"
EndProject
Project("{8BC9CEB8-8B4A-11D0-8D11-00A0C91BC942}") = "ode_win32", "ode_win32.vcproj", "{E1245EA0-23F2-431D-8915-9E6B6B7F0C27}"
EndProject
Project("{8BC9CEB8-8B4A-11D0-8D11-00A0C91BC942}") = "opcode_win32", "opcode_win32.vcproj", "{00EE8CED-82C4-4014-9B80-768D47974AE7}"
EndProject
Project("{8BC9CEB8-8B4A-11D0-8D11-00A0C91BC942}") = "gimpact_win32", "gimpact_win32.vcproj", "{BFC0014B-B93C-4B38-ABEE-3A5FA4B2278B}"
EndProject
Project("{8BC9CEB8-8B4A-11D0-8D11-00A0C91BC942}") = "vibration_win32", "vibration_win32.vcproj", "{1B670862-5DBA-4D5D-B3BA-CB4F1763DB42}"
	ProjectSection(ProjectDependencies) = postProject
		{B646F1F1-67DA-4078-A69F-83191DDAA25F} = {B646F1F1-67DA-4078-A69F-83191DDAA25F}
	EndProjectSection
EndProject
Project("{8BC9CEB8-8B4A-11D0-8D11-00A0C91BC942}") = "raknet_win32", "raknet_win32.vcproj", "{6FA24A98-A49A-4233-8289-F8EEF929C299}"
EndProject
Project("{8BC9CEB8-8B4A-11D0-8D11-00A0C91BC942}") = "network_win32", "network_win32.vcproj", "{DCEA9C68-AA59-4DEF-ACBB-F940CD321915}"
	ProjectSection(ProjectDependencies) = postProject
		{A1E21D74-AF16-4FD8-ABE3-85ACAF4F7233} = {A1E21D74-AF16-4FD8-ABE3-85ACAF4F7233}
		{43189CC0-11C5-4995-ACDB-EBCFD9BAC127} = {43189CC0-11C5-4995-ACDB-EBCFD9BAC127}
	EndProjectSection
EndProject
Project("{8BC9CEB8-8B4A-11D0-8D11-00A0C91BC942}") = "posteffect_win32", "posteffect_win32.vcproj", "{23CC628D-C0BD-445E-935C-AF1553D00E27}"
	ProjectSection(ProjectDependencies) = postProject
		{769F52AF-D8A1-4DDF-911A-CA74580C485A} = {769F52AF-D8A1-4DDF-911A-CA74580C485A}
	EndProjectSection
EndProject
Project("{8BC9CEB8-8B4A-11D0-8D11-00A0C91BC942}") = "remote_win32", "remote_win32.vcproj", "{F7980AD9-6E07-493A-8B10-261FF07EF74F}"
	ProjectSection(ProjectDependencies) = postProject
		{9A3E1222-B59A-424C-B3F7-A2D2BB7B4B4A} = {9A3E1222-B59A-424C-B3F7-A2D2BB7B4B4A}
	EndProjectSection
EndProject
Project("{8BC9CEB8-8B4A-11D0-8D11-00A0C91BC942}") = "attr_win32", "attr_win32.vcproj", "{6D6B810D-F4A1-478D-88AA-5403F5BACFD4}"
EndProject
Project("{8BC9CEB8-8B4A-11D0-8D11-00A0C91BC942}") = "framecapture_win32", "framecapture_win32.vcproj", "{30C77E9A-5251-4F2F-98F3-B927FE6B96E9}"
	ProjectSection(ProjectDependencies) = postProject
		{32DCC454-D363-41F1-9554-590F65E85D13} = {32DCC454-D363-41F1-9554-590F65E85D13}
	EndProjectSection
EndProject
Project("{8BC9CEB8-8B4A-11D0-8D11-00A0C91BC942}") = "audio2_win32", "audio2_win32.vcproj", "{BFAD990B-8CBF-4E5B-BC6A-3C31986EF047}"
	ProjectSection(ProjectDependencies) = postProject
		{3D8BF9D0-BA49-428B-A1DD-C68DBA4D842D} = {3D8BF9D0-BA49-428B-A1DD-C68DBA4D842D}
	EndProjectSection
EndProject
Project("{8BC9CEB8-8B4A-11D0-8D11-00A0C91BC942}") = "testserver", "testserver.vcproj", "{89CDA08E-1DD1-4BE7-83D8-CFEDF78BCEE2}"
	ProjectSection(ProjectDependencies) = postProject
		{A1D8D6AF-105F-4F72-95C9-182468B07D99} = {A1D8D6AF-105F-4F72-95C9-182468B07D99}
		{93123E97-C6A6-4FA5-9D56-684F1FFC1D62} = {93123E97-C6A6-4FA5-9D56-684F1FFC1D62}
		{43189CC0-11C5-4995-ACDB-EBCFD9BAC127} = {43189CC0-11C5-4995-ACDB-EBCFD9BAC127}
	EndProjectSection
EndProject
Project("{8BC9CEB8-8B4A-11D0-8D11-00A0C91BC942}") = "testclient", "testclient.vcproj", "{40935A0F-8070-41EF-9A2F-7D9E24783E8A}"
	ProjectSection(ProjectDependencies) = postProject
		{A1D8D6AF-105F-4F72-95C9-182468B07D99} = {A1D8D6AF-105F-4F72-95C9-182468B07D99}
		{93123E97-C6A6-4FA5-9D56-684F1FFC1D62} = {93123E97-C6A6-4FA5-9D56-684F1FFC1D62}
		{43189CC0-11C5-4995-ACDB-EBCFD9BAC127} = {43189CC0-11C5-4995-ACDB-EBCFD9BAC127}
	EndProjectSection
EndProject
Project("{8BC9CEB8-8B4A-11D0-8D11-00A0C91BC942}") = "testgame", "testgame.vcproj", "{D4CE5FEA-C28C-402C-9FF3-96ACB34C4AFF}"
	ProjectSection(ProjectDependencies) = postProject
		{A1D8D6AF-105F-4F72-95C9-182468B07D99} = {A1D8D6AF-105F-4F72-95C9-182468B07D99}
		{88D8F3F1-7E45-4874-B3C0-D295A9E48116} = {88D8F3F1-7E45-4874-B3C0-D295A9E48116}
		{9F52D381-5010-40B4-8A79-49ECD984AC1D} = {9F52D381-5010-40B4-8A79-49ECD984AC1D}
		{1450DAF5-CBE9-47B1-A067-F014E092AF89} = {1450DAF5-CBE9-47B1-A067-F014E092AF89}
		{E1245EA0-23F2-431D-8915-9E6B6B7F0C27} = {E1245EA0-23F2-431D-8915-9E6B6B7F0C27}
		{00EE8CED-82C4-4014-9B80-768D47974AE7} = {00EE8CED-82C4-4014-9B80-768D47974AE7}
		{BFC0014B-B93C-4B38-ABEE-3A5FA4B2278B} = {BFC0014B-B93C-4B38-ABEE-3A5FA4B2278B}
		{2D896152-9351-44EF-8305-BD51B28B21D7} = {2D896152-9351-44EF-8305-BD51B28B21D7}
		{6E9261AC-7AA4-41D6-8BF0-276EA7C94F3C} = {6E9261AC-7AA4-41D6-8BF0-276EA7C94F3C}
		{93123E97-C6A6-4FA5-9D56-684F1FFC1D62} = {93123E97-C6A6-4FA5-9D56-684F1FFC1D62}
		{43189CC0-11C5-4995-ACDB-EBCFD9BAC127} = {43189CC0-11C5-4995-ACDB-EBCFD9BAC127}
		{1B670862-5DBA-4D5D-B3BA-CB4F1763DB42} = {1B670862-5DBA-4D5D-B3BA-CB4F1763DB42}
		{6D6B810D-F4A1-478D-88AA-5403F5BACFD4} = {6D6B810D-F4A1-478D-88AA-5403F5BACFD4}
		{F7980AD9-6E07-493A-8B10-261FF07EF74F} = {F7980AD9-6E07-493A-8B10-261FF07EF74F}
		{BFAD990B-8CBF-4E5B-BC6A-3C31986EF047} = {BFAD990B-8CBF-4E5B-BC6A-3C31986EF047}
	EndProjectSection
EndProject
Project("{8BC9CEB8-8B4A-11D0-8D11-00A0C91BC942}") = "nsh3", "nsh3.vcproj", "{507D89BC-2340-4AF0-804C-B628F4760B7D}"
	ProjectSection(ProjectDependencies) = postProject
		{A1D8D6AF-105F-4F72-95C9-182468B07D99} = {A1D8D6AF-105F-4F72-95C9-182468B07D99}
		{93123E97-C6A6-4FA5-9D56-684F1FFC1D62} = {93123E97-C6A6-4FA5-9D56-684F1FFC1D62}
		{43189CC0-11C5-4995-ACDB-EBCFD9BAC127} = {43189CC0-11C5-4995-ACDB-EBCFD9BAC127}
	EndProjectSection
EndProject
Project("{8BC9CEB8-8B4A-11D0-8D11-00A0C91BC942}") = "nsc3", "nsc3.vcproj", "{03B30870-AB5F-4800-82C1-70FCD585EC19}"
	ProjectSection(ProjectDependencies) = postProject
		{A1D8D6AF-105F-4F72-95C9-182468B07D99} = {A1D8D6AF-105F-4F72-95C9-182468B07D99}
		{93123E97-C6A6-4FA5-9D56-684F1FFC1D62} = {93123E97-C6A6-4FA5-9D56-684F1FFC1D62}
		{43189CC0-11C5-4995-ACDB-EBCFD9BAC127} = {43189CC0-11C5-4995-ACDB-EBCFD9BAC127}
	EndProjectSection
EndProject
Project("{8BC9CEB8-8B4A-11D0-8D11-00A0C91BC942}") = "testviewer", "testviewer.vcproj", "{2A1E278A-4690-4D00-895D-206F21D8E0C5}"
	ProjectSection(ProjectDependencies) = postProject
		{A1D8D6AF-105F-4F72-95C9-182468B07D99} = {A1D8D6AF-105F-4F72-95C9-182468B07D99}
		{88D8F3F1-7E45-4874-B3C0-D295A9E48116} = {88D8F3F1-7E45-4874-B3C0-D295A9E48116}
		{A5E1FE7B-21AD-4CF5-BC69-BC2F59139921} = {A5E1FE7B-21AD-4CF5-BC69-BC2F59139921}
		{AA5FA779-FB49-40B8-89D1-402E9B90BFDD} = {AA5FA779-FB49-40B8-89D1-402E9B90BFDD}
		{543A1CD7-9330-40F5-96F1-6A5B949FBE63} = {543A1CD7-9330-40F5-96F1-6A5B949FBE63}
		{74B43028-559C-4811-964E-81AB5CDE1527} = {74B43028-559C-4811-964E-81AB5CDE1527}
		{45E8D1D0-63E5-434A-97BA-32B132079D8A} = {45E8D1D0-63E5-434A-97BA-32B132079D8A}
		{7A434A5F-C4E5-4A48-85BF-C6FED7104CF6} = {7A434A5F-C4E5-4A48-85BF-C6FED7104CF6}
		{93123E97-C6A6-4FA5-9D56-684F1FFC1D62} = {93123E97-C6A6-4FA5-9D56-684F1FFC1D62}
		{43189CC0-11C5-4995-ACDB-EBCFD9BAC127} = {43189CC0-11C5-4995-ACDB-EBCFD9BAC127}
		{1B670862-5DBA-4D5D-B3BA-CB4F1763DB42} = {1B670862-5DBA-4D5D-B3BA-CB4F1763DB42}
		{30C77E9A-5251-4F2F-98F3-B927FE6B96E9} = {30C77E9A-5251-4F2F-98F3-B927FE6B96E9}
	EndProjectSection
EndProject
Project("{8BC9CEB8-8B4A-11D0-8D11-00A0C91BC942}") = "testhttpviewer", "testhttpviewer.vcproj", "{074D6AF8-98C2-436D-B60F-DA7CA01AB806}"
	ProjectSection(ProjectDependencies) = postProject
		{A1D8D6AF-105F-4F72-95C9-182468B07D99} = {A1D8D6AF-105F-4F72-95C9-182468B07D99}
		{88D8F3F1-7E45-4874-B3C0-D295A9E48116} = {88D8F3F1-7E45-4874-B3C0-D295A9E48116}
		{A5E1FE7B-21AD-4CF5-BC69-BC2F59139921} = {A5E1FE7B-21AD-4CF5-BC69-BC2F59139921}
		{AA5FA779-FB49-40B8-89D1-402E9B90BFDD} = {AA5FA779-FB49-40B8-89D1-402E9B90BFDD}
		{45E8D1D0-63E5-434A-97BA-32B132079D8A} = {45E8D1D0-63E5-434A-97BA-32B132079D8A}
		{7A434A5F-C4E5-4A48-85BF-C6FED7104CF6} = {7A434A5F-C4E5-4A48-85BF-C6FED7104CF6}
		{93123E97-C6A6-4FA5-9D56-684F1FFC1D62} = {93123E97-C6A6-4FA5-9D56-684F1FFC1D62}
		{43189CC0-11C5-4995-ACDB-EBCFD9BAC127} = {43189CC0-11C5-4995-ACDB-EBCFD9BAC127}
	EndProjectSection
EndProject
Project("{8BC9CEB8-8B4A-11D0-8D11-00A0C91BC942}") = "testnetworkgame", "testnetworkgame.vcproj", "{DCCE6652-E7F7-4B4B-B07E-8C9B4FED2027}"
	ProjectSection(ProjectDependencies) = postProject
		{A1D8D6AF-105F-4F72-95C9-182468B07D99} = {A1D8D6AF-105F-4F72-95C9-182468B07D99}
		{88D8F3F1-7E45-4874-B3C0-D295A9E48116} = {88D8F3F1-7E45-4874-B3C0-D295A9E48116}
		{9F52D381-5010-40B4-8A79-49ECD984AC1D} = {9F52D381-5010-40B4-8A79-49ECD984AC1D}
		{1450DAF5-CBE9-47B1-A067-F014E092AF89} = {1450DAF5-CBE9-47B1-A067-F014E092AF89}
		{E1245EA0-23F2-431D-8915-9E6B6B7F0C27} = {E1245EA0-23F2-431D-8915-9E6B6B7F0C27}
		{00EE8CED-82C4-4014-9B80-768D47974AE7} = {00EE8CED-82C4-4014-9B80-768D47974AE7}
		{BFC0014B-B93C-4B38-ABEE-3A5FA4B2278B} = {BFC0014B-B93C-4B38-ABEE-3A5FA4B2278B}
		{2D896152-9351-44EF-8305-BD51B28B21D7} = {2D896152-9351-44EF-8305-BD51B28B21D7}
		{6E9261AC-7AA4-41D6-8BF0-276EA7C94F3C} = {6E9261AC-7AA4-41D6-8BF0-276EA7C94F3C}
		{DCEA9C68-AA59-4DEF-ACBB-F940CD321915} = {DCEA9C68-AA59-4DEF-ACBB-F940CD321915}
		{93123E97-C6A6-4FA5-9D56-684F1FFC1D62} = {93123E97-C6A6-4FA5-9D56-684F1FFC1D62}
		{43189CC0-11C5-4995-ACDB-EBCFD9BAC127} = {43189CC0-11C5-4995-ACDB-EBCFD9BAC127}
		{1B670862-5DBA-4D5D-B3BA-CB4F1763DB42} = {1B670862-5DBA-4D5D-B3BA-CB4F1763DB42}
		{6FA24A98-A49A-4233-8289-F8EEF929C299} = {6FA24A98-A49A-4233-8289-F8EEF929C299}
		{F7980AD9-6E07-493A-8B10-261FF07EF74F} = {F7980AD9-6E07-493A-8B10-261FF07EF74F}
		{6D6B810D-F4A1-478D-88AA-5403F5BACFD4} = {6D6B810D-F4A1-478D-88AA-5403F5BACFD4}
		{BFAD990B-8CBF-4E5B-BC6A-3C31986EF047} = {BFAD990B-8CBF-4E5B-BC6A-3C31986EF047}
	EndProjectSection
EndProject
Project("{8BC9CEB8-8B4A-11D0-8D11-00A0C91BC942}") = "genrandtable", "genrandtable.vcproj", "{D91E2DA4-157E-407D-9245-4C427D7F1A3A}"
	ProjectSection(ProjectDependencies) = postProject
		{A1D8D6AF-105F-4F72-95C9-182468B07D99} = {A1D8D6AF-105F-4F72-95C9-182468B07D99}
		{93123E97-C6A6-4FA5-9D56-684F1FFC1D62} = {93123E97-C6A6-4FA5-9D56-684F1FFC1D62}
		{43189CC0-11C5-4995-ACDB-EBCFD9BAC127} = {43189CC0-11C5-4995-ACDB-EBCFD9BAC127}
	EndProjectSection
EndProject
Global
	GlobalSection(SolutionConfigurationPlatforms) = preSolution
		Debug|Win32 = Debug|Win32
		Release|Win32 = Release|Win32
		Maya_Debug|Win32 = Maya_Debug|Win32
		Maya_Release|Win32 = Maya_Release|Win32
	EndGlobalSection
	GlobalSection(ProjectConfigurationPlatforms) = postSolution
		{99B4C216-94A1-4D6F-AAE0-7786FC15F328}.Debug|Win32.ActiveCfg = Debug|Win32
		{99B4C216-94A1-4D6F-AAE0-7786FC15F328}.Debug|Win32.Build.0 = Debug|Win32
		{99B4C216-94A1-4D6F-AAE0-7786FC15F328}.Release|Win32.ActiveCfg = Release|Win32
		{99B4C216-94A1-4D6F-AAE0-7786FC15F328}.Release|Win32.Build.0 = Release|Win32
		{99B4C216-94A1-4D6F-AAE0-7786FC15F328}.Maya_Debug|Win32.ActiveCfg = Maya_Debug|Win32
		{99B4C216-94A1-4D6F-AAE0-7786FC15F328}.Maya_Debug|Win32.Build.0 = Maya_Debug|Win32
		{99B4C216-94A1-4D6F-AAE0-7786FC15F328}.Maya_Release|Win32.ActiveCfg = Maya_Release|Win32
		{99B4C216-94A1-4D6F-AAE0-7786FC15F328}.Maya_Release|Win32.Build.0 = Maya_Release|Win32
		{18693355-53ED-4A73-82F4-F446CEF4B664}.Debug|Win32.ActiveCfg = Debug|Win32
		{18693355-53ED-4A73-82F4-F446CEF4B664}.Debug|Win32.Build.0 = Debug|Win32
		{18693355-53ED-4A73-82F4-F446CEF4B664}.Release|Win32.ActiveCfg = Release|Win32
		{18693355-53ED-4A73-82F4-F446CEF4B664}.Release|Win32.Build.0 = Release|Win32
		{18693355-53ED-4A73-82F4-F446CEF4B664}.Maya_Debug|Win32.ActiveCfg = Maya_Debug|Win32
		{18693355-53ED-4A73-82F4-F446CEF4B664}.Maya_Debug|Win32.Build.0 = Maya_Debug|Win32
		{18693355-53ED-4A73-82F4-F446CEF4B664}.Maya_Release|Win32.ActiveCfg = Maya_Release|Win32
		{18693355-53ED-4A73-82F4-F446CEF4B664}.Maya_Release|Win32.Build.0 = Maya_Release|Win32
		{48544DEA-28EB-4D4F-80E5-82857FDEAD6E}.Debug|Win32.ActiveCfg = Debug|Win32
		{48544DEA-28EB-4D4F-80E5-82857FDEAD6E}.Debug|Win32.Build.0 = Debug|Win32
		{48544DEA-28EB-4D4F-80E5-82857FDEAD6E}.Release|Win32.ActiveCfg = Release|Win32
		{48544DEA-28EB-4D4F-80E5-82857FDEAD6E}.Release|Win32.Build.0 = Release|Win32
		{48544DEA-28EB-4D4F-80E5-82857FDEAD6E}.Maya_Debug|Win32.ActiveCfg = Maya_Debug|Win32
		{48544DEA-28EB-4D4F-80E5-82857FDEAD6E}.Maya_Debug|Win32.Build.0 = Maya_Debug|Win32
		{48544DEA-28EB-4D4F-80E5-82857FDEAD6E}.Maya_Release|Win32.ActiveCfg = Maya_Release|Win32
		{48544DEA-28EB-4D4F-80E5-82857FDEAD6E}.Maya_Release|Win32.Build.0 = Maya_Release|Win32
		{A1E21D74-AF16-4FD8-ABE3-85ACAF4F7233}.Debug|Win32.ActiveCfg = Debug|Win32
		{A1E21D74-AF16-4FD8-ABE3-85ACAF4F7233}.Debug|Win32.Build.0 = Debug|Win32
		{A1E21D74-AF16-4FD8-ABE3-85ACAF4F7233}.Release|Win32.ActiveCfg = Release|Win32
		{A1E21D74-AF16-4FD8-ABE3-85ACAF4F7233}.Release|Win32.Build.0 = Release|Win32
		{A1E21D74-AF16-4FD8-ABE3-85ACAF4F7233}.Maya_Debug|Win32.ActiveCfg = Maya_Debug|Win32
		{A1E21D74-AF16-4FD8-ABE3-85ACAF4F7233}.Maya_Debug|Win32.Build.0 = Maya_Debug|Win32
		{A1E21D74-AF16-4FD8-ABE3-85ACAF4F7233}.Maya_Release|Win32.ActiveCfg = Maya_Release|Win32
		{A1E21D74-AF16-4FD8-ABE3-85ACAF4F7233}.Maya_Release|Win32.Build.0 = Maya_Release|Win32
		{B646F1F1-67DA-4078-A69F-83191DDAA25F}.Debug|Win32.ActiveCfg = Debug|Win32
		{B646F1F1-67DA-4078-A69F-83191DDAA25F}.Debug|Win32.Build.0 = Debug|Win32
		{B646F1F1-67DA-4078-A69F-83191DDAA25F}.Release|Win32.ActiveCfg = Release|Win32
		{B646F1F1-67DA-4078-A69F-83191DDAA25F}.Release|Win32.Build.0 = Release|Win32
		{B646F1F1-67DA-4078-A69F-83191DDAA25F}.Maya_Debug|Win32.ActiveCfg = Maya_Debug|Win32
		{B646F1F1-67DA-4078-A69F-83191DDAA25F}.Maya_Debug|Win32.Build.0 = Maya_Debug|Win32
		{B646F1F1-67DA-4078-A69F-83191DDAA25F}.Maya_Release|Win32.ActiveCfg = Maya_Release|Win32
		{B646F1F1-67DA-4078-A69F-83191DDAA25F}.Maya_Release|Win32.Build.0 = Maya_Release|Win32
		{769F52AF-D8A1-4DDF-911A-CA74580C485A}.Debug|Win32.ActiveCfg = Debug|Win32
		{769F52AF-D8A1-4DDF-911A-CA74580C485A}.Debug|Win32.Build.0 = Debug|Win32
		{769F52AF-D8A1-4DDF-911A-CA74580C485A}.Release|Win32.ActiveCfg = Release|Win32
		{769F52AF-D8A1-4DDF-911A-CA74580C485A}.Release|Win32.Build.0 = Release|Win32
		{769F52AF-D8A1-4DDF-911A-CA74580C485A}.Maya_Debug|Win32.ActiveCfg = Maya_Debug|Win32
		{769F52AF-D8A1-4DDF-911A-CA74580C485A}.Maya_Debug|Win32.Build.0 = Maya_Debug|Win32
		{769F52AF-D8A1-4DDF-911A-CA74580C485A}.Maya_Release|Win32.ActiveCfg = Maya_Release|Win32
		{769F52AF-D8A1-4DDF-911A-CA74580C485A}.Maya_Release|Win32.Build.0 = Maya_Release|Win32
		{9A3E1222-B59A-424C-B3F7-A2D2BB7B4B4A}.Debug|Win32.ActiveCfg = Debug|Win32
		{9A3E1222-B59A-424C-B3F7-A2D2BB7B4B4A}.Debug|Win32.Build.0 = Debug|Win32
		{9A3E1222-B59A-424C-B3F7-A2D2BB7B4B4A}.Release|Win32.ActiveCfg = Release|Win32
		{9A3E1222-B59A-424C-B3F7-A2D2BB7B4B4A}.Release|Win32.Build.0 = Release|Win32
		{9A3E1222-B59A-424C-B3F7-A2D2BB7B4B4A}.Maya_Debug|Win32.ActiveCfg = Maya_Debug|Win32
		{9A3E1222-B59A-424C-B3F7-A2D2BB7B4B4A}.Maya_Debug|Win32.Build.0 = Maya_Debug|Win32
		{9A3E1222-B59A-424C-B3F7-A2D2BB7B4B4A}.Maya_Release|Win32.ActiveCfg = Maya_Release|Win32
		{9A3E1222-B59A-424C-B3F7-A2D2BB7B4B4A}.Maya_Release|Win32.Build.0 = Maya_Release|Win32
		{32DCC454-D363-41F1-9554-590F65E85D13}.Debug|Win32.ActiveCfg = Debug|Win32
		{32DCC454-D363-41F1-9554-590F65E85D13}.Debug|Win32.Build.0 = Debug|Win32
		{32DCC454-D363-41F1-9554-590F65E85D13}.Release|Win32.ActiveCfg = Release|Win32
		{32DCC454-D363-41F1-9554-590F65E85D13}.Release|Win32.Build.0 = Release|Win32
		{32DCC454-D363-41F1-9554-590F65E85D13}.Maya_Debug|Win32.ActiveCfg = Maya_Debug|Win32
		{32DCC454-D363-41F1-9554-590F65E85D13}.Maya_Debug|Win32.Build.0 = Maya_Debug|Win32
		{32DCC454-D363-41F1-9554-590F65E85D13}.Maya_Release|Win32.ActiveCfg = Maya_Release|Win32
		{32DCC454-D363-41F1-9554-590F65E85D13}.Maya_Release|Win32.Build.0 = Maya_Release|Win32
		{3D8BF9D0-BA49-428B-A1DD-C68DBA4D842D}.Debug|Win32.ActiveCfg = Debug|Win32
		{3D8BF9D0-BA49-428B-A1DD-C68DBA4D842D}.Debug|Win32.Build.0 = Debug|Win32
		{3D8BF9D0-BA49-428B-A1DD-C68DBA4D842D}.Release|Win32.ActiveCfg = Release|Win32
		{3D8BF9D0-BA49-428B-A1DD-C68DBA4D842D}.Release|Win32.Build.0 = Release|Win32
		{3D8BF9D0-BA49-428B-A1DD-C68DBA4D842D}.Maya_Debug|Win32.ActiveCfg = Maya_Debug|Win32
		{3D8BF9D0-BA49-428B-A1DD-C68DBA4D842D}.Maya_Debug|Win32.Build.0 = Maya_Debug|Win32
		{3D8BF9D0-BA49-428B-A1DD-C68DBA4D842D}.Maya_Release|Win32.ActiveCfg = Maya_Release|Win32
		{3D8BF9D0-BA49-428B-A1DD-C68DBA4D842D}.Maya_Release|Win32.Build.0 = Maya_Release|Win32
		{A5E1FE7B-21AD-4CF5-BC69-BC2F59139921}.Debug|Win32.ActiveCfg = Debug|Win32
		{A5E1FE7B-21AD-4CF5-BC69-BC2F59139921}.Debug|Win32.Build.0 = Debug|Win32
		{A5E1FE7B-21AD-4CF5-BC69-BC2F59139921}.Release|Win32.ActiveCfg = Release|Win32
		{A5E1FE7B-21AD-4CF5-BC69-BC2F59139921}.Release|Win32.Build.0 = Release|Win32
		{A5E1FE7B-21AD-4CF5-BC69-BC2F59139921}.Maya_Debug|Win32.ActiveCfg = Maya_Debug|Win32
		{A5E1FE7B-21AD-4CF5-BC69-BC2F59139921}.Maya_Debug|Win32.Build.0 = Maya_Debug|Win32
		{A5E1FE7B-21AD-4CF5-BC69-BC2F59139921}.Maya_Release|Win32.ActiveCfg = Maya_Release|Win32
		{A5E1FE7B-21AD-4CF5-BC69-BC2F59139921}.Maya_Release|Win32.Build.0 = Maya_Release|Win32
		{AA5FA779-FB49-40B8-89D1-402E9B90BFDD}.Debug|Win32.ActiveCfg = Debug|Win32
		{AA5FA779-FB49-40B8-89D1-402E9B90BFDD}.Debug|Win32.Build.0 = Debug|Win32
		{AA5FA779-FB49-40B8-89D1-402E9B90BFDD}.Release|Win32.ActiveCfg = Release|Win32
		{AA5FA779-FB49-40B8-89D1-402E9B90BFDD}.Release|Win32.Build.0 = Release|Win32
		{AA5FA779-FB49-40B8-89D1-402E9B90BFDD}.Maya_Debug|Win32.ActiveCfg = Maya_Debug|Win32
		{AA5FA779-FB49-40B8-89D1-402E9B90BFDD}.Maya_Debug|Win32.Build.0 = Maya_Debug|Win32
		{AA5FA779-FB49-40B8-89D1-402E9B90BFDD}.Maya_Release|Win32.ActiveCfg = Maya_Release|Win32
		{AA5FA779-FB49-40B8-89D1-402E9B90BFDD}.Maya_Release|Win32.Build.0 = Maya_Release|Win32
		{543A1CD7-9330-40F5-96F1-6A5B949FBE63}.Debug|Win32.ActiveCfg = Debug|Win32
		{543A1CD7-9330-40F5-96F1-6A5B949FBE63}.Debug|Win32.Build.0 = Debug|Win32
		{543A1CD7-9330-40F5-96F1-6A5B949FBE63}.Release|Win32.ActiveCfg = Release|Win32
		{543A1CD7-9330-40F5-96F1-6A5B949FBE63}.Release|Win32.Build.0 = Release|Win32
		{543A1CD7-9330-40F5-96F1-6A5B949FBE63}.Maya_Debug|Win32.ActiveCfg = Maya_Debug|Win32
		{543A1CD7-9330-40F5-96F1-6A5B949FBE63}.Maya_Debug|Win32.Build.0 = Maya_Debug|Win32
		{543A1CD7-9330-40F5-96F1-6A5B949FBE63}.Maya_Release|Win32.ActiveCfg = Maya_Release|Win32
		{543A1CD7-9330-40F5-96F1-6A5B949FBE63}.Maya_Release|Win32.Build.0 = Maya_Release|Win32
		{74B43028-559C-4811-964E-81AB5CDE1527}.Debug|Win32.ActiveCfg = Debug|Win32
		{74B43028-559C-4811-964E-81AB5CDE1527}.Debug|Win32.Build.0 = Debug|Win32
		{74B43028-559C-4811-964E-81AB5CDE1527}.Release|Win32.ActiveCfg = Release|Win32
		{74B43028-559C-4811-964E-81AB5CDE1527}.Release|Win32.Build.0 = Release|Win32
		{74B43028-559C-4811-964E-81AB5CDE1527}.Maya_Debug|Win32.ActiveCfg = Maya_Debug|Win32
		{74B43028-559C-4811-964E-81AB5CDE1527}.Maya_Debug|Win32.Build.0 = Maya_Debug|Win32
		{74B43028-559C-4811-964E-81AB5CDE1527}.Maya_Release|Win32.ActiveCfg = Maya_Release|Win32
		{74B43028-559C-4811-964E-81AB5CDE1527}.Maya_Release|Win32.Build.0 = Maya_Release|Win32
		{45E8D1D0-63E5-434A-97BA-32B132079D8A}.Debug|Win32.ActiveCfg = Debug|Win32
		{45E8D1D0-63E5-434A-97BA-32B132079D8A}.Debug|Win32.Build.0 = Debug|Win32
		{45E8D1D0-63E5-434A-97BA-32B132079D8A}.Release|Win32.ActiveCfg = Release|Win32
		{45E8D1D0-63E5-434A-97BA-32B132079D8A}.Release|Win32.Build.0 = Release|Win32
		{45E8D1D0-63E5-434A-97BA-32B132079D8A}.Maya_Debug|Win32.ActiveCfg = Maya_Debug|Win32
		{45E8D1D0-63E5-434A-97BA-32B132079D8A}.Maya_Debug|Win32.Build.0 = Maya_Debug|Win32
		{45E8D1D0-63E5-434A-97BA-32B132079D8A}.Maya_Release|Win32.ActiveCfg = Maya_Release|Win32
		{45E8D1D0-63E5-434A-97BA-32B132079D8A}.Maya_Release|Win32.Build.0 = Maya_Release|Win32
		{7A434A5F-C4E5-4A48-85BF-C6FED7104CF6}.Debug|Win32.ActiveCfg = Debug|Win32
		{7A434A5F-C4E5-4A48-85BF-C6FED7104CF6}.Debug|Win32.Build.0 = Debug|Win32
		{7A434A5F-C4E5-4A48-85BF-C6FED7104CF6}.Release|Win32.ActiveCfg = Release|Win32
		{7A434A5F-C4E5-4A48-85BF-C6FED7104CF6}.Release|Win32.Build.0 = Release|Win32
		{7A434A5F-C4E5-4A48-85BF-C6FED7104CF6}.Maya_Debug|Win32.ActiveCfg = Maya_Debug|Win32
		{7A434A5F-C4E5-4A48-85BF-C6FED7104CF6}.Maya_Debug|Win32.Build.0 = Maya_Debug|Win32
		{7A434A5F-C4E5-4A48-85BF-C6FED7104CF6}.Maya_Release|Win32.ActiveCfg = Maya_Release|Win32
		{7A434A5F-C4E5-4A48-85BF-C6FED7104CF6}.Maya_Release|Win32.Build.0 = Maya_Release|Win32
		{A1D8D6AF-105F-4F72-95C9-182468B07D99}.Debug|Win32.ActiveCfg = Debug|Win32
		{A1D8D6AF-105F-4F72-95C9-182468B07D99}.Debug|Win32.Build.0 = Debug|Win32
		{A1D8D6AF-105F-4F72-95C9-182468B07D99}.Release|Win32.ActiveCfg = Release|Win32
		{A1D8D6AF-105F-4F72-95C9-182468B07D99}.Release|Win32.Build.0 = Release|Win32
		{A1D8D6AF-105F-4F72-95C9-182468B07D99}.Maya_Debug|Win32.ActiveCfg = Maya_Debug|Win32
		{A1D8D6AF-105F-4F72-95C9-182468B07D99}.Maya_Debug|Win32.Build.0 = Maya_Debug|Win32
		{A1D8D6AF-105F-4F72-95C9-182468B07D99}.Maya_Release|Win32.ActiveCfg = Maya_Release|Win32
		{A1D8D6AF-105F-4F72-95C9-182468B07D99}.Maya_Release|Win32.Build.0 = Maya_Release|Win32
		{88D8F3F1-7E45-4874-B3C0-D295A9E48116}.Debug|Win32.ActiveCfg = Debug|Win32
		{88D8F3F1-7E45-4874-B3C0-D295A9E48116}.Debug|Win32.Build.0 = Debug|Win32
		{88D8F3F1-7E45-4874-B3C0-D295A9E48116}.Release|Win32.ActiveCfg = Release|Win32
		{88D8F3F1-7E45-4874-B3C0-D295A9E48116}.Release|Win32.Build.0 = Release|Win32
		{88D8F3F1-7E45-4874-B3C0-D295A9E48116}.Maya_Debug|Win32.ActiveCfg = Maya_Debug|Win32
		{88D8F3F1-7E45-4874-B3C0-D295A9E48116}.Maya_Debug|Win32.Build.0 = Maya_Debug|Win32
		{88D8F3F1-7E45-4874-B3C0-D295A9E48116}.Maya_Release|Win32.ActiveCfg = Maya_Release|Win32
		{88D8F3F1-7E45-4874-B3C0-D295A9E48116}.Maya_Release|Win32.Build.0 = Maya_Release|Win32
		{9F52D381-5010-40B4-8A79-49ECD984AC1D}.Debug|Win32.ActiveCfg = Debug|Win32
		{9F52D381-5010-40B4-8A79-49ECD984AC1D}.Debug|Win32.Build.0 = Debug|Win32
		{9F52D381-5010-40B4-8A79-49ECD984AC1D}.Release|Win32.ActiveCfg = Release|Win32
		{9F52D381-5010-40B4-8A79-49ECD984AC1D}.Release|Win32.Build.0 = Release|Win32
		{9F52D381-5010-40B4-8A79-49ECD984AC1D}.Maya_Debug|Win32.ActiveCfg = Maya_Debug|Win32
		{9F52D381-5010-40B4-8A79-49ECD984AC1D}.Maya_Debug|Win32.Build.0 = Maya_Debug|Win32
		{9F52D381-5010-40B4-8A79-49ECD984AC1D}.Maya_Release|Win32.ActiveCfg = Maya_Release|Win32
		{9F52D381-5010-40B4-8A79-49ECD984AC1D}.Maya_Release|Win32.Build.0 = Maya_Release|Win32
		{43189CC0-11C5-4995-ACDB-EBCFD9BAC127}.Debug|Win32.ActiveCfg = Debug|Win32
		{43189CC0-11C5-4995-ACDB-EBCFD9BAC127}.Debug|Win32.Build.0 = Debug|Win32
		{43189CC0-11C5-4995-ACDB-EBCFD9BAC127}.Release|Win32.ActiveCfg = Release|Win32
		{43189CC0-11C5-4995-ACDB-EBCFD9BAC127}.Release|Win32.Build.0 = Release|Win32
		{43189CC0-11C5-4995-ACDB-EBCFD9BAC127}.Maya_Debug|Win32.ActiveCfg = Maya_Debug|Win32
		{43189CC0-11C5-4995-ACDB-EBCFD9BAC127}.Maya_Debug|Win32.Build.0 = Maya_Debug|Win32
		{43189CC0-11C5-4995-ACDB-EBCFD9BAC127}.Maya_Release|Win32.ActiveCfg = Maya_Release|Win32
		{43189CC0-11C5-4995-ACDB-EBCFD9BAC127}.Maya_Release|Win32.Build.0 = Maya_Release|Win32
		{93123E97-C6A6-4FA5-9D56-684F1FFC1D62}.Debug|Win32.ActiveCfg = Debug|Win32
		{93123E97-C6A6-4FA5-9D56-684F1FFC1D62}.Debug|Win32.Build.0 = Debug|Win32
		{93123E97-C6A6-4FA5-9D56-684F1FFC1D62}.Release|Win32.ActiveCfg = Release|Win32
		{93123E97-C6A6-4FA5-9D56-684F1FFC1D62}.Release|Win32.Build.0 = Release|Win32
		{93123E97-C6A6-4FA5-9D56-684F1FFC1D62}.Maya_Debug|Win32.ActiveCfg = Maya_Debug|Win32
		{93123E97-C6A6-4FA5-9D56-684F1FFC1D62}.Maya_Debug|Win32.Build.0 = Maya_Debug|Win32
		{93123E97-C6A6-4FA5-9D56-684F1FFC1D62}.Maya_Release|Win32.ActiveCfg = Maya_Release|Win32
		{93123E97-C6A6-4FA5-9D56-684F1FFC1D62}.Maya_Release|Win32.Build.0 = Maya_Release|Win32
		{2D896152-9351-44EF-8305-BD51B28B21D7}.Debug|Win32.ActiveCfg = Debug|Win32
		{2D896152-9351-44EF-8305-BD51B28B21D7}.Debug|Win32.Build.0 = Debug|Win32
		{2D896152-9351-44EF-8305-BD51B28B21D7}.Release|Win32.ActiveCfg = Release|Win32
		{2D896152-9351-44EF-8305-BD51B28B21D7}.Release|Win32.Build.0 = Release|Win32
		{2D896152-9351-44EF-8305-BD51B28B21D7}.Maya_Debug|Win32.ActiveCfg = Maya_Debug|Win32
		{2D896152-9351-44EF-8305-BD51B28B21D7}.Maya_Debug|Win32.Build.0 = Maya_Debug|Win32
		{2D896152-9351-44EF-8305-BD51B28B21D7}.Maya_Release|Win32.ActiveCfg = Maya_Release|Win32
		{2D896152-9351-44EF-8305-BD51B28B21D7}.Maya_Release|Win32.Build.0 = Maya_Release|Win32
		{6E9261AC-7AA4-41D6-8BF0-276EA7C94F3C}.Debug|Win32.ActiveCfg = Debug|Win32
		{6E9261AC-7AA4-41D6-8BF0-276EA7C94F3C}.Debug|Win32.Build.0 = Debug|Win32
		{6E9261AC-7AA4-41D6-8BF0-276EA7C94F3C}.Release|Win32.ActiveCfg = Release|Win32
		{6E9261AC-7AA4-41D6-8BF0-276EA7C94F3C}.Release|Win32.Build.0 = Release|Win32
		{6E9261AC-7AA4-41D6-8BF0-276EA7C94F3C}.Maya_Debug|Win32.ActiveCfg = Maya_Debug|Win32
		{6E9261AC-7AA4-41D6-8BF0-276EA7C94F3C}.Maya_Debug|Win32.Build.0 = Maya_Debug|Win32
		{6E9261AC-7AA4-41D6-8BF0-276EA7C94F3C}.Maya_Release|Win32.ActiveCfg = Maya_Release|Win32
		{6E9261AC-7AA4-41D6-8BF0-276EA7C94F3C}.Maya_Release|Win32.Build.0 = Maya_Release|Win32
		{1450DAF5-CBE9-47B1-A067-F014E092AF89}.Debug|Win32.ActiveCfg = Debug|Win32
		{1450DAF5-CBE9-47B1-A067-F014E092AF89}.Debug|Win32.Build.0 = Debug|Win32
		{1450DAF5-CBE9-47B1-A067-F014E092AF89}.Release|Win32.ActiveCfg = Release|Win32
		{1450DAF5-CBE9-47B1-A067-F014E092AF89}.Release|Win32.Build.0 = Release|Win32
		{1450DAF5-CBE9-47B1-A067-F014E092AF89}.Maya_Debug|Win32.ActiveCfg = Maya_Debug|Win32
		{1450DAF5-CBE9-47B1-A067-F014E092AF89}.Maya_Debug|Win32.Build.0 = Maya_Debug|Win32
		{1450DAF5-CBE9-47B1-A067-F014E092AF89}.Maya_Release|Win32.ActiveCfg = Maya_Release|Win32
		{1450DAF5-CBE9-47B1-A067-F014E092AF89}.Maya_Release|Win32.Build.0 = Maya_Release|Win32
		{E1245EA0-23F2-431D-8915-9E6B6B7F0C27}.Debug|Win32.ActiveCfg = Debug|Win32
		{E1245EA0-23F2-431D-8915-9E6B6B7F0C27}.Debug|Win32.Build.0 = Debug|Win32
		{E1245EA0-23F2-431D-8915-9E6B6B7F0C27}.Release|Win32.ActiveCfg = Release|Win32
		{E1245EA0-23F2-431D-8915-9E6B6B7F0C27}.Release|Win32.Build.0 = Release|Win32
		{E1245EA0-23F2-431D-8915-9E6B6B7F0C27}.Maya_Debug|Win32.ActiveCfg = Maya_Debug|Win32
		{E1245EA0-23F2-431D-8915-9E6B6B7F0C27}.Maya_Debug|Win32.Build.0 = Maya_Debug|Win32
		{E1245EA0-23F2-431D-8915-9E6B6B7F0C27}.Maya_Release|Win32.ActiveCfg = Maya_Release|Win32
		{E1245EA0-23F2-431D-8915-9E6B6B7F0C27}.Maya_Release|Win32.Build.0 = Maya_Release|Win32
		{00EE8CED-82C4-4014-9B80-768D47974AE7}.Debug|Win32.ActiveCfg = Debug|Win32
		{00EE8CED-82C4-4014-9B80-768D47974AE7}.Debug|Win32.Build.0 = Debug|Win32
		{00EE8CED-82C4-4014-9B80-768D47974AE7}.Release|Win32.ActiveCfg = Release|Win32
		{00EE8CED-82C4-4014-9B80-768D47974AE7}.Release|Win32.Build.0 = Release|Win32
		{00EE8CED-82C4-4014-9B80-768D47974AE7}.Maya_Debug|Win32.ActiveCfg = Maya_Debug|Win32
		{00EE8CED-82C4-4014-9B80-768D47974AE7}.Maya_Debug|Win32.Build.0 = Maya_Debug|Win32
		{00EE8CED-82C4-4014-9B80-768D47974AE7}.Maya_Release|Win32.ActiveCfg = Maya_Release|Win32
		{00EE8CED-82C4-4014-9B80-768D47974AE7}.Maya_Release|Win32.Build.0 = Maya_Release|Win32
		{BFC0014B-B93C-4B38-ABEE-3A5FA4B2278B}.Debug|Win32.ActiveCfg = Debug|Win32
		{BFC0014B-B93C-4B38-ABEE-3A5FA4B2278B}.Debug|Win32.Build.0 = Debug|Win32
		{BFC0014B-B93C-4B38-ABEE-3A5FA4B2278B}.Release|Win32.ActiveCfg = Release|Win32
		{BFC0014B-B93C-4B38-ABEE-3A5FA4B2278B}.Release|Win32.Build.0 = Release|Win32
		{BFC0014B-B93C-4B38-ABEE-3A5FA4B2278B}.Maya_Debug|Win32.ActiveCfg = Maya_Debug|Win32
		{BFC0014B-B93C-4B38-ABEE-3A5FA4B2278B}.Maya_Debug|Win32.Build.0 = Maya_Debug|Win32
		{BFC0014B-B93C-4B38-ABEE-3A5FA4B2278B}.Maya_Release|Win32.ActiveCfg = Maya_Release|Win32
		{BFC0014B-B93C-4B38-ABEE-3A5FA4B2278B}.Maya_Release|Win32.Build.0 = Maya_Release|Win32
		{1B670862-5DBA-4D5D-B3BA-CB4F1763DB42}.Debug|Win32.ActiveCfg = Debug|Win32
		{1B670862-5DBA-4D5D-B3BA-CB4F1763DB42}.Debug|Win32.Build.0 = Debug|Win32
		{1B670862-5DBA-4D5D-B3BA-CB4F1763DB42}.Release|Win32.ActiveCfg = Release|Win32
		{1B670862-5DBA-4D5D-B3BA-CB4F1763DB42}.Release|Win32.Build.0 = Release|Win32
		{1B670862-5DBA-4D5D-B3BA-CB4F1763DB42}.Maya_Debug|Win32.ActiveCfg = Maya_Debug|Win32
		{1B670862-5DBA-4D5D-B3BA-CB4F1763DB42}.Maya_Debug|Win32.Build.0 = Maya_Debug|Win32
		{1B670862-5DBA-4D5D-B3BA-CB4F1763DB42}.Maya_Release|Win32.ActiveCfg = Maya_Release|Win32
		{1B670862-5DBA-4D5D-B3BA-CB4F1763DB42}.Maya_Release|Win32.Build.0 = Maya_Release|Win32
		{6FA24A98-A49A-4233-8289-F8EEF929C299}.Debug|Win32.ActiveCfg = Debug|Win32
		{6FA24A98-A49A-4233-8289-F8EEF929C299}.Debug|Win32.Build.0 = Debug|Win32
		{6FA24A98-A49A-4233-8289-F8EEF929C299}.Release|Win32.ActiveCfg = Release|Win32
		{6FA24A98-A49A-4233-8289-F8EEF929C299}.Release|Win32.Build.0 = Release|Win32
		{6FA24A98-A49A-4233-8289-F8EEF929C299}.Maya_Debug|Win32.ActiveCfg = Maya_Debug|Win32
		{6FA24A98-A49A-4233-8289-F8EEF929C299}.Maya_Debug|Win32.Build.0 = Maya_Debug|Win32
		{6FA24A98-A49A-4233-8289-F8EEF929C299}.Maya_Release|Win32.ActiveCfg = Maya_Release|Win32
		{6FA24A98-A49A-4233-8289-F8EEF929C299}.Maya_Release|Win32.Build.0 = Maya_Release|Win32
		{DCEA9C68-AA59-4DEF-ACBB-F940CD321915}.Debug|Win32.ActiveCfg = Debug|Win32
		{DCEA9C68-AA59-4DEF-ACBB-F940CD321915}.Debug|Win32.Build.0 = Debug|Win32
		{DCEA9C68-AA59-4DEF-ACBB-F940CD321915}.Release|Win32.ActiveCfg = Release|Win32
		{DCEA9C68-AA59-4DEF-ACBB-F940CD321915}.Release|Win32.Build.0 = Release|Win32
		{DCEA9C68-AA59-4DEF-ACBB-F940CD321915}.Maya_Debug|Win32.ActiveCfg = Maya_Debug|Win32
		{DCEA9C68-AA59-4DEF-ACBB-F940CD321915}.Maya_Debug|Win32.Build.0 = Maya_Debug|Win32
		{DCEA9C68-AA59-4DEF-ACBB-F940CD321915}.Maya_Release|Win32.ActiveCfg = Maya_Release|Win32
		{DCEA9C68-AA59-4DEF-ACBB-F940CD321915}.Maya_Release|Win32.Build.0 = Maya_Release|Win32
		{23CC628D-C0BD-445E-935C-AF1553D00E27}.Debug|Win32.ActiveCfg = Debug|Win32
		{23CC628D-C0BD-445E-935C-AF1553D00E27}.Debug|Win32.Build.0 = Debug|Win32
		{23CC628D-C0BD-445E-935C-AF1553D00E27}.Release|Win32.ActiveCfg = Release|Win32
		{23CC628D-C0BD-445E-935C-AF1553D00E27}.Release|Win32.Build.0 = Release|Win32
		{23CC628D-C0BD-445E-935C-AF1553D00E27}.Maya_Debug|Win32.ActiveCfg = Maya_Debug|Win32
		{23CC628D-C0BD-445E-935C-AF1553D00E27}.Maya_Debug|Win32.Build.0 = Maya_Debug|Win32
		{23CC628D-C0BD-445E-935C-AF1553D00E27}.Maya_Release|Win32.ActiveCfg = Maya_Release|Win32
		{23CC628D-C0BD-445E-935C-AF1553D00E27}.Maya_Release|Win32.Build.0 = Maya_Release|Win32
		{F7980AD9-6E07-493A-8B10-261FF07EF74F}.Debug|Win32.ActiveCfg = Debug|Win32
		{F7980AD9-6E07-493A-8B10-261FF07EF74F}.Debug|Win32.Build.0 = Debug|Win32
		{F7980AD9-6E07-493A-8B10-261FF07EF74F}.Release|Win32.ActiveCfg = Release|Win32
		{F7980AD9-6E07-493A-8B10-261FF07EF74F}.Release|Win32.Build.0 = Release|Win32
		{F7980AD9-6E07-493A-8B10-261FF07EF74F}.Maya_Debug|Win32.ActiveCfg = Maya_Debug|Win32
		{F7980AD9-6E07-493A-8B10-261FF07EF74F}.Maya_Debug|Win32.Build.0 = Maya_Debug|Win32
		{F7980AD9-6E07-493A-8B10-261FF07EF74F}.Maya_Release|Win32.ActiveCfg = Maya_Release|Win32
		{F7980AD9-6E07-493A-8B10-261FF07EF74F}.Maya_Release|Win32.Build.0 = Maya_Release|Win32
		{6D6B810D-F4A1-478D-88AA-5403F5BACFD4}.Debug|Win32.ActiveCfg = Debug|Win32
		{6D6B810D-F4A1-478D-88AA-5403F5BACFD4}.Debug|Win32.Build.0 = Debug|Win32
		{6D6B810D-F4A1-478D-88AA-5403F5BACFD4}.Release|Win32.ActiveCfg = Release|Win32
		{6D6B810D-F4A1-478D-88AA-5403F5BACFD4}.Release|Win32.Build.0 = Release|Win32
		{6D6B810D-F4A1-478D-88AA-5403F5BACFD4}.Maya_Debug|Win32.ActiveCfg = Maya_Debug|Win32
		{6D6B810D-F4A1-478D-88AA-5403F5BACFD4}.Maya_Debug|Win32.Build.0 = Maya_Debug|Win32
		{6D6B810D-F4A1-478D-88AA-5403F5BACFD4}.Maya_Release|Win32.ActiveCfg = Maya_Release|Win32
		{6D6B810D-F4A1-478D-88AA-5403F5BACFD4}.Maya_Release|Win32.Build.0 = Maya_Release|Win32
		{30C77E9A-5251-4F2F-98F3-B927FE6B96E9}.Debug|Win32.ActiveCfg = Debug|Win32
		{30C77E9A-5251-4F2F-98F3-B927FE6B96E9}.Debug|Win32.Build.0 = Debug|Win32
		{30C77E9A-5251-4F2F-98F3-B927FE6B96E9}.Release|Win32.ActiveCfg = Release|Win32
		{30C77E9A-5251-4F2F-98F3-B927FE6B96E9}.Release|Win32.Build.0 = Release|Win32
		{30C77E9A-5251-4F2F-98F3-B927FE6B96E9}.Maya_Debug|Win32.ActiveCfg = Maya_Debug|Win32
		{30C77E9A-5251-4F2F-98F3-B927FE6B96E9}.Maya_Debug|Win32.Build.0 = Maya_Debug|Win32
		{30C77E9A-5251-4F2F-98F3-B927FE6B96E9}.Maya_Release|Win32.ActiveCfg = Maya_Release|Win32
		{30C77E9A-5251-4F2F-98F3-B927FE6B96E9}.Maya_Release|Win32.Build.0 = Maya_Release|Win32
		{BFAD990B-8CBF-4E5B-BC6A-3C31986EF047}.Debug|Win32.ActiveCfg = Debug|Win32
		{BFAD990B-8CBF-4E5B-BC6A-3C31986EF047}.Debug|Win32.Build.0 = Debug|Win32
		{BFAD990B-8CBF-4E5B-BC6A-3C31986EF047}.Release|Win32.ActiveCfg = Release|Win32
		{BFAD990B-8CBF-4E5B-BC6A-3C31986EF047}.Release|Win32.Build.0 = Release|Win32
		{BFAD990B-8CBF-4E5B-BC6A-3C31986EF047}.Maya_Debug|Win32.ActiveCfg = Maya_Debug|Win32
		{BFAD990B-8CBF-4E5B-BC6A-3C31986EF047}.Maya_Debug|Win32.Build.0 = Maya_Debug|Win32
		{BFAD990B-8CBF-4E5B-BC6A-3C31986EF047}.Maya_Release|Win32.ActiveCfg = Maya_Release|Win32
		{BFAD990B-8CBF-4E5B-BC6A-3C31986EF047}.Maya_Release|Win32.Build.0 = Maya_Release|Win32
		{89CDA08E-1DD1-4BE7-83D8-CFEDF78BCEE2}.Debug|Win32.ActiveCfg = Debug|Win32
		{89CDA08E-1DD1-4BE7-83D8-CFEDF78BCEE2}.Debug|Win32.Build.0 = Debug|Win32
		{89CDA08E-1DD1-4BE7-83D8-CFEDF78BCEE2}.Release|Win32.ActiveCfg = Release|Win32
		{89CDA08E-1DD1-4BE7-83D8-CFEDF78BCEE2}.Release|Win32.Build.0 = Release|Win32
		{89CDA08E-1DD1-4BE7-83D8-CFEDF78BCEE2}.Maya_Debug|Win32.ActiveCfg = Maya_Debug|Win32
		{89CDA08E-1DD1-4BE7-83D8-CFEDF78BCEE2}.Maya_Debug|Win32.Build.0 = Maya_Debug|Win32
		{89CDA08E-1DD1-4BE7-83D8-CFEDF78BCEE2}.Maya_Release|Win32.ActiveCfg = Maya_Release|Win32
		{89CDA08E-1DD1-4BE7-83D8-CFEDF78BCEE2}.Maya_Release|Win32.Build.0 = Maya_Release|Win32
		{40935A0F-8070-41EF-9A2F-7D9E24783E8A}.Debug|Win32.ActiveCfg = Debug|Win32
		{40935A0F-8070-41EF-9A2F-7D9E24783E8A}.Debug|Win32.Build.0 = Debug|Win32
		{40935A0F-8070-41EF-9A2F-7D9E24783E8A}.Release|Win32.ActiveCfg = Release|Win32
		{40935A0F-8070-41EF-9A2F-7D9E24783E8A}.Release|Win32.Build.0 = Release|Win32
		{40935A0F-8070-41EF-9A2F-7D9E24783E8A}.Maya_Debug|Win32.ActiveCfg = Maya_Debug|Win32
		{40935A0F-8070-41EF-9A2F-7D9E24783E8A}.Maya_Debug|Win32.Build.0 = Maya_Debug|Win32
		{40935A0F-8070-41EF-9A2F-7D9E24783E8A}.Maya_Release|Win32.ActiveCfg = Maya_Release|Win32
		{40935A0F-8070-41EF-9A2F-7D9E24783E8A}.Maya_Release|Win32.Build.0 = Maya_Release|Win32
		{D4CE5FEA-C28C-402C-9FF3-96ACB34C4AFF}.Debug|Win32.ActiveCfg = Debug|Win32
		{D4CE5FEA-C28C-402C-9FF3-96ACB34C4AFF}.Debug|Win32.Build.0 = Debug|Win32
		{D4CE5FEA-C28C-402C-9FF3-96ACB34C4AFF}.Release|Win32.ActiveCfg = Release|Win32
		{D4CE5FEA-C28C-402C-9FF3-96ACB34C4AFF}.Release|Win32.Build.0 = Release|Win32
		{D4CE5FEA-C28C-402C-9FF3-96ACB34C4AFF}.Maya_Debug|Win32.ActiveCfg = Maya_Debug|Win32
		{D4CE5FEA-C28C-402C-9FF3-96ACB34C4AFF}.Maya_Debug|Win32.Build.0 = Maya_Debug|Win32
		{D4CE5FEA-C28C-402C-9FF3-96ACB34C4AFF}.Maya_Release|Win32.ActiveCfg = Maya_Release|Win32
		{D4CE5FEA-C28C-402C-9FF3-96ACB34C4AFF}.Maya_Release|Win32.Build.0 = Maya_Release|Win32
		{507D89BC-2340-4AF0-804C-B628F4760B7D}.Debug|Win32.ActiveCfg = Debug|Win32
		{507D89BC-2340-4AF0-804C-B628F4760B7D}.Debug|Win32.Build.0 = Debug|Win32
		{507D89BC-2340-4AF0-804C-B628F4760B7D}.Release|Win32.ActiveCfg = Release|Win32
		{507D89BC-2340-4AF0-804C-B628F4760B7D}.Release|Win32.Build.0 = Release|Win32
		{507D89BC-2340-4AF0-804C-B628F4760B7D}.Maya_Debug|Win32.ActiveCfg = Maya_Debug|Win32
		{507D89BC-2340-4AF0-804C-B628F4760B7D}.Maya_Debug|Win32.Build.0 = Maya_Debug|Win32
		{507D89BC-2340-4AF0-804C-B628F4760B7D}.Maya_Release|Win32.ActiveCfg = Maya_Release|Win32
		{507D89BC-2340-4AF0-804C-B628F4760B7D}.Maya_Release|Win32.Build.0 = Maya_Release|Win32
		{03B30870-AB5F-4800-82C1-70FCD585EC19}.Debug|Win32.ActiveCfg = Debug|Win32
		{03B30870-AB5F-4800-82C1-70FCD585EC19}.Debug|Win32.Build.0 = Debug|Win32
		{03B30870-AB5F-4800-82C1-70FCD585EC19}.Release|Win32.ActiveCfg = Release|Win32
		{03B30870-AB5F-4800-82C1-70FCD585EC19}.Release|Win32.Build.0 = Release|Win32
		{03B30870-AB5F-4800-82C1-70FCD585EC19}.Maya_Debug|Win32.ActiveCfg = Maya_Debug|Win32
		{03B30870-AB5F-4800-82C1-70FCD585EC19}.Maya_Debug|Win32.Build.0 = Maya_Debug|Win32
		{03B30870-AB5F-4800-82C1-70FCD585EC19}.Maya_Release|Win32.ActiveCfg = Maya_Release|Win32
		{03B30870-AB5F-4800-82C1-70FCD585EC19}.Maya_Release|Win32.Build.0 = Maya_Release|Win32
		{2A1E278A-4690-4D00-895D-206F21D8E0C5}.Debug|Win32.ActiveCfg = Debug|Win32
		{2A1E278A-4690-4D00-895D-206F21D8E0C5}.Debug|Win32.Build.0 = Debug|Win32
		{2A1E278A-4690-4D00-895D-206F21D8E0C5}.Release|Win32.ActiveCfg = Release|Win32
		{2A1E278A-4690-4D00-895D-206F21D8E0C5}.Release|Win32.Build.0 = Release|Win32
		{2A1E278A-4690-4D00-895D-206F21D8E0C5}.Maya_Debug|Win32.ActiveCfg = Maya_Debug|Win32
		{2A1E278A-4690-4D00-895D-206F21D8E0C5}.Maya_Debug|Win32.Build.0 = Maya_Debug|Win32
		{2A1E278A-4690-4D00-895D-206F21D8E0C5}.Maya_Release|Win32.ActiveCfg = Maya_Release|Win32
		{2A1E278A-4690-4D00-895D-206F21D8E0C5}.Maya_Release|Win32.Build.0 = Maya_Release|Win32
		{074D6AF8-98C2-436D-B60F-DA7CA01AB806}.Debug|Win32.ActiveCfg = Debug|Win32
		{074D6AF8-98C2-436D-B60F-DA7CA01AB806}.Debug|Win32.Build.0 = Debug|Win32
		{074D6AF8-98C2-436D-B60F-DA7CA01AB806}.Release|Win32.ActiveCfg = Release|Win32
		{074D6AF8-98C2-436D-B60F-DA7CA01AB806}.Release|Win32.Build.0 = Release|Win32
		{074D6AF8-98C2-436D-B60F-DA7CA01AB806}.Maya_Debug|Win32.ActiveCfg = Maya_Debug|Win32
		{074D6AF8-98C2-436D-B60F-DA7CA01AB806}.Maya_Debug|Win32.Build.0 = Maya_Debug|Win32
		{074D6AF8-98C2-436D-B60F-DA7CA01AB806}.Maya_Release|Win32.ActiveCfg = Maya_Release|Win32
		{074D6AF8-98C2-436D-B60F-DA7CA01AB806}.Maya_Release|Win32.Build.0 = Maya_Release|Win32
		{DCCE6652-E7F7-4B4B-B07E-8C9B4FED2027}.Debug|Win32.ActiveCfg = Debug|Win32
		{DCCE6652-E7F7-4B4B-B07E-8C9B4FED2027}.Debug|Win32.Build.0 = Debug|Win32
		{DCCE6652-E7F7-4B4B-B07E-8C9B4FED2027}.Release|Win32.ActiveCfg = Release|Win32
		{DCCE6652-E7F7-4B4B-B07E-8C9B4FED2027}.Release|Win32.Build.0 = Release|Win32
		{DCCE6652-E7F7-4B4B-B07E-8C9B4FED2027}.Maya_Debug|Win32.ActiveCfg = Maya_Debug|Win32
		{DCCE6652-E7F7-4B4B-B07E-8C9B4FED2027}.Maya_Debug|Win32.Build.0 = Maya_Debug|Win32
		{DCCE6652-E7F7-4B4B-B07E-8C9B4FED2027}.Maya_Release|Win32.ActiveCfg = Maya_Release|Win32
		{DCCE6652-E7F7-4B4B-B07E-8C9B4FED2027}.Maya_Release|Win32.Build.0 = Maya_Release|Win32
		{D91E2DA4-157E-407D-9245-4C427D7F1A3A}.Debug|Win32.ActiveCfg = Debug|Win32
		{D91E2DA4-157E-407D-9245-4C427D7F1A3A}.Debug|Win32.Build.0 = Debug|Win32
		{D91E2DA4-157E-407D-9245-4C427D7F1A3A}.Release|Win32.ActiveCfg = Release|Win32
		{D91E2DA4-157E-407D-9245-4C427D7F1A3A}.Release|Win32.Build.0 = Release|Win32
		{D91E2DA4-157E-407D-9245-4C427D7F1A3A}.Maya_Debug|Win32.ActiveCfg = Maya_Debug|Win32
		{D91E2DA4-157E-407D-9245-4C427D7F1A3A}.Maya_Debug|Win32.Build.0 = Maya_Debug|Win32
		{D91E2DA4-157E-407D-9245-4C427D7F1A3A}.Maya_Release|Win32.ActiveCfg = Maya_Release|Win32
		{D91E2DA4-157E-407D-9245-4C427D7F1A3A}.Maya_Release|Win32.Build.0 = Maya_Release|Win32
	EndGlobalSection
	GlobalSection(SolutionProperties) = preSolution
		HideSolutionNode = FALSE
	EndGlobalSection
	GlobalSection(NestedProjects) = preSolution
		{99B4C216-94A1-4D6F-AAE0-7786FC15F328} = {798777e9-b38c-4974-bee3-b1cd45f6a1e6}
		{18693355-53ED-4A73-82F4-F446CEF4B664} = {798777e9-b38c-4974-bee3-b1cd45f6a1e6}
		{48544DEA-28EB-4D4F-80E5-82857FDEAD6E} = {798777e9-b38c-4974-bee3-b1cd45f6a1e6}
		{A1E21D74-AF16-4FD8-ABE3-85ACAF4F7233} = {798777e9-b38c-4974-bee3-b1cd45f6a1e6}
		{B646F1F1-67DA-4078-A69F-83191DDAA25F} = {798777e9-b38c-4974-bee3-b1cd45f6a1e6}
		{769F52AF-D8A1-4DDF-911A-CA74580C485A} = {798777e9-b38c-4974-bee3-b1cd45f6a1e6}
		{9A3E1222-B59A-424C-B3F7-A2D2BB7B4B4A} = {798777e9-b38c-4974-bee3-b1cd45f6a1e6}
		{32DCC454-D363-41F1-9554-590F65E85D13} = {798777e9-b38c-4974-bee3-b1cd45f6a1e6}
		{3D8BF9D0-BA49-428B-A1DD-C68DBA4D842D} = {798777e9-b38c-4974-bee3-b1cd45f6a1e6}
		{A5E1FE7B-21AD-4CF5-BC69-BC2F59139921} = {28B9CEF2-57A6-4ee5-8235-2014936D9FE7}
		{AA5FA779-FB49-40B8-89D1-402E9B90BFDD} = {28B9CEF2-57A6-4ee5-8235-2014936D9FE7}
		{543A1CD7-9330-40F5-96F1-6A5B949FBE63} = {28B9CEF2-57A6-4ee5-8235-2014936D9FE7}
		{74B43028-559C-4811-964E-81AB5CDE1527} = {28B9CEF2-57A6-4ee5-8235-2014936D9FE7}
		{45E8D1D0-63E5-434A-97BA-32B132079D8A} = {28B9CEF2-57A6-4ee5-8235-2014936D9FE7}
		{7A434A5F-C4E5-4A48-85BF-C6FED7104CF6} = {28B9CEF2-57A6-4ee5-8235-2014936D9FE7}
		{A1D8D6AF-105F-4F72-95C9-182468B07D99} = {832A854F-2030-4EA4-86FE-EDEEC017E78E}
		{88D8F3F1-7E45-4874-B3C0-D295A9E48116} = {832A854F-2030-4EA4-86FE-EDEEC017E78E}
		{9F52D381-5010-40B4-8A79-49ECD984AC1D} = {832A854F-2030-4EA4-86FE-EDEEC017E78E}
		{43189CC0-11C5-4995-ACDB-EBCFD9BAC127} = {832A854F-2030-4EA4-86FE-EDEEC017E78E}
		{93123E97-C6A6-4FA5-9D56-684F1FFC1D62} = {832A854F-2030-4EA4-86FE-EDEEC017E78E}
		{2D896152-9351-44EF-8305-BD51B28B21D7} = {832A854F-2030-4EA4-86FE-EDEEC017E78E}
		{6E9261AC-7AA4-41D6-8BF0-276EA7C94F3C} = {832A854F-2030-4EA4-86FE-EDEEC017E78E}
		{1450DAF5-CBE9-47B1-A067-F014E092AF89} = {832A854F-2030-4EA4-86FE-EDEEC017E78E}
		{E1245EA0-23F2-431D-8915-9E6B6B7F0C27} = {832A854F-2030-4EA4-86FE-EDEEC017E78E}
		{00EE8CED-82C4-4014-9B80-768D47974AE7} = {832A854F-2030-4EA4-86FE-EDEEC017E78E}
		{BFC0014B-B93C-4B38-ABEE-3A5FA4B2278B} = {832A854F-2030-4EA4-86FE-EDEEC017E78E}
		{1B670862-5DBA-4D5D-B3BA-CB4F1763DB42} = {832A854F-2030-4EA4-86FE-EDEEC017E78E}
		{6FA24A98-A49A-4233-8289-F8EEF929C299} = {832A854F-2030-4EA4-86FE-EDEEC017E78E}
		{DCEA9C68-AA59-4DEF-ACBB-F940CD321915} = {832A854F-2030-4EA4-86FE-EDEEC017E78E}
		{23CC628D-C0BD-445E-935C-AF1553D00E27} = {832A854F-2030-4EA4-86FE-EDEEC017E78E}
		{F7980AD9-6E07-493A-8B10-261FF07EF74F} = {832A854F-2030-4EA4-86FE-EDEEC017E78E}
		{6D6B810D-F4A1-478D-88AA-5403F5BACFD4} = {832A854F-2030-4EA4-86FE-EDEEC017E78E}
		{30C77E9A-5251-4F2F-98F3-B927FE6B96E9} = {832A854F-2030-4EA4-86FE-EDEEC017E78E}
		{BFAD990B-8CBF-4E5B-BC6A-3C31986EF047} = {832A854F-2030-4EA4-86FE-EDEEC017E78E}
		{89CDA08E-1DD1-4BE7-83D8-CFEDF78BCEE2} = {3B2AD919-B940-473D-A9CC-62428540DEC5}
		{40935A0F-8070-41EF-9A2F-7D9E24783E8A} = {3B2AD919-B940-473D-A9CC-62428540DEC5}
		{D4CE5FEA-C28C-402C-9FF3-96ACB34C4AFF} = {3B2AD919-B940-473D-A9CC-62428540DEC5}
		{507D89BC-2340-4AF0-804C-B628F4760B7D} = {3B2AD919-B940-473D-A9CC-62428540DEC5}
		{03B30870-AB5F-4800-82C1-70FCD585EC19} = {3B2AD919-B940-473D-A9CC-62428540DEC5}
		{2A1E278A-4690-4D00-895D-206F21D8E0C5} = {3B2AD919-B940-473D-A9CC-62428540DEC5}
		{074D6AF8-98C2-436D-B60F-DA7CA01AB806} = {3B2AD919-B940-473D-A9CC-62428540DEC5}
		{DCCE6652-E7F7-4B4B-B07E-8C9B4FED2027} = {3B2AD919-B940-473D-A9CC-62428540DEC5}
		{D91E2DA4-157E-407D-9245-4C427D7F1A3A} = {3B2AD919-B940-473D-A9CC-62428540DEC5}
	EndGlobalSection
EndGlobal
